// !$*UTF8*$!
{
	archiveVersion = 1;
	classes = {
	};
	objectVersion = 46;
	objects = {

/* Begin PBXBuildFile section */
		002F39FA09D0881F00EBEB88 /* SDL.framework in Frameworks */ = {isa = PBXBuildFile; fileRef = 002F39F909D0881F00EBEB88 /* SDL.framework */; };
		002F3A0009D0884600EBEB88 /* SDL.framework in Copy Frameworks into .app bundle */ = {isa = PBXBuildFile; fileRef = 002F39F909D0881F00EBEB88 /* SDL.framework */; };
		002F3A2E09D0888800EBEB88 /* SDLMain.m in Sources */ = {isa = PBXBuildFile; fileRef = 002F3A2C09D0888800EBEB88 /* SDLMain.m */; };
		730CB37311B5B2AC009E1AEA /* SDL_mixer.framework in Copy Frameworks into .app bundle */ = {isa = PBXBuildFile; fileRef = 73ECAC9C11AF354A003B2C36 /* SDL_mixer.framework */; };
		73743C6D11B83D9E0023219C /* BaseView.cpp in Sources */ = {isa = PBXBuildFile; fileRef = 73743C6C11B83D9E0023219C /* BaseView.cpp */; };
		73743C8711B83E9C0023219C /* COPYING in Resources */ = {isa = PBXBuildFile; fileRef = 73743C8611B83E9C0023219C /* COPYING */; };
		73768FBB11B841CB00494C55 /* SDL_gfx.framework in Frameworks */ = {isa = PBXBuildFile; fileRef = 73768FBA11B841CB00494C55 /* SDL_gfx.framework */; };
		73ECAC9D11AF354A003B2C36 /* SDL_mixer.framework in Frameworks */ = {isa = PBXBuildFile; fileRef = 73ECAC9C11AF354A003B2C36 /* SDL_mixer.framework */; };
		73ECACE111AF3881003B2C36 /* AbandonGameState.cpp in Sources */ = {isa = PBXBuildFile; fileRef = 73ECACA711AF3880003B2C36 /* AbandonGameState.cpp */; };
		73ECACE211AF3881003B2C36 /* Bar.cpp in Sources */ = {isa = PBXBuildFile; fileRef = 73ECACA811AF3880003B2C36 /* Bar.cpp */; };
		73ECACE311AF3881003B2C36 /* Base.cpp in Sources */ = {isa = PBXBuildFile; fileRef = 73ECACA911AF3880003B2C36 /* Base.cpp */; };
		73ECACE411AF3881003B2C36 /* BaseFacility.cpp in Sources */ = {isa = PBXBuildFile; fileRef = 73ECACAA11AF3880003B2C36 /* BaseFacility.cpp */; };
		73ECACE511AF3881003B2C36 /* BaseInfoState.cpp in Sources */ = {isa = PBXBuildFile; fileRef = 73ECACAB11AF3880003B2C36 /* BaseInfoState.cpp */; };
		73ECACE611AF3881003B2C36 /* BasescapeState.cpp in Sources */ = {isa = PBXBuildFile; fileRef = 73ECACAC11AF3880003B2C36 /* BasescapeState.cpp */; };
		73ECACE711AF3881003B2C36 /* Button.cpp in Sources */ = {isa = PBXBuildFile; fileRef = 73ECACAD11AF3880003B2C36 /* Button.cpp */; };
		73ECACE811AF3881003B2C36 /* Country.cpp in Sources */ = {isa = PBXBuildFile; fileRef = 73ECACAE11AF3880003B2C36 /* Country.cpp */; };
		73ECACE911AF3881003B2C36 /* Craft.cpp in Sources */ = {isa = PBXBuildFile; fileRef = 73ECACAF11AF3880003B2C36 /* Craft.cpp */; };
		73ECACEA11AF3881003B2C36 /* CraftsState.cpp in Sources */ = {isa = PBXBuildFile; fileRef = 73ECACB011AF3880003B2C36 /* CraftsState.cpp */; };
		73ECACEB11AF3881003B2C36 /* Cursor.cpp in Sources */ = {isa = PBXBuildFile; fileRef = 73ECACB111AF3880003B2C36 /* Cursor.cpp */; };
		73ECACEC11AF3881003B2C36 /* CustomButton.cpp in Sources */ = {isa = PBXBuildFile; fileRef = 73ECACB211AF3880003B2C36 /* CustomButton.cpp */; };
		73ECACEE11AF3881003B2C36 /* Font.cpp in Sources */ = {isa = PBXBuildFile; fileRef = 73ECACB411AF3880003B2C36 /* Font.cpp */; };
		73ECACEF11AF3881003B2C36 /* FundingState.cpp in Sources */ = {isa = PBXBuildFile; fileRef = 73ECACB511AF3880003B2C36 /* FundingState.cpp */; };
		73ECACF011AF3881003B2C36 /* Game.cpp in Sources */ = {isa = PBXBuildFile; fileRef = 73ECACB611AF3880003B2C36 /* Game.cpp */; };
		73ECACF111AF3881003B2C36 /* GameTime.cpp in Sources */ = {isa = PBXBuildFile; fileRef = 73ECACB711AF3880003B2C36 /* GameTime.cpp */; };
		73ECACF211AF3881003B2C36 /* GeoscapeState.cpp in Sources */ = {isa = PBXBuildFile; fileRef = 73ECACB811AF3880003B2C36 /* GeoscapeState.cpp */; };
		73ECACF311AF3881003B2C36 /* Globe.cpp in Sources */ = {isa = PBXBuildFile; fileRef = 73ECACB911AF3880003B2C36 /* Globe.cpp */; };
		73ECACF411AF3881003B2C36 /* GraphsState.cpp in Sources */ = {isa = PBXBuildFile; fileRef = 73ECACBA11AF3880003B2C36 /* GraphsState.cpp */; };
		73ECACF511AF3881003B2C36 /* InteractiveSurface.cpp in Sources */ = {isa = PBXBuildFile; fileRef = 73ECACBB11AF3880003B2C36 /* InteractiveSurface.cpp */; };
		73ECACF611AF3881003B2C36 /* InterceptState.cpp in Sources */ = {isa = PBXBuildFile; fileRef = 73ECACBC11AF3880003B2C36 /* InterceptState.cpp */; };
		73ECACF711AF3881003B2C36 /* Language.cpp in Sources */ = {isa = PBXBuildFile; fileRef = 73ECACBD11AF3880003B2C36 /* Language.cpp */; };
		73ECACF811AF3881003B2C36 /* main.cpp in Sources */ = {isa = PBXBuildFile; fileRef = 73ECACBE11AF3880003B2C36 /* main.cpp */; };
		73ECACF911AF3881003B2C36 /* MainMenuState.cpp in Sources */ = {isa = PBXBuildFile; fileRef = 73ECACBF11AF3880003B2C36 /* MainMenuState.cpp */; };
		73ECACFB11AF3881003B2C36 /* ManufactureState.cpp in Sources */ = {isa = PBXBuildFile; fileRef = 73ECACC111AF3880003B2C36 /* ManufactureState.cpp */; };
		73ECACFC11AF3881003B2C36 /* MonthlyReportState.cpp in Sources */ = {isa = PBXBuildFile; fileRef = 73ECACC211AF3880003B2C36 /* MonthlyReportState.cpp */; };
		73ECACFD11AF3881003B2C36 /* Music.cpp in Sources */ = {isa = PBXBuildFile; fileRef = 73ECACC311AF3880003B2C36 /* Music.cpp */; };
		73ECACFE11AF3881003B2C36 /* NewGameState.cpp in Sources */ = {isa = PBXBuildFile; fileRef = 73ECACC411AF3880003B2C36 /* NewGameState.cpp */; };
		73ECACFF11AF3881003B2C36 /* OptionsState.cpp in Sources */ = {isa = PBXBuildFile; fileRef = 73ECACC511AF3880003B2C36 /* OptionsState.cpp */; };
		73ECAD0011AF3881003B2C36 /* Palette.cpp in Sources */ = {isa = PBXBuildFile; fileRef = 73ECACC611AF3880003B2C36 /* Palette.cpp */; };
		73ECAD0111AF3881003B2C36 /* Polygon.cpp in Sources */ = {isa = PBXBuildFile; fileRef = 73ECACC711AF3880003B2C36 /* Polygon.cpp */; };
		73ECAD0211AF3881003B2C36 /* PurchaseState.cpp in Sources */ = {isa = PBXBuildFile; fileRef = 73ECACC811AF3880003B2C36 /* PurchaseState.cpp */; };
		73ECAD0311AF3881003B2C36 /* ResearchState.cpp in Sources */ = {isa = PBXBuildFile; fileRef = 73ECACC911AF3880003B2C36 /* ResearchState.cpp */; };
		73ECAD0411AF3881003B2C36 /* ResourcePack.cpp in Sources */ = {isa = PBXBuildFile; fileRef = 73ECACCA11AF3880003B2C36 /* ResourcePack.cpp */; };
		73ECAD0511AF3881003B2C36 /* RuleBaseFacility.cpp in Sources */ = {isa = PBXBuildFile; fileRef = 73ECACCB11AF3880003B2C36 /* RuleBaseFacility.cpp */; };
		73ECAD0611AF3881003B2C36 /* RuleCraft.cpp in Sources */ = {isa = PBXBuildFile; fileRef = 73ECACCC11AF3880003B2C36 /* RuleCraft.cpp */; };
		73ECAD0711AF3881003B2C36 /* Ruleset.cpp in Sources */ = {isa = PBXBuildFile; fileRef = 73ECACCD11AF3880003B2C36 /* Ruleset.cpp */; };
		73ECAD0811AF3881003B2C36 /* SavedGame.cpp in Sources */ = {isa = PBXBuildFile; fileRef = 73ECACCE11AF3880003B2C36 /* SavedGame.cpp */; };
		73ECAD0911AF3881003B2C36 /* Screen.cpp in Sources */ = {isa = PBXBuildFile; fileRef = 73ECACCF11AF3880003B2C36 /* Screen.cpp */; };
		73ECAD0A11AF3881003B2C36 /* SellState.cpp in Sources */ = {isa = PBXBuildFile; fileRef = 73ECACD011AF3880003B2C36 /* SellState.cpp */; };
		73ECAD0B11AF3881003B2C36 /* Soldier.cpp in Sources */ = {isa = PBXBuildFile; fileRef = 73ECACD111AF3880003B2C36 /* Soldier.cpp */; };
		73ECAD0C11AF3881003B2C36 /* SoldierInfoState.cpp in Sources */ = {isa = PBXBuildFile; fileRef = 73ECACD211AF3880003B2C36 /* SoldierInfoState.cpp */; };
		73ECAD0D11AF3881003B2C36 /* SoldierNamePool.cpp in Sources */ = {isa = PBXBuildFile; fileRef = 73ECACD311AF3880003B2C36 /* SoldierNamePool.cpp */; };
		73ECAD0E11AF3881003B2C36 /* SoldiersState.cpp in Sources */ = {isa = PBXBuildFile; fileRef = 73ECACD411AF3880003B2C36 /* SoldiersState.cpp */; };
		73ECAD0F11AF3881003B2C36 /* StartState.cpp in Sources */ = {isa = PBXBuildFile; fileRef = 73ECACD511AF3880003B2C36 /* StartState.cpp */; };
		73ECAD1011AF3881003B2C36 /* State.cpp in Sources */ = {isa = PBXBuildFile; fileRef = 73ECACD611AF3880003B2C36 /* State.cpp */; };
		73ECAD1111AF3881003B2C36 /* Surface.cpp in Sources */ = {isa = PBXBuildFile; fileRef = 73ECACD711AF3880003B2C36 /* Surface.cpp */; };
		73ECAD1211AF3881003B2C36 /* SurfaceSet.cpp in Sources */ = {isa = PBXBuildFile; fileRef = 73ECACD811AF3880003B2C36 /* SurfaceSet.cpp */; };
		73ECAD1311AF3881003B2C36 /* TestState.cpp in Sources */ = {isa = PBXBuildFile; fileRef = 73ECACD911AF3880003B2C36 /* TestState.cpp */; };
		73ECAD1411AF3881003B2C36 /* Text.cpp in Sources */ = {isa = PBXBuildFile; fileRef = 73ECACDA11AF3880003B2C36 /* Text.cpp */; };
		73ECAD1511AF3881003B2C36 /* TextEdit.cpp in Sources */ = {isa = PBXBuildFile; fileRef = 73ECACDB11AF3880003B2C36 /* TextEdit.cpp */; };
		73ECAD1611AF3881003B2C36 /* TextList.cpp in Sources */ = {isa = PBXBuildFile; fileRef = 73ECACDC11AF3880003B2C36 /* TextList.cpp */; };
		73ECAD1711AF3881003B2C36 /* Timer.cpp in Sources */ = {isa = PBXBuildFile; fileRef = 73ECACDD11AF3880003B2C36 /* Timer.cpp */; };
		73ECAD1811AF3881003B2C36 /* Window.cpp in Sources */ = {isa = PBXBuildFile; fileRef = 73ECACDE11AF3880003B2C36 /* Window.cpp */; };
		73ECAD1911AF3881003B2C36 /* XcomResourcePack.cpp in Sources */ = {isa = PBXBuildFile; fileRef = 73ECACDF11AF3880003B2C36 /* XcomResourcePack.cpp */; };
		73ECAD1A11AF3881003B2C36 /* XcomRuleset.cpp in Sources */ = {isa = PBXBuildFile; fileRef = 73ECACE011AF3880003B2C36 /* XcomRuleset.cpp */; };
		8D11072B0486CEB800E47090 /* InfoPlist.strings in Resources */ = {isa = PBXBuildFile; fileRef = 089C165CFE840E0CC02AAC07 /* InfoPlist.strings */; };
		8D11072F0486CEB800E47090 /* Cocoa.framework in Frameworks */ = {isa = PBXBuildFile; fileRef = 1058C7A1FEA54F0111CA2CBB /* Cocoa.framework */; };
/* End PBXBuildFile section */

/* Begin PBXCopyFilesBuildPhase section */
		002F39FD09D0883400EBEB88 /* Copy Frameworks into .app bundle */ = {
			isa = PBXCopyFilesBuildPhase;
			buildActionMask = 2147483647;
			dstPath = "";
			dstSubfolderSpec = 10;
			files = (
				730CB37311B5B2AC009E1AEA /* SDL_mixer.framework in Copy Frameworks into .app bundle */,
				002F3A0009D0884600EBEB88 /* SDL.framework in Copy Frameworks into .app bundle */,
			);
			name = "Copy Frameworks into .app bundle";
			runOnlyForDeploymentPostprocessing = 0;
		};
/* End PBXCopyFilesBuildPhase section */

/* Begin PBXFileReference section */
		002F39F909D0881F00EBEB88 /* SDL.framework */ = {isa = PBXFileReference; lastKnownFileType = wrapper.framework; name = SDL.framework; path = /Library/Frameworks/SDL.framework; sourceTree = "<absolute>"; };
		002F3A2B09D0888800EBEB88 /* SDLMain.h */ = {isa = PBXFileReference; fileEncoding = 30; lastKnownFileType = sourcecode.c.h; path = SDLMain.h; sourceTree = SOURCE_ROOT; };
		002F3A2C09D0888800EBEB88 /* SDLMain.m */ = {isa = PBXFileReference; fileEncoding = 30; lastKnownFileType = sourcecode.c.objc; path = SDLMain.m; sourceTree = SOURCE_ROOT; };
		089C165DFE840E0CC02AAC07 /* English */ = {isa = PBXFileReference; fileEncoding = 10; lastKnownFileType = text.plist.strings; name = English; path = English.lproj/InfoPlist.strings; sourceTree = "<group>"; };
		1058C7A1FEA54F0111CA2CBB /* Cocoa.framework */ = {isa = PBXFileReference; lastKnownFileType = wrapper.framework; name = Cocoa.framework; path = /System/Library/Frameworks/Cocoa.framework; sourceTree = "<absolute>"; };
		29B97324FDCFA39411CA2CEA /* AppKit.framework */ = {isa = PBXFileReference; lastKnownFileType = wrapper.framework; name = AppKit.framework; path = /System/Library/Frameworks/AppKit.framework; sourceTree = "<absolute>"; };
		29B97325FDCFA39411CA2CEA /* Foundation.framework */ = {isa = PBXFileReference; lastKnownFileType = wrapper.framework; name = Foundation.framework; path = /System/Library/Frameworks/Foundation.framework; sourceTree = "<absolute>"; };
		32CA4F630368D1EE00C91783 /* OpenXcom_Prefix.pch */ = {isa = PBXFileReference; fileEncoding = 4; lastKnownFileType = sourcecode.c.h; path = OpenXcom_Prefix.pch; sourceTree = "<group>"; };
		73743C6C11B83D9E0023219C /* BaseView.cpp */ = {isa = PBXFileReference; fileEncoding = 4; lastKnownFileType = sourcecode.cpp.cpp; path = BaseView.cpp; sourceTree = "<group>"; };
		73743C7F11B83E690023219C /* AbandonGameState.h */ = {isa = PBXFileReference; fileEncoding = 4; lastKnownFileType = sourcecode.c.h; path = AbandonGameState.h; sourceTree = "<group>"; };
		73743C8011B83E690023219C /* Bar.h */ = {isa = PBXFileReference; fileEncoding = 4; lastKnownFileType = sourcecode.c.h; path = Bar.h; sourceTree = "<group>"; };
		73743C8111B83E690023219C /* Base.h */ = {isa = PBXFileReference; fileEncoding = 4; lastKnownFileType = sourcecode.c.h; path = Base.h; sourceTree = "<group>"; };
		73743C8211B83E690023219C /* BaseFacility.h */ = {isa = PBXFileReference; fileEncoding = 4; lastKnownFileType = sourcecode.c.h; path = BaseFacility.h; sourceTree = "<group>"; };
		73743C8311B83E690023219C /* BaseInfoState.h */ = {isa = PBXFileReference; fileEncoding = 4; lastKnownFileType = sourcecode.c.h; path = BaseInfoState.h; sourceTree = "<group>"; };
		73743C8411B83E690023219C /* BasescapeState.h */ = {isa = PBXFileReference; fileEncoding = 4; lastKnownFileType = sourcecode.c.h; path = BasescapeState.h; sourceTree = "<group>"; };
		73743C8511B83E690023219C /* BaseView.h */ = {isa = PBXFileReference; fileEncoding = 4; lastKnownFileType = sourcecode.c.h; path = BaseView.h; sourceTree = "<group>"; };
		73743C8611B83E9C0023219C /* COPYING */ = {isa = PBXFileReference; fileEncoding = 4; lastKnownFileType = text; path = COPYING; sourceTree = "<group>"; };
		73768F6211B8414F00494C55 /* Button.h */ = {isa = PBXFileReference; fileEncoding = 4; lastKnownFileType = sourcecode.c.h; path = Button.h; sourceTree = "<group>"; };
		73768F6311B8414F00494C55 /* Country.h */ = {isa = PBXFileReference; fileEncoding = 4; lastKnownFileType = sourcecode.c.h; path = Country.h; sourceTree = "<group>"; };
		73768F6411B8414F00494C55 /* Craft.h */ = {isa = PBXFileReference; fileEncoding = 4; lastKnownFileType = sourcecode.c.h; path = Craft.h; sourceTree = "<group>"; };
		73768F6511B8414F00494C55 /* CraftsState.h */ = {isa = PBXFileReference; fileEncoding = 4; lastKnownFileType = sourcecode.c.h; path = CraftsState.h; sourceTree = "<group>"; };
		73768F6611B8414F00494C55 /* Cursor.h */ = {isa = PBXFileReference; fileEncoding = 4; lastKnownFileType = sourcecode.c.h; path = Cursor.h; sourceTree = "<group>"; };
		73768F6711B8414F00494C55 /* CustomButton.h */ = {isa = PBXFileReference; fileEncoding = 4; lastKnownFileType = sourcecode.c.h; path = CustomButton.h; sourceTree = "<group>"; };
		73768F6811B8416B00494C55 /* Font.h */ = {isa = PBXFileReference; fileEncoding = 4; lastKnownFileType = sourcecode.c.h; path = Font.h; sourceTree = "<group>"; };
		73768F6911B8416B00494C55 /* FundingState.h */ = {isa = PBXFileReference; fileEncoding = 4; lastKnownFileType = sourcecode.c.h; path = FundingState.h; sourceTree = "<group>"; };
		73768F6A11B8416B00494C55 /* Game.h */ = {isa = PBXFileReference; fileEncoding = 4; lastKnownFileType = sourcecode.c.h; path = Game.h; sourceTree = "<group>"; };
		73768F6B11B8416B00494C55 /* GameTime.h */ = {isa = PBXFileReference; fileEncoding = 4; lastKnownFileType = sourcecode.c.h; path = GameTime.h; sourceTree = "<group>"; };
		73768F6C11B8416B00494C55 /* GeoscapeState.h */ = {isa = PBXFileReference; fileEncoding = 4; lastKnownFileType = sourcecode.c.h; path = GeoscapeState.h; sourceTree = "<group>"; };
		73768F6D11B8416B00494C55 /* Globe.h */ = {isa = PBXFileReference; fileEncoding = 4; lastKnownFileType = sourcecode.c.h; path = Globe.h; sourceTree = "<group>"; };
		73768F6E11B8416B00494C55 /* GraphsState.h */ = {isa = PBXFileReference; fileEncoding = 4; lastKnownFileType = sourcecode.c.h; path = GraphsState.h; sourceTree = "<group>"; };
		73768F6F11B8416B00494C55 /* InterceptState.h */ = {isa = PBXFileReference; fileEncoding = 4; lastKnownFileType = sourcecode.c.h; path = InterceptState.h; sourceTree = "<group>"; };
		73768F7011B8416B00494C55 /* LangString.h */ = {isa = PBXFileReference; fileEncoding = 4; lastKnownFileType = sourcecode.c.h; path = LangString.h; sourceTree = "<group>"; };
		73768F7111B8416B00494C55 /* Language.h */ = {isa = PBXFileReference; fileEncoding = 4; lastKnownFileType = sourcecode.c.h; path = Language.h; sourceTree = "<group>"; };
		73768F7211B8416B00494C55 /* MainMenuState.h */ = {isa = PBXFileReference; fileEncoding = 4; lastKnownFileType = sourcecode.c.h; path = MainMenuState.h; sourceTree = "<group>"; };
		73768F7411B8416B00494C55 /* ManufactureState.h */ = {isa = PBXFileReference; fileEncoding = 4; lastKnownFileType = sourcecode.c.h; path = ManufactureState.h; sourceTree = "<group>"; };
		73768F7511B8416B00494C55 /* MonthlyReportState.h */ = {isa = PBXFileReference; fileEncoding = 4; lastKnownFileType = sourcecode.c.h; path = MonthlyReportState.h; sourceTree = "<group>"; };
		73768F7611B8416B00494C55 /* Music.h */ = {isa = PBXFileReference; fileEncoding = 4; lastKnownFileType = sourcecode.c.h; path = Music.h; sourceTree = "<group>"; };
		73768F7711B8416B00494C55 /* NewGameState.h */ = {isa = PBXFileReference; fileEncoding = 4; lastKnownFileType = sourcecode.c.h; path = NewGameState.h; sourceTree = "<group>"; };
		73768F7911B8418B00494C55 /* OptionsState.h */ = {isa = PBXFileReference; fileEncoding = 4; lastKnownFileType = sourcecode.c.h; path = OptionsState.h; sourceTree = "<group>"; };
		73768F7A11B8418B00494C55 /* Palette.h */ = {isa = PBXFileReference; fileEncoding = 4; lastKnownFileType = sourcecode.c.h; path = Palette.h; sourceTree = "<group>"; };
		73768F7B11B8418B00494C55 /* Polygon.h */ = {isa = PBXFileReference; fileEncoding = 4; lastKnownFileType = sourcecode.c.h; path = Polygon.h; sourceTree = "<group>"; };
		73768F7C11B8418B00494C55 /* PurchaseState.h */ = {isa = PBXFileReference; fileEncoding = 4; lastKnownFileType = sourcecode.c.h; path = PurchaseState.h; sourceTree = "<group>"; };
		73768F7E11B8418B00494C55 /* ResearchState.h */ = {isa = PBXFileReference; fileEncoding = 4; lastKnownFileType = sourcecode.c.h; path = ResearchState.h; sourceTree = "<group>"; };
		73768F7F11B8418B00494C55 /* ResourcePack.h */ = {isa = PBXFileReference; fileEncoding = 4; lastKnownFileType = sourcecode.c.h; path = ResourcePack.h; sourceTree = "<group>"; };
		73768F8011B8418B00494C55 /* RuleBaseFacility.h */ = {isa = PBXFileReference; fileEncoding = 4; lastKnownFileType = sourcecode.c.h; path = RuleBaseFacility.h; sourceTree = "<group>"; };
		73768F8111B8418B00494C55 /* RuleCraft.h */ = {isa = PBXFileReference; fileEncoding = 4; lastKnownFileType = sourcecode.c.h; path = RuleCraft.h; sourceTree = "<group>"; };
		73768F8211B8418B00494C55 /* Ruleset.h */ = {isa = PBXFileReference; fileEncoding = 4; lastKnownFileType = sourcecode.c.h; path = Ruleset.h; sourceTree = "<group>"; };
		73768F8311B8418B00494C55 /* SavedGame.h */ = {isa = PBXFileReference; fileEncoding = 4; lastKnownFileType = sourcecode.c.h; path = SavedGame.h; sourceTree = "<group>"; };
		73768F8411B8418B00494C55 /* Screen.h */ = {isa = PBXFileReference; fileEncoding = 4; lastKnownFileType = sourcecode.c.h; path = Screen.h; sourceTree = "<group>"; };
		73768F8511B8418B00494C55 /* SellState.h */ = {isa = PBXFileReference; fileEncoding = 4; lastKnownFileType = sourcecode.c.h; path = SellState.h; sourceTree = "<group>"; };
		73768F8611B8418B00494C55 /* Soldier.h */ = {isa = PBXFileReference; fileEncoding = 4; lastKnownFileType = sourcecode.c.h; path = Soldier.h; sourceTree = "<group>"; };
		73768F8711B8418B00494C55 /* SoldierInfoState.h */ = {isa = PBXFileReference; fileEncoding = 4; lastKnownFileType = sourcecode.c.h; path = SoldierInfoState.h; sourceTree = "<group>"; };
		73768F8811B8418B00494C55 /* SoldierNamePool.h */ = {isa = PBXFileReference; fileEncoding = 4; lastKnownFileType = sourcecode.c.h; path = SoldierNamePool.h; sourceTree = "<group>"; };
		73768F8911B8418B00494C55 /* SoldiersState.h */ = {isa = PBXFileReference; fileEncoding = 4; lastKnownFileType = sourcecode.c.h; path = SoldiersState.h; sourceTree = "<group>"; };
		73768F8A11B8418B00494C55 /* StartState.h */ = {isa = PBXFileReference; fileEncoding = 4; lastKnownFileType = sourcecode.c.h; path = StartState.h; sourceTree = "<group>"; };
		73768F8B11B8418B00494C55 /* State_Interactive.h */ = {isa = PBXFileReference; fileEncoding = 4; lastKnownFileType = sourcecode.c.h; path = State_Interactive.h; sourceTree = "<group>"; };
		73768F8C11B8418B00494C55 /* Surface.h */ = {isa = PBXFileReference; fileEncoding = 4; lastKnownFileType = sourcecode.c.h; path = Surface.h; sourceTree = "<group>"; };
		73768F8D11B8418B00494C55 /* SurfaceSet.h */ = {isa = PBXFileReference; fileEncoding = 4; lastKnownFileType = sourcecode.c.h; path = SurfaceSet.h; sourceTree = "<group>"; };
		73768F8E11B8418B00494C55 /* TestState.h */ = {isa = PBXFileReference; fileEncoding = 4; lastKnownFileType = sourcecode.c.h; path = TestState.h; sourceTree = "<group>"; };
		73768F8F11B8418B00494C55 /* Text.h */ = {isa = PBXFileReference; fileEncoding = 4; lastKnownFileType = sourcecode.c.h; path = Text.h; sourceTree = "<group>"; };
		73768F9011B8418B00494C55 /* TextEdit.h */ = {isa = PBXFileReference; fileEncoding = 4; lastKnownFileType = sourcecode.c.h; path = TextEdit.h; sourceTree = "<group>"; };
		73768F9111B8418B00494C55 /* TextList.h */ = {isa = PBXFileReference; fileEncoding = 4; lastKnownFileType = sourcecode.c.h; path = TextList.h; sourceTree = "<group>"; };
		73768F9211B8418B00494C55 /* Timer.h */ = {isa = PBXFileReference; fileEncoding = 4; lastKnownFileType = sourcecode.c.h; path = Timer.h; sourceTree = "<group>"; };
		73768F9311B8418B00494C55 /* Window.h */ = {isa = PBXFileReference; fileEncoding = 4; lastKnownFileType = sourcecode.c.h; path = Window.h; sourceTree = "<group>"; };
		73768F9411B8418B00494C55 /* XcomResourcePack.h */ = {isa = PBXFileReference; fileEncoding = 4; lastKnownFileType = sourcecode.c.h; path = XcomResourcePack.h; sourceTree = "<group>"; };
		73768F9511B8418B00494C55 /* XcomRuleset.h */ = {isa = PBXFileReference; fileEncoding = 4; lastKnownFileType = sourcecode.c.h; path = XcomRuleset.h; sourceTree = "<group>"; };
		73768FBA11B841CB00494C55 /* SDL_gfx.framework */ = {isa = PBXFileReference; lastKnownFileType = wrapper.framework; name = SDL_gfx.framework; path = /Library/Frameworks/SDL_gfx.framework; sourceTree = "<absolute>"; };
		73ECAC9C11AF354A003B2C36 /* SDL_mixer.framework */ = {isa = PBXFileReference; lastKnownFileType = wrapper.framework; name = SDL_mixer.framework; path = Library/Frameworks/SDL_mixer.framework; sourceTree = SDKROOT; };
		73ECACA711AF3880003B2C36 /* AbandonGameState.cpp */ = {isa = PBXFileReference; fileEncoding = 4; lastKnownFileType = sourcecode.cpp.cpp; path = AbandonGameState.cpp; sourceTree = "<group>"; };
		73ECACA811AF3880003B2C36 /* Bar.cpp */ = {isa = PBXFileReference; fileEncoding = 4; lastKnownFileType = sourcecode.cpp.cpp; path = Bar.cpp; sourceTree = "<group>"; };
		73ECACA911AF3880003B2C36 /* Base.cpp */ = {isa = PBXFileReference; fileEncoding = 4; lastKnownFileType = sourcecode.cpp.cpp; path = Base.cpp; sourceTree = "<group>"; };
		73ECACAA11AF3880003B2C36 /* BaseFacility.cpp */ = {isa = PBXFileReference; fileEncoding = 4; lastKnownFileType = sourcecode.cpp.cpp; path = BaseFacility.cpp; sourceTree = "<group>"; };
		73ECACAB11AF3880003B2C36 /* BaseInfoState.cpp */ = {isa = PBXFileReference; fileEncoding = 4; lastKnownFileType = sourcecode.cpp.cpp; path = BaseInfoState.cpp; sourceTree = "<group>"; };
		73ECACAC11AF3880003B2C36 /* BasescapeState.cpp */ = {isa = PBXFileReference; fileEncoding = 4; lastKnownFileType = sourcecode.cpp.cpp; path = BasescapeState.cpp; sourceTree = "<group>"; };
		73ECACAD11AF3880003B2C36 /* Button.cpp */ = {isa = PBXFileReference; fileEncoding = 4; lastKnownFileType = sourcecode.cpp.cpp; path = Button.cpp; sourceTree = "<group>"; };
		73ECACAE11AF3880003B2C36 /* Country.cpp */ = {isa = PBXFileReference; fileEncoding = 4; lastKnownFileType = sourcecode.cpp.cpp; path = Country.cpp; sourceTree = "<group>"; };
		73ECACAF11AF3880003B2C36 /* Craft.cpp */ = {isa = PBXFileReference; fileEncoding = 4; lastKnownFileType = sourcecode.cpp.cpp; path = Craft.cpp; sourceTree = "<group>"; };
		73ECACB011AF3880003B2C36 /* CraftsState.cpp */ = {isa = PBXFileReference; fileEncoding = 4; lastKnownFileType = sourcecode.cpp.cpp; path = CraftsState.cpp; sourceTree = "<group>"; };
		73ECACB111AF3880003B2C36 /* Cursor.cpp */ = {isa = PBXFileReference; fileEncoding = 4; lastKnownFileType = sourcecode.cpp.cpp; path = Cursor.cpp; sourceTree = "<group>"; };
		73ECACB211AF3880003B2C36 /* CustomButton.cpp */ = {isa = PBXFileReference; fileEncoding = 4; lastKnownFileType = sourcecode.cpp.cpp; path = CustomButton.cpp; sourceTree = "<group>"; };
		73ECACB411AF3880003B2C36 /* Font.cpp */ = {isa = PBXFileReference; fileEncoding = 4; lastKnownFileType = sourcecode.cpp.cpp; path = Font.cpp; sourceTree = "<group>"; };
		73ECACB511AF3880003B2C36 /* FundingState.cpp */ = {isa = PBXFileReference; fileEncoding = 4; lastKnownFileType = sourcecode.cpp.cpp; path = FundingState.cpp; sourceTree = "<group>"; };
		73ECACB611AF3880003B2C36 /* Game.cpp */ = {isa = PBXFileReference; fileEncoding = 4; lastKnownFileType = sourcecode.cpp.cpp; path = Game.cpp; sourceTree = "<group>"; };
		73ECACB711AF3880003B2C36 /* GameTime.cpp */ = {isa = PBXFileReference; fileEncoding = 4; lastKnownFileType = sourcecode.cpp.cpp; path = GameTime.cpp; sourceTree = "<group>"; };
		73ECACB811AF3880003B2C36 /* GeoscapeState.cpp */ = {isa = PBXFileReference; fileEncoding = 4; lastKnownFileType = sourcecode.cpp.cpp; path = GeoscapeState.cpp; sourceTree = "<group>"; };
		73ECACB911AF3880003B2C36 /* Globe.cpp */ = {isa = PBXFileReference; fileEncoding = 4; lastKnownFileType = sourcecode.cpp.cpp; path = Globe.cpp; sourceTree = "<group>"; };
		73ECACBA11AF3880003B2C36 /* GraphsState.cpp */ = {isa = PBXFileReference; fileEncoding = 4; lastKnownFileType = sourcecode.cpp.cpp; path = GraphsState.cpp; sourceTree = "<group>"; };
		73ECACBB11AF3880003B2C36 /* InteractiveSurface.cpp */ = {isa = PBXFileReference; fileEncoding = 4; lastKnownFileType = sourcecode.cpp.cpp; path = InteractiveSurface.cpp; sourceTree = "<group>"; };
		73ECACBC11AF3880003B2C36 /* InterceptState.cpp */ = {isa = PBXFileReference; fileEncoding = 4; lastKnownFileType = sourcecode.cpp.cpp; path = InterceptState.cpp; sourceTree = "<group>"; };
		73ECACBD11AF3880003B2C36 /* Language.cpp */ = {isa = PBXFileReference; fileEncoding = 4; lastKnownFileType = sourcecode.cpp.cpp; path = Language.cpp; sourceTree = "<group>"; };
		73ECACBE11AF3880003B2C36 /* main.cpp */ = {isa = PBXFileReference; fileEncoding = 4; lastKnownFileType = sourcecode.cpp.cpp; path = main.cpp; sourceTree = "<group>"; };
		73ECACBF11AF3880003B2C36 /* MainMenuState.cpp */ = {isa = PBXFileReference; fileEncoding = 4; lastKnownFileType = sourcecode.cpp.cpp; path = MainMenuState.cpp; sourceTree = "<group>"; };
		73ECACC111AF3880003B2C36 /* ManufactureState.cpp */ = {isa = PBXFileReference; fileEncoding = 4; lastKnownFileType = sourcecode.cpp.cpp; path = ManufactureState.cpp; sourceTree = "<group>"; };
		73ECACC211AF3880003B2C36 /* MonthlyReportState.cpp */ = {isa = PBXFileReference; fileEncoding = 4; lastKnownFileType = sourcecode.cpp.cpp; path = MonthlyReportState.cpp; sourceTree = "<group>"; };
		73ECACC311AF3880003B2C36 /* Music.cpp */ = {isa = PBXFileReference; fileEncoding = 4; lastKnownFileType = sourcecode.cpp.cpp; path = Music.cpp; sourceTree = "<group>"; };
		73ECACC411AF3880003B2C36 /* NewGameState.cpp */ = {isa = PBXFileReference; fileEncoding = 4; lastKnownFileType = sourcecode.cpp.cpp; path = NewGameState.cpp; sourceTree = "<group>"; };
		73ECACC511AF3880003B2C36 /* OptionsState.cpp */ = {isa = PBXFileReference; fileEncoding = 4; lastKnownFileType = sourcecode.cpp.cpp; path = OptionsState.cpp; sourceTree = "<group>"; };
		73ECACC611AF3880003B2C36 /* Palette.cpp */ = {isa = PBXFileReference; fileEncoding = 4; lastKnownFileType = sourcecode.cpp.cpp; path = Palette.cpp; sourceTree = "<group>"; };
		73ECACC711AF3880003B2C36 /* Polygon.cpp */ = {isa = PBXFileReference; fileEncoding = 4; lastKnownFileType = sourcecode.cpp.cpp; path = Polygon.cpp; sourceTree = "<group>"; };
		73ECACC811AF3880003B2C36 /* PurchaseState.cpp */ = {isa = PBXFileReference; fileEncoding = 4; lastKnownFileType = sourcecode.cpp.cpp; path = PurchaseState.cpp; sourceTree = "<group>"; };
		73ECACC911AF3880003B2C36 /* ResearchState.cpp */ = {isa = PBXFileReference; fileEncoding = 4; lastKnownFileType = sourcecode.cpp.cpp; path = ResearchState.cpp; sourceTree = "<group>"; };
		73ECACCA11AF3880003B2C36 /* ResourcePack.cpp */ = {isa = PBXFileReference; fileEncoding = 4; lastKnownFileType = sourcecode.cpp.cpp; path = ResourcePack.cpp; sourceTree = "<group>"; };
		73ECACCB11AF3880003B2C36 /* RuleBaseFacility.cpp */ = {isa = PBXFileReference; fileEncoding = 4; lastKnownFileType = sourcecode.cpp.cpp; path = RuleBaseFacility.cpp; sourceTree = "<group>"; };
		73ECACCC11AF3880003B2C36 /* RuleCraft.cpp */ = {isa = PBXFileReference; fileEncoding = 4; lastKnownFileType = sourcecode.cpp.cpp; path = RuleCraft.cpp; sourceTree = "<group>"; };
		73ECACCD11AF3880003B2C36 /* Ruleset.cpp */ = {isa = PBXFileReference; fileEncoding = 4; lastKnownFileType = sourcecode.cpp.cpp; path = Ruleset.cpp; sourceTree = "<group>"; };
		73ECACCE11AF3880003B2C36 /* SavedGame.cpp */ = {isa = PBXFileReference; fileEncoding = 4; lastKnownFileType = sourcecode.cpp.cpp; path = SavedGame.cpp; sourceTree = "<group>"; };
		73ECACCF11AF3880003B2C36 /* Screen.cpp */ = {isa = PBXFileReference; fileEncoding = 4; lastKnownFileType = sourcecode.cpp.cpp; path = Screen.cpp; sourceTree = "<group>"; };
		73ECACD011AF3880003B2C36 /* SellState.cpp */ = {isa = PBXFileReference; fileEncoding = 4; lastKnownFileType = sourcecode.cpp.cpp; path = SellState.cpp; sourceTree = "<group>"; };
		73ECACD111AF3880003B2C36 /* Soldier.cpp */ = {isa = PBXFileReference; fileEncoding = 4; lastKnownFileType = sourcecode.cpp.cpp; path = Soldier.cpp; sourceTree = "<group>"; };
		73ECACD211AF3880003B2C36 /* SoldierInfoState.cpp */ = {isa = PBXFileReference; fileEncoding = 4; lastKnownFileType = sourcecode.cpp.cpp; path = SoldierInfoState.cpp; sourceTree = "<group>"; };
		73ECACD311AF3880003B2C36 /* SoldierNamePool.cpp */ = {isa = PBXFileReference; fileEncoding = 4; lastKnownFileType = sourcecode.cpp.cpp; path = SoldierNamePool.cpp; sourceTree = "<group>"; };
		73ECACD411AF3880003B2C36 /* SoldiersState.cpp */ = {isa = PBXFileReference; fileEncoding = 4; lastKnownFileType = sourcecode.cpp.cpp; path = SoldiersState.cpp; sourceTree = "<group>"; };
		73ECACD511AF3880003B2C36 /* StartState.cpp */ = {isa = PBXFileReference; fileEncoding = 4; lastKnownFileType = sourcecode.cpp.cpp; path = StartState.cpp; sourceTree = "<group>"; };
		73ECACD611AF3880003B2C36 /* State.cpp */ = {isa = PBXFileReference; fileEncoding = 4; lastKnownFileType = sourcecode.cpp.cpp; path = State.cpp; sourceTree = "<group>"; };
		73ECACD711AF3880003B2C36 /* Surface.cpp */ = {isa = PBXFileReference; fileEncoding = 4; lastKnownFileType = sourcecode.cpp.cpp; path = Surface.cpp; sourceTree = "<group>"; };
		73ECACD811AF3880003B2C36 /* SurfaceSet.cpp */ = {isa = PBXFileReference; fileEncoding = 4; lastKnownFileType = sourcecode.cpp.cpp; path = SurfaceSet.cpp; sourceTree = "<group>"; };
		73ECACD911AF3880003B2C36 /* TestState.cpp */ = {isa = PBXFileReference; fileEncoding = 4; lastKnownFileType = sourcecode.cpp.cpp; path = TestState.cpp; sourceTree = "<group>"; };
		73ECACDA11AF3880003B2C36 /* Text.cpp */ = {isa = PBXFileReference; fileEncoding = 4; lastKnownFileType = sourcecode.cpp.cpp; path = Text.cpp; sourceTree = "<group>"; };
		73ECACDB11AF3880003B2C36 /* TextEdit.cpp */ = {isa = PBXFileReference; fileEncoding = 4; lastKnownFileType = sourcecode.cpp.cpp; path = TextEdit.cpp; sourceTree = "<group>"; };
		73ECACDC11AF3880003B2C36 /* TextList.cpp */ = {isa = PBXFileReference; fileEncoding = 4; lastKnownFileType = sourcecode.cpp.cpp; path = TextList.cpp; sourceTree = "<group>"; };
		73ECACDD11AF3880003B2C36 /* Timer.cpp */ = {isa = PBXFileReference; fileEncoding = 4; lastKnownFileType = sourcecode.cpp.cpp; path = Timer.cpp; sourceTree = "<group>"; };
		73ECACDE11AF3880003B2C36 /* Window.cpp */ = {isa = PBXFileReference; fileEncoding = 4; lastKnownFileType = sourcecode.cpp.cpp; path = Window.cpp; sourceTree = "<group>"; };
		73ECACDF11AF3880003B2C36 /* XcomResourcePack.cpp */ = {isa = PBXFileReference; fileEncoding = 4; lastKnownFileType = sourcecode.cpp.cpp; path = XcomResourcePack.cpp; sourceTree = "<group>"; };
		73ECACE011AF3880003B2C36 /* XcomRuleset.cpp */ = {isa = PBXFileReference; fileEncoding = 4; lastKnownFileType = sourcecode.cpp.cpp; path = XcomRuleset.cpp; sourceTree = "<group>"; };
		8D1107310486CEB800E47090 /* Info.plist */ = {isa = PBXFileReference; fileEncoding = 4; lastKnownFileType = text.plist; path = Info.plist; sourceTree = "<group>"; };
		8D1107320486CEB800E47090 /* OpenXcom.app */ = {isa = PBXFileReference; explicitFileType = wrapper.application; includeInIndex = 0; path = OpenXcom.app; sourceTree = BUILT_PRODUCTS_DIR; };
/* End PBXFileReference section */

/* Begin PBXFrameworksBuildPhase section */
		8D11072E0486CEB800E47090 /* Frameworks */ = {
			isa = PBXFrameworksBuildPhase;
			buildActionMask = 2147483647;
			files = (
				002F39FA09D0881F00EBEB88 /* SDL.framework in Frameworks */,
				8D11072F0486CEB800E47090 /* Cocoa.framework in Frameworks */,
				73ECAC9D11AF354A003B2C36 /* SDL_mixer.framework in Frameworks */,
				73768FBB11B841CB00494C55 /* SDL_gfx.framework in Frameworks */,
			);
			runOnlyForDeploymentPostprocessing = 0;
		};
/* End PBXFrameworksBuildPhase section */

/* Begin PBXGroup section */
		080E96DDFE201D6D7F000001 /* Classes */ = {
			isa = PBXGroup;
			children = (
				002F3A2B09D0888800EBEB88 /* SDLMain.h */,
				002F3A2C09D0888800EBEB88 /* SDLMain.m */,
			);
			name = Classes;
			sourceTree = "<group>";
		};
		1058C7A0FEA54F0111CA2CBB /* Linked Frameworks */ = {
			isa = PBXGroup;
			children = (
				002F39F909D0881F00EBEB88 /* SDL.framework */,
				1058C7A1FEA54F0111CA2CBB /* Cocoa.framework */,
				73ECAC9C11AF354A003B2C36 /* SDL_mixer.framework */,
				73768FBA11B841CB00494C55 /* SDL_gfx.framework */,
			);
			name = "Linked Frameworks";
			sourceTree = "<group>";
		};
		1058C7A2FEA54F0111CA2CBB /* Other Frameworks */ = {
			isa = PBXGroup;
			children = (
				29B97324FDCFA39411CA2CEA /* AppKit.framework */,
				29B97325FDCFA39411CA2CEA /* Foundation.framework */,
			);
			name = "Other Frameworks";
			sourceTree = "<group>";
		};
		19C28FACFE9D520D11CA2CBB /* Products */ = {
			isa = PBXGroup;
			children = (
				8D1107320486CEB800E47090 /* OpenXcom.app */,
			);
			name = Products;
			sourceTree = "<group>";
		};
		29B97314FDCFA39411CA2CEA /* OpenXcom */ = {
			isa = PBXGroup;
			children = (
				73743C7E11B83DF50023219C /* Headers */,
				73743C7D11B83DEC0023219C /* Sources */,
				080E96DDFE201D6D7F000001 /* Classes */,
				29B97315FDCFA39411CA2CEA /* Other Sources */,
				29B97317FDCFA39411CA2CEA /* Resources */,
				29B97323FDCFA39411CA2CEA /* Frameworks */,
				19C28FACFE9D520D11CA2CBB /* Products */,
			);
			name = OpenXcom;
			sourceTree = "<group>";
		};
		29B97315FDCFA39411CA2CEA /* Other Sources */ = {
			isa = PBXGroup;
			children = (
				32CA4F630368D1EE00C91783 /* OpenXcom_Prefix.pch */,
			);
			name = "Other Sources";
			sourceTree = "<group>";
		};
		29B97317FDCFA39411CA2CEA /* Resources */ = {
			isa = PBXGroup;
			children = (
				73743C8611B83E9C0023219C /* COPYING */,
				8D1107310486CEB800E47090 /* Info.plist */,
				089C165CFE840E0CC02AAC07 /* InfoPlist.strings */,
			);
			name = Resources;
			sourceTree = "<group>";
		};
		29B97323FDCFA39411CA2CEA /* Frameworks */ = {
			isa = PBXGroup;
			children = (
				1058C7A0FEA54F0111CA2CBB /* Linked Frameworks */,
				1058C7A2FEA54F0111CA2CBB /* Other Frameworks */,
			);
			name = Frameworks;
			sourceTree = "<group>";
		};
		73743C7D11B83DEC0023219C /* Sources */ = {
			isa = PBXGroup;
			children = (
				73743C6C11B83D9E0023219C /* BaseView.cpp */,
				73ECACA711AF3880003B2C36 /* AbandonGameState.cpp */,
				73ECACA811AF3880003B2C36 /* Bar.cpp */,
				73ECACA911AF3880003B2C36 /* Base.cpp */,
				73ECACAA11AF3880003B2C36 /* BaseFacility.cpp */,
				73ECACAB11AF3880003B2C36 /* BaseInfoState.cpp */,
				73ECACAC11AF3880003B2C36 /* BasescapeState.cpp */,
				73ECACAD11AF3880003B2C36 /* Button.cpp */,
				73ECACAE11AF3880003B2C36 /* Country.cpp */,
				73ECACAF11AF3880003B2C36 /* Craft.cpp */,
				73ECACB011AF3880003B2C36 /* CraftsState.cpp */,
				73ECACB111AF3880003B2C36 /* Cursor.cpp */,
				73ECACB211AF3880003B2C36 /* CustomButton.cpp */,
				73ECACB411AF3880003B2C36 /* Font.cpp */,
				73ECACB511AF3880003B2C36 /* FundingState.cpp */,
				73ECACB611AF3880003B2C36 /* Game.cpp */,
				73ECACB711AF3880003B2C36 /* GameTime.cpp */,
				73ECACB811AF3880003B2C36 /* GeoscapeState.cpp */,
				73ECACB911AF3880003B2C36 /* Globe.cpp */,
				73ECACBA11AF3880003B2C36 /* GraphsState.cpp */,
				73ECACBB11AF3880003B2C36 /* InteractiveSurface.cpp */,
				73ECACBC11AF3880003B2C36 /* InterceptState.cpp */,
				73ECACBD11AF3880003B2C36 /* Language.cpp */,
				73ECACBE11AF3880003B2C36 /* main.cpp */,
				73ECACBF11AF3880003B2C36 /* MainMenuState.cpp */,
				73ECACC111AF3880003B2C36 /* ManufactureState.cpp */,
				73ECACC211AF3880003B2C36 /* MonthlyReportState.cpp */,
				73ECACC311AF3880003B2C36 /* Music.cpp */,
				73ECACC411AF3880003B2C36 /* NewGameState.cpp */,
				73ECACC511AF3880003B2C36 /* OptionsState.cpp */,
				73ECACC611AF3880003B2C36 /* Palette.cpp */,
				73ECACC711AF3880003B2C36 /* Polygon.cpp */,
				73ECACC811AF3880003B2C36 /* PurchaseState.cpp */,
				73ECACC911AF3880003B2C36 /* ResearchState.cpp */,
				73ECACCA11AF3880003B2C36 /* ResourcePack.cpp */,
				73ECACCB11AF3880003B2C36 /* RuleBaseFacility.cpp */,
				73ECACCC11AF3880003B2C36 /* RuleCraft.cpp */,
				73ECACCD11AF3880003B2C36 /* Ruleset.cpp */,
				73ECACCE11AF3880003B2C36 /* SavedGame.cpp */,
				73ECACCF11AF3880003B2C36 /* Screen.cpp */,
				73ECACD011AF3880003B2C36 /* SellState.cpp */,
				73ECACD111AF3880003B2C36 /* Soldier.cpp */,
				73ECACD211AF3880003B2C36 /* SoldierInfoState.cpp */,
				73ECACD311AF3880003B2C36 /* SoldierNamePool.cpp */,
				73ECACD411AF3880003B2C36 /* SoldiersState.cpp */,
				73ECACD511AF3880003B2C36 /* StartState.cpp */,
				73ECACD611AF3880003B2C36 /* State.cpp */,
				73ECACD711AF3880003B2C36 /* Surface.cpp */,
				73ECACD811AF3880003B2C36 /* SurfaceSet.cpp */,
				73ECACD911AF3880003B2C36 /* TestState.cpp */,
				73ECACDA11AF3880003B2C36 /* Text.cpp */,
				73ECACDB11AF3880003B2C36 /* TextEdit.cpp */,
				73ECACDC11AF3880003B2C36 /* TextList.cpp */,
				73ECACDD11AF3880003B2C36 /* Timer.cpp */,
				73ECACDE11AF3880003B2C36 /* Window.cpp */,
				73ECACDF11AF3880003B2C36 /* XcomResourcePack.cpp */,
				73ECACE011AF3880003B2C36 /* XcomRuleset.cpp */,
			);
			name = Sources;
			sourceTree = "<group>";
		};
		73743C7E11B83DF50023219C /* Headers */ = {
			isa = PBXGroup;
			children = (
				73768F7911B8418B00494C55 /* OptionsState.h */,
				73768F7A11B8418B00494C55 /* Palette.h */,
				73768F7B11B8418B00494C55 /* Polygon.h */,
				73768F7C11B8418B00494C55 /* PurchaseState.h */,
				73768F7E11B8418B00494C55 /* ResearchState.h */,
				73768F7F11B8418B00494C55 /* ResourcePack.h */,
				73768F8011B8418B00494C55 /* RuleBaseFacility.h */,
				73768F8111B8418B00494C55 /* RuleCraft.h */,
				73768F8211B8418B00494C55 /* Ruleset.h */,
				73768F8311B8418B00494C55 /* SavedGame.h */,
				73768F8411B8418B00494C55 /* Screen.h */,
				73768F8511B8418B00494C55 /* SellState.h */,
				73768F8611B8418B00494C55 /* Soldier.h */,
				73768F8711B8418B00494C55 /* SoldierInfoState.h */,
				73768F8811B8418B00494C55 /* SoldierNamePool.h */,
				73768F8911B8418B00494C55 /* SoldiersState.h */,
				73768F8A11B8418B00494C55 /* StartState.h */,
				73768F8B11B8418B00494C55 /* State_Interactive.h */,
				73768F8C11B8418B00494C55 /* Surface.h */,
				73768F8D11B8418B00494C55 /* SurfaceSet.h */,
				73768F8E11B8418B00494C55 /* TestState.h */,
				73768F8F11B8418B00494C55 /* Text.h */,
				73768F9011B8418B00494C55 /* TextEdit.h */,
				73768F9111B8418B00494C55 /* TextList.h */,
				73768F9211B8418B00494C55 /* Timer.h */,
				73768F9311B8418B00494C55 /* Window.h */,
				73768F9411B8418B00494C55 /* XcomResourcePack.h */,
				73768F9511B8418B00494C55 /* XcomRuleset.h */,
				73768F6811B8416B00494C55 /* Font.h */,
				73768F6911B8416B00494C55 /* FundingState.h */,
				73768F6A11B8416B00494C55 /* Game.h */,
				73768F6B11B8416B00494C55 /* GameTime.h */,
				73768F6C11B8416B00494C55 /* GeoscapeState.h */,
				73768F6D11B8416B00494C55 /* Globe.h */,
				73768F6E11B8416B00494C55 /* GraphsState.h */,
				73768F6F11B8416B00494C55 /* InterceptState.h */,
				73768F7011B8416B00494C55 /* LangString.h */,
				73768F7111B8416B00494C55 /* Language.h */,
				73768F7211B8416B00494C55 /* MainMenuState.h */,
				73768F7411B8416B00494C55 /* ManufactureState.h */,
				73768F7511B8416B00494C55 /* MonthlyReportState.h */,
				73768F7611B8416B00494C55 /* Music.h */,
				73768F7711B8416B00494C55 /* NewGameState.h */,
				73768F6211B8414F00494C55 /* Button.h */,
				73768F6311B8414F00494C55 /* Country.h */,
				73768F6411B8414F00494C55 /* Craft.h */,
				73768F6511B8414F00494C55 /* CraftsState.h */,
				73768F6611B8414F00494C55 /* Cursor.h */,
				73768F6711B8414F00494C55 /* CustomButton.h */,
				73743C7F11B83E690023219C /* AbandonGameState.h */,
				73743C8011B83E690023219C /* Bar.h */,
				73743C8111B83E690023219C /* Base.h */,
				73743C8211B83E690023219C /* BaseFacility.h */,
				73743C8311B83E690023219C /* BaseInfoState.h */,
				73743C8411B83E690023219C /* BasescapeState.h */,
				73743C8511B83E690023219C /* BaseView.h */,
			);
			name = Headers;
			sourceTree = "<group>";
		};
/* End PBXGroup section */

/* Begin PBXNativeTarget section */
		8D1107260486CEB800E47090 /* OpenXcom */ = {
			isa = PBXNativeTarget;
			buildConfigurationList = C01FCF4A08A954540054247B /* Build configuration list for PBXNativeTarget "OpenXcom" */;
			buildPhases = (
				8D1107290486CEB800E47090 /* Resources */,
				8D11072C0486CEB800E47090 /* Sources */,
				8D11072E0486CEB800E47090 /* Frameworks */,
				002F39FD09D0883400EBEB88 /* Copy Frameworks into .app bundle */,
			);
			buildRules = (
			);
			dependencies = (
			);
			name = OpenXcom;
			productInstallPath = "$(HOME)/Applications";
			productName = OpenXcom;
			productReference = 8D1107320486CEB800E47090 /* OpenXcom.app */;
			productType = "com.apple.product-type.application";
		};
/* End PBXNativeTarget section */

/* Begin PBXProject section */
		29B97313FDCFA39411CA2CEA /* Project object */ = {
			isa = PBXProject;
			buildConfigurationList = C01FCF4E08A954540054247B /* Build configuration list for PBXProject "OpenXcom" */;
			compatibilityVersion = "Xcode 3.2";
			hasScannedForEncodings = 1;
			mainGroup = 29B97314FDCFA39411CA2CEA /* OpenXcom */;
			projectDirPath = "";
			projectRoot = "";
			targets = (
				8D1107260486CEB800E47090 /* OpenXcom */,
			);
		};
/* End PBXProject section */

/* Begin PBXResourcesBuildPhase section */
		8D1107290486CEB800E47090 /* Resources */ = {
			isa = PBXResourcesBuildPhase;
			buildActionMask = 2147483647;
			files = (
				8D11072B0486CEB800E47090 /* InfoPlist.strings in Resources */,
				73743C8711B83E9C0023219C /* COPYING in Resources */,
			);
			runOnlyForDeploymentPostprocessing = 0;
		};
/* End PBXResourcesBuildPhase section */

/* Begin PBXSourcesBuildPhase section */
		8D11072C0486CEB800E47090 /* Sources */ = {
			isa = PBXSourcesBuildPhase;
			buildActionMask = 2147483647;
			files = (
				002F3A2E09D0888800EBEB88 /* SDLMain.m in Sources */,
				73ECACE111AF3881003B2C36 /* AbandonGameState.cpp in Sources */,
				73ECACE211AF3881003B2C36 /* Bar.cpp in Sources */,
				73ECACE311AF3881003B2C36 /* Base.cpp in Sources */,
				73ECACE411AF3881003B2C36 /* BaseFacility.cpp in Sources */,
				73ECACE511AF3881003B2C36 /* BaseInfoState.cpp in Sources */,
				73ECACE611AF3881003B2C36 /* BasescapeState.cpp in Sources */,
				73ECACE711AF3881003B2C36 /* Button.cpp in Sources */,
				73ECACE811AF3881003B2C36 /* Country.cpp in Sources */,
				73ECACE911AF3881003B2C36 /* Craft.cpp in Sources */,
				73ECACEA11AF3881003B2C36 /* CraftsState.cpp in Sources */,
				73ECACEB11AF3881003B2C36 /* Cursor.cpp in Sources */,
				73ECACEC11AF3881003B2C36 /* CustomButton.cpp in Sources */,
				73ECACEE11AF3881003B2C36 /* Font.cpp in Sources */,
				73ECACEF11AF3881003B2C36 /* FundingState.cpp in Sources */,
				73ECACF011AF3881003B2C36 /* Game.cpp in Sources */,
				73ECACF111AF3881003B2C36 /* GameTime.cpp in Sources */,
				73ECACF211AF3881003B2C36 /* GeoscapeState.cpp in Sources */,
				73ECACF311AF3881003B2C36 /* Globe.cpp in Sources */,
				73ECACF411AF3881003B2C36 /* GraphsState.cpp in Sources */,
				73ECACF511AF3881003B2C36 /* InteractiveSurface.cpp in Sources */,
				73ECACF611AF3881003B2C36 /* InterceptState.cpp in Sources */,
				73ECACF711AF3881003B2C36 /* Language.cpp in Sources */,
				73ECACF811AF3881003B2C36 /* main.cpp in Sources */,
				73ECACF911AF3881003B2C36 /* MainMenuState.cpp in Sources */,
				73ECACFB11AF3881003B2C36 /* ManufactureState.cpp in Sources */,
				73ECACFC11AF3881003B2C36 /* MonthlyReportState.cpp in Sources */,
				73ECACFD11AF3881003B2C36 /* Music.cpp in Sources */,
				73ECACFE11AF3881003B2C36 /* NewGameState.cpp in Sources */,
				73ECACFF11AF3881003B2C36 /* OptionsState.cpp in Sources */,
				73ECAD0011AF3881003B2C36 /* Palette.cpp in Sources */,
				73ECAD0111AF3881003B2C36 /* Polygon.cpp in Sources */,
				73ECAD0211AF3881003B2C36 /* PurchaseState.cpp in Sources */,
				73ECAD0311AF3881003B2C36 /* ResearchState.cpp in Sources */,
				73ECAD0411AF3881003B2C36 /* ResourcePack.cpp in Sources */,
				73ECAD0511AF3881003B2C36 /* RuleBaseFacility.cpp in Sources */,
				73ECAD0611AF3881003B2C36 /* RuleCraft.cpp in Sources */,
				73ECAD0711AF3881003B2C36 /* Ruleset.cpp in Sources */,
				73ECAD0811AF3881003B2C36 /* SavedGame.cpp in Sources */,
				73ECAD0911AF3881003B2C36 /* Screen.cpp in Sources */,
				73ECAD0A11AF3881003B2C36 /* SellState.cpp in Sources */,
				73ECAD0B11AF3881003B2C36 /* Soldier.cpp in Sources */,
				73ECAD0C11AF3881003B2C36 /* SoldierInfoState.cpp in Sources */,
				73ECAD0D11AF3881003B2C36 /* SoldierNamePool.cpp in Sources */,
				73ECAD0E11AF3881003B2C36 /* SoldiersState.cpp in Sources */,
				73ECAD0F11AF3881003B2C36 /* StartState.cpp in Sources */,
				73ECAD1011AF3881003B2C36 /* State.cpp in Sources */,
				73ECAD1111AF3881003B2C36 /* Surface.cpp in Sources */,
				73ECAD1211AF3881003B2C36 /* SurfaceSet.cpp in Sources */,
				73ECAD1311AF3881003B2C36 /* TestState.cpp in Sources */,
				73ECAD1411AF3881003B2C36 /* Text.cpp in Sources */,
				73ECAD1511AF3881003B2C36 /* TextEdit.cpp in Sources */,
				73ECAD1611AF3881003B2C36 /* TextList.cpp in Sources */,
				73ECAD1711AF3881003B2C36 /* Timer.cpp in Sources */,
				73ECAD1811AF3881003B2C36 /* Window.cpp in Sources */,
				73ECAD1911AF3881003B2C36 /* XcomResourcePack.cpp in Sources */,
				73ECAD1A11AF3881003B2C36 /* XcomRuleset.cpp in Sources */,
				73743C6D11B83D9E0023219C /* BaseView.cpp in Sources */,
			);
			runOnlyForDeploymentPostprocessing = 0;
		};
/* End PBXSourcesBuildPhase section */

/* Begin PBXVariantGroup section */
		089C165CFE840E0CC02AAC07 /* InfoPlist.strings */ = {
			isa = PBXVariantGroup;
			children = (
				089C165DFE840E0CC02AAC07 /* English */,
			);
			name = InfoPlist.strings;
			sourceTree = "<group>";
		};
/* End PBXVariantGroup section */

/* Begin XCBuildConfiguration section */
		C01FCF4B08A954540054247B /* Debug */ = {
			isa = XCBuildConfiguration;
			buildSettings = {
				COPY_PHASE_STRIP = NO;
				GCC_DYNAMIC_NO_PIC = NO;
				GCC_ENABLE_FIX_AND_CONTINUE = YES;
				GCC_MODEL_TUNING = G5;
				GCC_OPTIMIZATION_LEVEL = 0;
				GCC_PRECOMPILE_PREFIX_HEADER = YES;
				GCC_PREFIX_HEADER = OpenXcom_Prefix.pch;
				INFOPLIST_FILE = Info.plist;
				INSTALL_PATH = "$(HOME)/Applications";
				PRODUCT_NAME = OpenXcom;
				WRAPPER_EXTENSION = app;
			};
			name = Debug;
		};
		C01FCF4C08A954540054247B /* Release */ = {
			isa = XCBuildConfiguration;
			buildSettings = {
				GCC_GENERATE_DEBUGGING_SYMBOLS = NO;
				GCC_MODEL_TUNING = G5;
				GCC_PRECOMPILE_PREFIX_HEADER = YES;
				GCC_PREFIX_HEADER = OpenXcom_Prefix.pch;
				INFOPLIST_FILE = Info.plist;
				INSTALL_PATH = "$(HOME)/Applications";
				PRODUCT_NAME = OpenXcom;
				WRAPPER_EXTENSION = app;
			};
			name = Release;
		};
		C01FCF4F08A954540054247B /* Debug */ = {
			isa = XCBuildConfiguration;
			buildSettings = {
				ARCHS = "$(ARCHS_STANDARD_32_64_BIT)";
				FRAMEWORK_SEARCH_PATHS = (
					"$(HOME)/Library/Frameworks",
					/Library/Frameworks,
					"$(FRAMEWORK_SEARCH_PATHS)",
				);
				GCC_VERSION = 4.0;
				"GCC_VERSION[arch=x86_64]" = 4.2;
				GCC_WARN_ABOUT_RETURN_TYPE = YES;
				GCC_WARN_UNUSED_VARIABLE = YES;
				HEADER_SEARCH_PATHS = (
					"$(HOME)/Library/Frameworks/SDL_gfx.framework/Headers",
					/Library/Frameworks/SDL_gfx.framework/Headers,
					"$(HOME)/Library/Frameworks/SDL_mixer.framework/Headers",
					/Library/Frameworks/SDL_mixer.framework/Headers,
					"$(HOME)/Library/Frameworks/SDL.framework/Headers",
					/Library/Frameworks/SDL.framework/Headers,
					"$(HEADER_SEARCH_PATHS)",
				);
				PREBINDING = NO;
				"SDKROOT[arch=x86_64]" = macosx10.6;
			};
			name = Debug;
		};
		C01FCF5008A954540054247B /* Release */ = {
			isa = XCBuildConfiguration;
			buildSettings = {
				ARCHS = "$(ARCHS_STANDARD_32_64_BIT)";
				FRAMEWORK_SEARCH_PATHS = (
					"$(HOME)/Library/Frameworks",
					/Library/Frameworks,
					"$(FRAMEWORK_SEARCH_PATHS)",
				);
				GCC_VERSION = 4.0;
				"GCC_VERSION[arch=x86_64]" = 4.2;
				GCC_WARN_ABOUT_RETURN_TYPE = YES;
				GCC_WARN_UNUSED_VARIABLE = YES;
				HEADER_SEARCH_PATHS = (
					"$(HOME)/Library/Frameworks/SDL_gfx.framework/Headers",
					/Library/Frameworks/SDL_gfx.framework/Headers,
					"$(HOME)/Library/Frameworks/SDL_mixer.framework/Headers",
					/Library/Frameworks/SDL_mixer.framework/Headers,
					"$(HOME)/Library/Frameworks/SDL.framework/Headers",
					/Library/Frameworks/SDL.framework/Headers,
					"$(HEADER_SEARCH_PATHS)",
				);
				PREBINDING = NO;
				"SDKROOT[arch=x86_64]" = macosx10.6;
			};
			name = Release;
		};
/* End XCBuildConfiguration section */

/* Begin XCConfigurationList section */
		C01FCF4A08A954540054247B /* Build configuration list for PBXNativeTarget "OpenXcom" */ = {
			isa = XCConfigurationList;
			buildConfigurations = (
				C01FCF4B08A954540054247B /* Debug */,
				C01FCF4C08A954540054247B /* Release */,
			);
			defaultConfigurationIsVisible = 0;
			defaultConfigurationName = Release;
		};
		C01FCF4E08A954540054247B /* Build configuration list for PBXProject "OpenXcom" */ = {
			isa = XCConfigurationList;
			buildConfigurations = (
				C01FCF4F08A954540054247B /* Debug */,
				C01FCF5008A954540054247B /* Release */,
			);
			defaultConfigurationIsVisible = 0;
			defaultConfigurationName = Release;
		};
/* End XCConfigurationList section */
	};
	rootObject = 29B97313FDCFA39411CA2CEA /* Project object */;
}
