<?xml version="1.0" encoding="UTF-8" standalone="yes" ?>
<CodeBlocks_project_file>
	<FileVersion major="1" minor="6" />
	<Project>
		<Option title="OpenXcom" />
		<Option pch_mode="2" />
		<Option compiler="gcc" />
		<Build>
			<Target title="Debug">
				<Option output="bin\Debug\OpenXcom" prefix_auto="1" extension_auto="1" />
				<Option object_output="obj\Debug\" />
				<Option type="0" />
				<Option compiler="gcc" />
				<Compiler>
					<Add option="-g" />
				</Compiler>
			</Target>
			<Target title="Release">
				<Option output="bin\Release\OpenXcom" prefix_auto="1" extension_auto="1" />
				<Option object_output="obj\Release\" />
				<Option type="0" />
				<Option compiler="gcc" />
				<Compiler>
					<Add option="-O2" />
				</Compiler>
				<Linker>
					<Add option="-s" />
				</Linker>
			</Target>
		</Build>
		<Compiler>
			<Add option="-Wall" />
			<Add directory=".\SDL\include" />
		</Compiler>
		<Linker>
			<Add library="mingw32" />
			<Add library="SDLmain" />
			<Add library="SDL.dll" />
			<Add library="user32" />
			<Add library="gdi32" />
			<Add library="winmm" />
			<Add library="dxguid" />
			<Add library="SDL_gfx" />
			<Add library="SDL_mixer" />
			<Add directory=".\SDL\lib" />
		</Linker>
		<Unit filename="AbandonGameState.cpp" />
		<Unit filename="AbandonGameState.h" />
		<Unit filename="Bar.cpp" />
		<Unit filename="Bar.h" />
		<Unit filename="Base.cpp" />
		<Unit filename="Base.h" />
		<Unit filename="BaseFacility.cpp" />
		<Unit filename="BaseFacility.h" />
		<Unit filename="BaseInfoState.cpp" />
		<Unit filename="BaseInfoState.h" />
		<Unit filename="BaseNameState.cpp" />
		<Unit filename="BaseNameState.h" />
		<Unit filename="BaseView.cpp" />
		<Unit filename="BaseView.h" />
		<Unit filename="BasescapeErrorState.cpp" />
		<Unit filename="BasescapeErrorState.h" />
		<Unit filename="BasescapeState.cpp" />
		<Unit filename="BasescapeState.h" />
		<Unit filename="BuildFacilitiesState.cpp" />
		<Unit filename="BuildFacilitiesState.h" />
		<Unit filename="BuildNewBaseState.cpp" />
		<Unit filename="BuildNewBaseState.h" />
		<Unit filename="ConfirmNewBaseState.cpp" />
		<Unit filename="ConfirmNewBaseState.h" />
		<Unit filename="Country.cpp" />
		<Unit filename="Country.h" />
		<Unit filename="Craft.cpp" />
		<Unit filename="Craft.h" />
		<Unit filename="CraftInfoState.cpp" />
		<Unit filename="CraftInfoState.h" />
		<Unit filename="CraftSoldiersState.cpp" />
		<Unit filename="CraftSoldiersState.h" />
		<Unit filename="CraftsState.cpp" />
		<Unit filename="CraftsState.h" />
		<Unit filename="Cursor.cpp" />
		<Unit filename="Cursor.h" />
		<Unit filename="DismantleFacilityState.cpp" />
		<Unit filename="DismantleFacilityState.h" />
		<Unit filename="Font.cpp" />
		<Unit filename="Font.h" />
		<Unit filename="FundingState.cpp" />
		<Unit filename="FundingState.h" />
		<Unit filename="Game.cpp" />
		<Unit filename="Game.h" />
		<Unit filename="GameTime.cpp" />
		<Unit filename="GameTime.h" />
		<Unit filename="GeoscapeErrorState.cpp" />
		<Unit filename="GeoscapeErrorState.h" />
		<Unit filename="GeoscapeMessageState.cpp" />
		<Unit filename="GeoscapeMessageState.h" />
		<Unit filename="GeoscapeState.cpp" />
		<Unit filename="GeoscapeState.h" />
		<Unit filename="Globe.cpp" />
		<Unit filename="Globe.h" />
		<Unit filename="GraphsState.cpp" />
		<Unit filename="GraphsState.h" />
		<Unit filename="ImageButton.cpp" />
		<Unit filename="ImageButton.h" />
		<Unit filename="InteractiveSurface.cpp" />
		<Unit filename="InteractiveSurface.h" />
		<Unit filename="InterceptState.cpp" />
		<Unit filename="InterceptState.h" />
		<Unit filename="LangString.h" />
		<Unit filename="Language.cpp" />
		<Unit filename="Language.h" />
		<Unit filename="LanguageState.cpp" />
		<Unit filename="LanguageState.h" />
		<Unit filename="MainMenuState.cpp" />
		<Unit filename="MainMenuState.h" />
		<Unit filename="ManufactureState.cpp" />
		<Unit filename="ManufactureState.h" />
		<Unit filename="MiniBaseView.cpp" />
		<Unit filename="MiniBaseView.h" />
		<Unit filename="MonthlyCostsState.cpp" />
		<Unit filename="MonthlyCostsState.h" />
		<Unit filename="MonthlyReportState.cpp" />
		<Unit filename="MonthlyReportState.h" />
		<Unit filename="Music.cpp" />
		<Unit filename="Music.h" />
		<Unit filename="NewGameState.cpp" />
		<Unit filename="NewGameState.h" />
		<Unit filename="OptionsState.cpp" />
		<Unit filename="OptionsState.h" />
		<Unit filename="Palette.cpp" />
		<Unit filename="Palette.h" />
		<Unit filename="PlaceFacilityState.cpp" />
		<Unit filename="PlaceFacilityState.h" />
		<Unit filename="PlaceLiftState.cpp" />
		<Unit filename="PlaceLiftState.h" />
		<Unit filename="Polygon.cpp" />
		<Unit filename="Polygon.h" />
		<Unit filename="Polyline.cpp" />
		<Unit filename="Polyline.h" />
		<Unit filename="PurchaseState.cpp" />
		<Unit filename="PurchaseState.h" />
		<Unit filename="RNG.cpp" />
		<Unit filename="RNG.h" />
		<Unit filename="Region.cpp" />
		<Unit filename="Region.h" />
		<Unit filename="ResearchState.cpp" />
		<Unit filename="ResearchState.h" />
		<Unit filename="ResourcePack.cpp" />
		<Unit filename="ResourcePack.h" />
		<Unit filename="RuleBaseFacility.cpp" />
		<Unit filename="RuleBaseFacility.h" />
		<Unit filename="RuleCraft.cpp" />
		<Unit filename="RuleCraft.h" />
		<Unit filename="Ruleset.cpp" />
		<Unit filename="Ruleset.h" />
		<Unit filename="SavedGame.cpp" />
		<Unit filename="SavedGame.h" />
		<Unit filename="Screen.cpp" />
		<Unit filename="Screen.h" />
		<Unit filename="SellState.cpp" />
		<Unit filename="SellState.h" />
		<Unit filename="Soldier.cpp" />
		<Unit filename="Soldier.h" />
		<Unit filename="SoldierInfoState.cpp" />
		<Unit filename="SoldierInfoState.h" />
		<Unit filename="SoldierNamePool.cpp" />
		<Unit filename="SoldierNamePool.h" />
		<Unit filename="SoldiersState.cpp" />
		<Unit filename="SoldiersState.h" />
		<Unit filename="Sound.cpp" />
		<Unit filename="Sound.h" />
		<Unit filename="SoundSet.cpp" />
		<Unit filename="SoundSet.h" />
		<Unit filename="StartState.cpp" />
		<Unit filename="StartState.h" />
		<Unit filename="State.cpp" />
		<Unit filename="State.h" />
		<Unit filename="Surface.cpp" />
		<Unit filename="Surface.h" />
		<Unit filename="SurfaceSet.cpp" />
		<Unit filename="SurfaceSet.h" />
		<Unit filename="TestState.cpp" />
		<Unit filename="TestState.h" />
		<Unit filename="Text.cpp" />
		<Unit filename="Text.h" />
		<Unit filename="TextButton.cpp" />
		<Unit filename="TextButton.h" />
		<Unit filename="TextEdit.cpp" />
		<Unit filename="TextEdit.h" />
		<Unit filename="TextList.cpp" />
		<Unit filename="TextList.h" />
		<Unit filename="Timer.cpp" />
		<Unit filename="Timer.h" />
		<Unit filename="Window.cpp" />
		<Unit filename="Window.h" />
		<Unit filename="XcomResourcePack.cpp" />
		<Unit filename="XcomResourcePack.h" />
		<Unit filename="XcomRuleset.cpp" />
		<Unit filename="XcomRuleset.h" />
		<Unit filename="main.cpp" />
		<Extensions>
			<code_completion />
			<debugger />
		</Extensions>
	</Project>
</CodeBlocks_project_file>
