<?xml version="1.0" encoding="utf-8"?>
<Project ToolsVersion="4.0" xmlns="http://schemas.microsoft.com/developer/msbuild/2003">
  <ItemGroup>
    <ClCompile Include="main.cpp" />
    <ClCompile Include="AbandonGameState.cpp">
      <Filter>States</Filter>
    </ClCompile>
    <ClCompile Include="Bar.cpp">
      <Filter>Interface</Filter>
    </ClCompile>
    <ClCompile Include="BaseInfoState.cpp">
      <Filter>States</Filter>
    </ClCompile>
    <ClCompile Include="BaseNameState.cpp">
      <Filter>States</Filter>
    </ClCompile>
    <ClCompile Include="BasescapeErrorState.cpp">
      <Filter>States</Filter>
    </ClCompile>
    <ClCompile Include="BasescapeState.cpp">
      <Filter>States</Filter>
    </ClCompile>
    <ClCompile Include="BuildFacilitiesState.cpp">
      <Filter>States</Filter>
    </ClCompile>
    <ClCompile Include="BuildNewBaseState.cpp">
      <Filter>States</Filter>
    </ClCompile>
    <ClCompile Include="ConfirmNewBaseState.cpp">
      <Filter>States</Filter>
    </ClCompile>
    <ClCompile Include="CraftInfoState.cpp">
      <Filter>States</Filter>
    </ClCompile>
    <ClCompile Include="CraftSoldiersState.cpp">
      <Filter>States</Filter>
    </ClCompile>
    <ClCompile Include="DismantleFacilityState.cpp">
      <Filter>States</Filter>
    </ClCompile>
    <ClCompile Include="GeoscapeMessageState.cpp">
      <Filter>States</Filter>
    </ClCompile>
    <ClCompile Include="GeoscapeState.cpp">
      <Filter>States</Filter>
    </ClCompile>
    <ClCompile Include="GraphsState.cpp">
      <Filter>States</Filter>
    </ClCompile>
    <ClCompile Include="InterceptState.cpp">
      <Filter>States</Filter>
    </ClCompile>
    <ClCompile Include="LanguageState.cpp">
      <Filter>States</Filter>
    </ClCompile>
    <ClCompile Include="MainMenuState.cpp">
      <Filter>States</Filter>
    </ClCompile>
    <ClCompile Include="ManufactureState.cpp">
      <Filter>States</Filter>
    </ClCompile>
    <ClCompile Include="MonthlyCostsState.cpp">
      <Filter>States</Filter>
    </ClCompile>
    <ClCompile Include="MonthlyReportState.cpp">
      <Filter>States</Filter>
    </ClCompile>
    <ClCompile Include="NewGameState.cpp">
      <Filter>States</Filter>
    </ClCompile>
    <ClCompile Include="OptionsState.cpp">
      <Filter>States</Filter>
    </ClCompile>
    <ClCompile Include="PlaceFacilityState.cpp">
      <Filter>States</Filter>
    </ClCompile>
    <ClCompile Include="PlaceLiftState.cpp">
      <Filter>States</Filter>
    </ClCompile>
    <ClCompile Include="PurchaseState.cpp">
      <Filter>States</Filter>
    </ClCompile>
    <ClCompile Include="ResearchState.cpp">
      <Filter>States</Filter>
    </ClCompile>
    <ClCompile Include="TestState.cpp">
      <Filter>States</Filter>
    </ClCompile>
    <ClCompile Include="SoldiersState.cpp">
      <Filter>States</Filter>
    </ClCompile>
    <ClCompile Include="SoldierInfoState.cpp">
      <Filter>States</Filter>
    </ClCompile>
    <ClCompile Include="SellState.cpp">
      <Filter>States</Filter>
    </ClCompile>
    <ClCompile Include="Text.cpp">
      <Filter>Interface</Filter>
    </ClCompile>
    <ClCompile Include="TextButton.cpp">
      <Filter>Interface</Filter>
    </ClCompile>
    <ClCompile Include="TextEdit.cpp">
      <Filter>Interface</Filter>
    </ClCompile>
    <ClCompile Include="TextList.cpp">
      <Filter>Interface</Filter>
    </ClCompile>
    <ClCompile Include="Window.cpp">
      <Filter>Interface</Filter>
    </ClCompile>
    <ClCompile Include="Cursor.cpp">
      <Filter>Interface</Filter>
    </ClCompile>
    <ClCompile Include="Font.cpp">
      <Filter>Engine</Filter>
    </ClCompile>
    <ClCompile Include="Game.cpp">
      <Filter>Engine</Filter>
    </ClCompile>
    <ClCompile Include="InteractiveSurface.cpp">
      <Filter>Engine</Filter>
    </ClCompile>
    <ClCompile Include="Music.cpp">
      <Filter>Engine</Filter>
    </ClCompile>
    <ClCompile Include="Palette.cpp">
      <Filter>Engine</Filter>
    </ClCompile>
    <ClCompile Include="Screen.cpp">
      <Filter>Engine</Filter>
    </ClCompile>
    <ClCompile Include="Sound.cpp">
      <Filter>Engine</Filter>
    </ClCompile>
    <ClCompile Include="State.cpp">
      <Filter>Engine</Filter>
    </ClCompile>
    <ClCompile Include="Surface.cpp">
      <Filter>Engine</Filter>
    </ClCompile>
    <ClCompile Include="SurfaceSet.cpp">
      <Filter>Engine</Filter>
    </ClCompile>
    <ClCompile Include="CraftsState.cpp">
      <Filter>States</Filter>
    </ClCompile>
    <ClCompile Include="FundingState.cpp">
      <Filter>States</Filter>
    </ClCompile>
    <ClCompile Include="ImageButton.cpp">
      <Filter>Interface</Filter>
    </ClCompile>
    <ClCompile Include="Language.cpp">
      <Filter>Engine</Filter>
    </ClCompile>
    <ClCompile Include="RNG.cpp">
      <Filter>Engine</Filter>
    </ClCompile>
    <ClCompile Include="Timer.cpp">
      <Filter>Engine</Filter>
    </ClCompile>
    <ClCompile Include="RuleBaseFacility.cpp">
      <Filter>Xcom\Rules</Filter>
    </ClCompile>
    <ClCompile Include="RuleCraft.cpp">
      <Filter>Xcom\Rules</Filter>
    </ClCompile>
    <ClCompile Include="Ruleset.cpp">
      <Filter>Xcom\Rules</Filter>
    </ClCompile>
    <ClCompile Include="XcomRuleset.cpp">
      <Filter>Xcom\Rules</Filter>
    </ClCompile>
    <ClCompile Include="SoldierNamePool.cpp">
      <Filter>Xcom\Rules</Filter>
    </ClCompile>
    <ClCompile Include="Base.cpp">
      <Filter>Xcom\Game</Filter>
    </ClCompile>
    <ClCompile Include="BaseFacility.cpp">
      <Filter>Xcom\Game</Filter>
    </ClCompile>
    <ClCompile Include="Country.cpp">
      <Filter>Xcom\Game</Filter>
    </ClCompile>
    <ClCompile Include="Craft.cpp">
      <Filter>Xcom\Game</Filter>
    </ClCompile>
    <ClCompile Include="GameTime.cpp">
      <Filter>Xcom\Game</Filter>
    </ClCompile>
    <ClCompile Include="SavedGame.cpp">
      <Filter>Xcom\Game</Filter>
    </ClCompile>
    <ClCompile Include="Soldier.cpp">
      <Filter>Xcom\Game</Filter>
    </ClCompile>
    <ClCompile Include="BaseView.cpp">
      <Filter>Xcom\Resource</Filter>
    </ClCompile>
    <ClCompile Include="Globe.cpp">
      <Filter>Xcom\Resource</Filter>
    </ClCompile>
    <ClCompile Include="MiniBaseView.cpp">
      <Filter>Xcom\Resource</Filter>
    </ClCompile>
    <ClCompile Include="Polygon.cpp">
      <Filter>Xcom\Resource</Filter>
    </ClCompile>
    <ClCompile Include="ResourcePack.cpp">
      <Filter>Xcom\Resource</Filter>
    </ClCompile>
    <ClCompile Include="XcomResourcePack.cpp">
      <Filter>Xcom\Resource</Filter>
    </ClCompile>
    <ClCompile Include="StartState.cpp">
      <Filter>States</Filter>
    </ClCompile>
  </ItemGroup>
  <ItemGroup>
    <ClInclude Include="AbandonGameState.h">
      <Filter>States</Filter>
    </ClInclude>
    <ClInclude Include="Bar.h">
      <Filter>Interface</Filter>
    </ClInclude>
    <ClInclude Include="BaseInfoState.h">
      <Filter>States</Filter>
    </ClInclude>
    <ClInclude Include="BaseNameState.h">
      <Filter>States</Filter>
    </ClInclude>
    <ClInclude Include="BasescapeErrorState.h">
      <Filter>States</Filter>
    </ClInclude>
    <ClInclude Include="BasescapeState.h">
      <Filter>States</Filter>
    </ClInclude>
    <ClInclude Include="ConfirmNewBaseState.h">
      <Filter>States</Filter>
    </ClInclude>
    <ClInclude Include="BuildFacilitiesState.h">
      <Filter>States</Filter>
    </ClInclude>
    <ClInclude Include="BuildNewBaseState.h">
      <Filter>States</Filter>
    </ClInclude>
    <ClInclude Include="CraftSoldiersState.h">
      <Filter>States</Filter>
    </ClInclude>
    <ClInclude Include="CraftInfoState.h">
      <Filter>States</Filter>
    </ClInclude>
    <ClInclude Include="DismantleFacilityState.h">
      <Filter>States</Filter>
    </ClInclude>
    <ClInclude Include="GeoscapeMessageState.h">
      <Filter>States</Filter>
    </ClInclude>
    <ClInclude Include="GeoscapeState.h">
      <Filter>States</Filter>
    </ClInclude>
    <ClInclude Include="GraphsState.h">
      <Filter>States</Filter>
    </ClInclude>
    <ClInclude Include="InterceptState.h">
      <Filter>States</Filter>
    </ClInclude>
    <ClInclude Include="LanguageState.h">
      <Filter>States</Filter>
    </ClInclude>
    <ClInclude Include="MainMenuState.h">
      <Filter>States</Filter>
    </ClInclude>
    <ClInclude Include="ManufactureState.h">
      <Filter>States</Filter>
    </ClInclude>
    <ClInclude Include="MonthlyCostsState.h">
      <Filter>States</Filter>
    </ClInclude>
    <ClInclude Include="MonthlyReportState.h">
      <Filter>States</Filter>
    </ClInclude>
    <ClInclude Include="NewGameState.h">
      <Filter>States</Filter>
    </ClInclude>
    <ClInclude Include="OptionsState.h">
      <Filter>States</Filter>
    </ClInclude>
    <ClInclude Include="PlaceFacilityState.h">
      <Filter>States</Filter>
    </ClInclude>
    <ClInclude Include="PlaceLiftState.h">
      <Filter>States</Filter>
    </ClInclude>
    <ClInclude Include="PurchaseState.h">
      <Filter>States</Filter>
    </ClInclude>
    <ClInclude Include="ResearchState.h">
      <Filter>States</Filter>
    </ClInclude>
    <ClInclude Include="TestState.h">
      <Filter>States</Filter>
    </ClInclude>
    <ClInclude Include="SoldiersState.h">
      <Filter>States</Filter>
    </ClInclude>
    <ClInclude Include="SoldierInfoState.h">
      <Filter>States</Filter>
    </ClInclude>
    <ClInclude Include="SellState.h">
      <Filter>States</Filter>
    </ClInclude>
    <ClInclude Include="TextList.h">
      <Filter>Interface</Filter>
    </ClInclude>
    <ClInclude Include="Text.h">
      <Filter>Interface</Filter>
    </ClInclude>
    <ClInclude Include="TextButton.h">
      <Filter>Interface</Filter>
    </ClInclude>
    <ClInclude Include="TextEdit.h">
      <Filter>Interface</Filter>
    </ClInclude>
    <ClInclude Include="Window.h">
      <Filter>Interface</Filter>
    </ClInclude>
    <ClInclude Include="Cursor.h">
      <Filter>Interface</Filter>
    </ClInclude>
    <ClInclude Include="Font.h">
      <Filter>Engine</Filter>
    </ClInclude>
    <ClInclude Include="Game.h">
      <Filter>Engine</Filter>
    </ClInclude>
    <ClInclude Include="InteractiveSurface.h">
      <Filter>Engine</Filter>
    </ClInclude>
    <ClInclude Include="Music.h">
      <Filter>Engine</Filter>
    </ClInclude>
    <ClInclude Include="Palette.h">
      <Filter>Engine</Filter>
    </ClInclude>
    <ClInclude Include="Screen.h">
      <Filter>Engine</Filter>
    </ClInclude>
    <ClInclude Include="Sound.h">
      <Filter>Engine</Filter>
    </ClInclude>
    <ClInclude Include="State.h">
      <Filter>Engine</Filter>
    </ClInclude>
    <ClInclude Include="Surface.h">
      <Filter>Engine</Filter>
    </ClInclude>
    <ClInclude Include="SurfaceSet.h">
      <Filter>Engine</Filter>
    </ClInclude>
    <ClInclude Include="CraftsState.h">
      <Filter>States</Filter>
    </ClInclude>
    <ClInclude Include="FundingState.h">
      <Filter>States</Filter>
    </ClInclude>
    <ClInclude Include="ImageButton.h">
      <Filter>Interface</Filter>
    </ClInclude>
    <ClInclude Include="Language.h">
      <Filter>Engine</Filter>
    </ClInclude>
    <ClInclude Include="RNG.h">
      <Filter>Engine</Filter>
    </ClInclude>
    <ClInclude Include="Timer.h">
      <Filter>Engine</Filter>
    </ClInclude>
    <ClInclude Include="Ruleset.h">
      <Filter>Xcom\Rules</Filter>
    </ClInclude>
    <ClInclude Include="RuleBaseFacility.h">
      <Filter>Xcom\Rules</Filter>
    </ClInclude>
    <ClInclude Include="RuleCraft.h">
      <Filter>Xcom\Rules</Filter>
    </ClInclude>
    <ClInclude Include="XcomRuleset.h">
      <Filter>Xcom\Rules</Filter>
    </ClInclude>
    <ClInclude Include="SoldierNamePool.h">
      <Filter>Xcom\Rules</Filter>
    </ClInclude>
    <ClInclude Include="Base.h">
      <Filter>Xcom\Game</Filter>
    </ClInclude>
    <ClInclude Include="BaseFacility.h">
      <Filter>Xcom\Game</Filter>
    </ClInclude>
    <ClInclude Include="Country.h">
      <Filter>Xcom\Game</Filter>
    </ClInclude>
    <ClInclude Include="Craft.h">
      <Filter>Xcom\Game</Filter>
    </ClInclude>
    <ClInclude Include="GameTime.h">
      <Filter>Xcom\Game</Filter>
    </ClInclude>
    <ClInclude Include="SavedGame.h">
      <Filter>Xcom\Game</Filter>
    </ClInclude>
    <ClInclude Include="Soldier.h">
      <Filter>Xcom\Game</Filter>
    </ClInclude>
    <ClInclude Include="XcomResourcePack.h">
      <Filter>Xcom\Resource</Filter>
    </ClInclude>
    <ClInclude Include="BaseView.h">
      <Filter>Xcom\Resource</Filter>
    </ClInclude>
    <ClInclude Include="Globe.h">
      <Filter>Xcom\Resource</Filter>
    </ClInclude>
    <ClInclude Include="LangString.h">
      <Filter>Xcom\Resource</Filter>
    </ClInclude>
    <ClInclude Include="MiniBaseView.h">
      <Filter>Xcom\Resource</Filter>
    </ClInclude>
    <ClInclude Include="Polygon.h">
      <Filter>Xcom\Resource</Filter>
    </ClInclude>
    <ClInclude Include="ResourcePack.h">
      <Filter>Xcom\Resource</Filter>
    </ClInclude>
    <ClInclude Include="StartState.h">
      <Filter>States</Filter>
    </ClInclude>
  </ItemGroup>
  <ItemGroup>
    <Filter Include="Interface">
      <UniqueIdentifier>{12bc374b-5ce0-43c8-9a06-622458102572}</UniqueIdentifier>
    </Filter>
    <Filter Include="States">
      <UniqueIdentifier>{085c4d4d-2cc4-495a-8268-c78d3a8896f3}</UniqueIdentifier>
    </Filter>
    <Filter Include="Xcom">
      <UniqueIdentifier>{57283ece-1539-4750-a50b-0377b63aa9b2}</UniqueIdentifier>
    </Filter>
    <Filter Include="Xcom\Rules">
      <UniqueIdentifier>{b4b975bb-7e69-4979-8023-f0bd18bdc35b}</UniqueIdentifier>
    </Filter>
    <Filter Include="Xcom\Game">
      <UniqueIdentifier>{855a8e1f-c05b-4fe2-9b78-8cc58914fe32}</UniqueIdentifier>
    </Filter>
    <Filter Include="Xcom\Resource">
      <UniqueIdentifier>{f3b1aafa-aa18-420a-a34c-981f6b6a3ffc}</UniqueIdentifier>
    </Filter>
    <Filter Include="Engine">
      <UniqueIdentifier>{72813a85-910c-4ea6-b311-9ee329fe649c}</UniqueIdentifier>
    </Filter>
  </ItemGroup>
</Project>