<?xml version="1.0" encoding="UTF-8" standalone="yes" ?>
<CodeBlocks_project_file>
	<FileVersion major="1" minor="6" />
	<Project>
		<Option title="OpenXcom" />
		<Option pch_mode="2" />
		<Option compiler="gcc" />
		<Option virtualFolders="Engine\;Interface\;States\;Xcom\;Xcom\Game\;Xcom\Resource\;Xcom\Rules\;" />
		<Build>
			<Target title="Debug">
				<Option output="bin\Debug\OpenXcom" prefix_auto="1" extension_auto="1" />
				<Option object_output="obj\Debug\" />
				<Option type="0" />
				<Option compiler="gcc" />
				<Compiler>
					<Add option="-g" />
				</Compiler>
			</Target>
			<Target title="Release">
				<Option output="bin\Release\OpenXcom" prefix_auto="1" extension_auto="1" />
				<Option object_output="obj\Release\" />
				<Option type="0" />
				<Option compiler="gcc" />
				<Compiler>
					<Add option="-O2" />
				</Compiler>
				<Linker>
					<Add option="-s" />
				</Linker>
			</Target>
		</Build>
		<Compiler>
			<Add option="-Wall" />
			<Add directory=".\SDL\include" />
		</Compiler>
		<Linker>
			<Add library="mingw32" />
			<Add library="SDLmain" />
			<Add library="SDL.dll" />
			<Add library="user32" />
			<Add library="gdi32" />
			<Add library="winmm" />
			<Add library="dxguid" />
			<Add library="SDL_gfx" />
			<Add library="SDL_mixer" />
			<Add directory=".\SDL\lib" />
		</Linker>
		<Unit filename="AbandonGameState.cpp">
			<Option virtualFolder="States\" />
		</Unit>
		<Unit filename="AbandonGameState.h">
			<Option virtualFolder="States\" />
		</Unit>
		<Unit filename="ArrowButton.cpp">
			<Option virtualFolder="Interface\" />
		</Unit>
		<Unit filename="ArrowButton.h">
			<Option virtualFolder="Interface\" />
		</Unit>
		<Unit filename="Bar.cpp">
			<Option virtualFolder="Interface\" />
		</Unit>
		<Unit filename="Bar.h">
			<Option virtualFolder="Interface\" />
		</Unit>
		<Unit filename="Base.cpp">
			<Option virtualFolder="Xcom\Game\" />
		</Unit>
		<Unit filename="Base.h">
			<Option virtualFolder="Xcom\Game\" />
		</Unit>
		<Unit filename="BaseFacility.cpp">
			<Option virtualFolder="Xcom\Game\" />
		</Unit>
		<Unit filename="BaseFacility.h">
			<Option virtualFolder="Xcom\Game\" />
		</Unit>
		<Unit filename="BaseInfoState.cpp">
			<Option virtualFolder="States\" />
		</Unit>
		<Unit filename="BaseInfoState.h">
			<Option virtualFolder="States\" />
		</Unit>
		<Unit filename="BaseNameState.cpp">
			<Option virtualFolder="States\" />
		</Unit>
		<Unit filename="BaseNameState.h">
			<Option virtualFolder="States\" />
		</Unit>
		<Unit filename="BaseView.cpp">
			<Option virtualFolder="Xcom\Resource\" />
		</Unit>
		<Unit filename="BaseView.h">
			<Option virtualFolder="Xcom\Resource\" />
		</Unit>
		<Unit filename="BasescapeErrorState.cpp">
			<Option virtualFolder="States\" />
		</Unit>
		<Unit filename="BasescapeErrorState.h">
			<Option virtualFolder="States\" />
		</Unit>
		<Unit filename="BasescapeState.cpp">
			<Option virtualFolder="States\" />
		</Unit>
		<Unit filename="BasescapeState.h">
			<Option virtualFolder="States\" />
		</Unit>
		<Unit filename="BuildFacilitiesState.cpp">
			<Option virtualFolder="States\" />
		</Unit>
		<Unit filename="BuildFacilitiesState.h">
			<Option virtualFolder="States\" />
		</Unit>
		<Unit filename="BuildNewBaseState.cpp">
			<Option virtualFolder="States\" />
		</Unit>
		<Unit filename="BuildNewBaseState.h">
			<Option virtualFolder="States\" />
		</Unit>
		<Unit filename="City.cpp">
			<Option virtualFolder="Xcom\Game\" />
		</Unit>
		<Unit filename="City.h">
			<Option virtualFolder="Xcom\Game\" />
		</Unit>
		<Unit filename="ConfirmDestinationState.cpp">
			<Option virtualFolder="States\" />
		</Unit>
		<Unit filename="ConfirmDestinationState.h">
			<Option virtualFolder="States\" />
		</Unit>
		<Unit filename="ConfirmNewBaseState.cpp">
			<Option virtualFolder="States\" />
		</Unit>
		<Unit filename="ConfirmNewBaseState.h">
			<Option virtualFolder="States\" />
		</Unit>
		<Unit filename="Country.cpp">
			<Option virtualFolder="Xcom\Game\" />
		</Unit>
		<Unit filename="Country.h">
			<Option virtualFolder="Xcom\Game\" />
		</Unit>
		<Unit filename="Craft.cpp">
			<Option virtualFolder="Xcom\Game\" />
		</Unit>
		<Unit filename="Craft.h">
			<Option virtualFolder="Xcom\Game\" />
		</Unit>
		<Unit filename="CraftInfoState.cpp">
			<Option virtualFolder="States\" />
		</Unit>
		<Unit filename="CraftInfoState.h">
			<Option virtualFolder="States\" />
		</Unit>
		<Unit filename="CraftSoldiersState.cpp">
			<Option virtualFolder="States\" />
		</Unit>
		<Unit filename="CraftSoldiersState.h">
			<Option virtualFolder="States\" />
		</Unit>
		<Unit filename="CraftWeaponsState.cpp">
			<Option virtualFolder="States\" />
		</Unit>
		<Unit filename="CraftWeaponsState.h">
			<Option virtualFolder="States\" />
		</Unit>
		<Unit filename="CraftWeapon.cpp">
			<Option virtualFolder="Xcom\Game\" />
		</Unit>
		<Unit filename="CraftWeapon.h">
			<Option virtualFolder="Xcom\Game\" />
		</Unit>
		<Unit filename="CraftsState.cpp">
			<Option virtualFolder="States\" />
		</Unit>
		<Unit filename="CraftsState.h">
			<Option virtualFolder="States\" />
		</Unit>
		<Unit filename="Cursor.cpp">
			<Option virtualFolder="Interface\" />
		</Unit>
		<Unit filename="Cursor.h">
			<Option virtualFolder="Interface\" />
		</Unit>
		<Unit filename="DismantleFacilityState.cpp">
			<Option virtualFolder="States\" />
		</Unit>
		<Unit filename="DismantleFacilityState.h">
			<Option virtualFolder="States\" />
		</Unit>
		<Unit filename="DogfightState.cpp">
			<Option virtualFolder="States\" />
		</Unit>
		<Unit filename="DogfightState.h">
			<Option virtualFolder="States\" />
		</Unit>
		<Unit filename="Font.cpp">
			<Option virtualFolder="Engine\" />
		</Unit>
		<Unit filename="Font.h">
			<Option virtualFolder="Engine\" />
		</Unit>
		<Unit filename="FundingState.cpp">
			<Option virtualFolder="States\" />
		</Unit>
		<Unit filename="FundingState.h">
			<Option virtualFolder="States\" />
		</Unit>
		<Unit filename="Game.cpp">
			<Option virtualFolder="Engine\" />
		</Unit>
		<Unit filename="Game.h">
			<Option virtualFolder="Engine\" />
		</Unit>
		<Unit filename="GameTime.cpp">
			<Option virtualFolder="Xcom\Game\" />
		</Unit>
		<Unit filename="GameTime.h">
			<Option virtualFolder="Xcom\Game\" />
		</Unit>
		<Unit filename="GeoscapeErrorState.cpp">
			<Option virtualFolder="States\" />
		</Unit>
		<Unit filename="GeoscapeErrorState.h">
			<Option virtualFolder="States\" />
		</Unit>
		<Unit filename="GeoscapeMessageState.cpp">
			<Option virtualFolder="States\" />
		</Unit>
		<Unit filename="GeoscapeMessageState.h">
			<Option virtualFolder="States\" />
		</Unit>
		<Unit filename="GeoscapeState.cpp">
			<Option virtualFolder="States\" />
		</Unit>
		<Unit filename="GeoscapeState.h">
			<Option virtualFolder="States\" />
		</Unit>
		<Unit filename="Globe.cpp">
			<Option virtualFolder="Xcom\Resource\" />
		</Unit>
		<Unit filename="Globe.h">
			<Option virtualFolder="Xcom\Resource\" />
		</Unit>
		<Unit filename="GraphsState.cpp">
			<Option virtualFolder="States\" />
		</Unit>
		<Unit filename="GraphsState.h">
			<Option virtualFolder="States\" />
		</Unit>
		<Unit filename="ImageButton.cpp">
			<Option virtualFolder="Interface\" />
		</Unit>
		<Unit filename="ImageButton.h">
			<Option virtualFolder="Interface\" />
		</Unit>
		<Unit filename="InteractiveSurface.cpp">
			<Option virtualFolder="Engine\" />
		</Unit>
		<Unit filename="InteractiveSurface.h">
			<Option virtualFolder="Engine\" />
		</Unit>
		<Unit filename="InterceptState.cpp">
			<Option virtualFolder="States\" />
		</Unit>
		<Unit filename="InterceptState.h">
			<Option virtualFolder="States\" />
		</Unit>
		<Unit filename="Item.cpp">
			<Option virtualFolder="Xcom\Game\" />
		</Unit>
		<Unit filename="Item.h">
			<Option virtualFolder="Xcom\Game\" />
		</Unit>
		<Unit filename="LangString.h">
			<Option virtualFolder="Xcom\Resource\" />
		</Unit>
		<Unit filename="Language.cpp">
			<Option virtualFolder="Engine\" />
		</Unit>
		<Unit filename="Language.h">
			<Option virtualFolder="Engine\" />
		</Unit>
		<Unit filename="LanguageState.cpp">
			<Option virtualFolder="States\" />
		</Unit>
		<Unit filename="LanguageState.h">
			<Option virtualFolder="States\" />
		</Unit>
		<Unit filename="MainMenuState.cpp">
			<Option virtualFolder="States\" />
		</Unit>
		<Unit filename="MainMenuState.h">
			<Option virtualFolder="States\" />
		</Unit>
		<Unit filename="ManufactureState.cpp">
			<Option virtualFolder="States\" />
		</Unit>
		<Unit filename="ManufactureState.h">
			<Option virtualFolder="States\" />
		</Unit>
		<Unit filename="MiniBaseView.cpp">
			<Option virtualFolder="Xcom\Resource\" />
		</Unit>
		<Unit filename="MiniBaseView.h">
			<Option virtualFolder="Xcom\Resource\" />
		</Unit>
		<Unit filename="MonthlyCostsState.cpp">
			<Option virtualFolder="States\" />
		</Unit>
		<Unit filename="MonthlyCostsState.h">
			<Option virtualFolder="States\" />
		</Unit>
		<Unit filename="MonthlyReportState.cpp">
			<Option virtualFolder="States\" />
		</Unit>
		<Unit filename="MonthlyReportState.h">
			<Option virtualFolder="States\" />
		</Unit>
		<Unit filename="Music.cpp">
			<Option virtualFolder="Engine\" />
		</Unit>
		<Unit filename="Music.h">
			<Option virtualFolder="Engine\" />
		</Unit>
		<Unit filename="NewGameState.cpp">
			<Option virtualFolder="States\" />
		</Unit>
		<Unit filename="NewGameState.h">
			<Option virtualFolder="States\" />
		</Unit>
		<Unit filename="OptionsState.cpp">
			<Option virtualFolder="States\" />
		</Unit>
		<Unit filename="OptionsState.h">
			<Option virtualFolder="States\" />
		</Unit>
		<Unit filename="Palette.cpp">
			<Option virtualFolder="Engine\" />
		</Unit>
		<Unit filename="Palette.h">
			<Option virtualFolder="Engine\" />
		</Unit>
		<Unit filename="PlaceFacilityState.cpp">
			<Option virtualFolder="States\" />
		</Unit>
		<Unit filename="PlaceFacilityState.h">
			<Option virtualFolder="States\" />
		</Unit>
		<Unit filename="PlaceLiftState.cpp">
			<Option virtualFolder="States\" />
		</Unit>
		<Unit filename="PlaceLiftState.h">
			<Option virtualFolder="States\" />
		</Unit>
		<Unit filename="Polygon.cpp">
			<Option virtualFolder="Xcom\Resource\" />
		</Unit>
		<Unit filename="Polygon.h">
			<Option virtualFolder="Xcom\Resource\" />
		</Unit>
		<Unit filename="Polyline.cpp">
			<Option virtualFolder="Xcom\Resource\" />
		</Unit>
		<Unit filename="Polyline.h">
			<Option virtualFolder="Xcom\Resource\" />
		</Unit>
		<Unit filename="PurchaseState.cpp">
			<Option virtualFolder="States\" />
		</Unit>
		<Unit filename="PurchaseState.h">
			<Option virtualFolder="States\" />
		</Unit>
		<Unit filename="RNG.cpp">
			<Option virtualFolder="Engine\" />
		</Unit>
		<Unit filename="RNG.h">
			<Option virtualFolder="Engine\" />
		</Unit>
		<Unit filename="Region.cpp">
			<Option virtualFolder="Xcom\Game\" />
		</Unit>
		<Unit filename="Region.h">
			<Option virtualFolder="Xcom\Game\" />
		</Unit>
		<Unit filename="ResearchState.cpp">
			<Option virtualFolder="States\" />
		</Unit>
		<Unit filename="ResearchState.h">
			<Option virtualFolder="States\" />
		</Unit>
		<Unit filename="ResourcePack.cpp">
			<Option virtualFolder="Xcom\Resource\" />
		</Unit>
		<Unit filename="ResourcePack.h">
			<Option virtualFolder="Xcom\Resource\" />
		</Unit>
		<Unit filename="RuleBaseFacility.cpp">
			<Option virtualFolder="Xcom\Rules\" />
		</Unit>
		<Unit filename="RuleBaseFacility.h">
			<Option virtualFolder="Xcom\Rules\" />
		</Unit>
		<Unit filename="RuleCraft.cpp">
			<Option virtualFolder="Xcom\Rules\" />
		</Unit>
		<Unit filename="RuleCraft.h">
			<Option virtualFolder="Xcom\Rules\" />
		</Unit>
		<Unit filename="RuleCraftWeapon.cpp">
			<Option virtualFolder="Xcom\Rules\" />
		</Unit>
		<Unit filename="RuleCraftWeapon.h">
			<Option virtualFolder="Xcom\Rules\" />
		</Unit>
		<Unit filename="RuleItem.cpp">
			<Option virtualFolder="Xcom\Rules\" />
		</Unit>
		<Unit filename="RuleItem.h">
			<Option virtualFolder="Xcom\Rules\" />
		</Unit>
		<Unit filename="Ruleset.cpp">
			<Option virtualFolder="Xcom\Rules\" />
		</Unit>
		<Unit filename="Ruleset.h">
			<Option virtualFolder="Xcom\Rules\" />
		</Unit>
		<Unit filename="RuleUfo.cpp">
			<Option virtualFolder="Xcom\Rules\" />
		</Unit>
		<Unit filename="RuleUfo.h">
			<Option virtualFolder="Xcom\Rules\" />
		</Unit>
		<Unit filename="SavedGame.cpp">
			<Option virtualFolder="Xcom\Game\" />
		</Unit>
		<Unit filename="SavedGame.h">
			<Option virtualFolder="Xcom\Game\" />
		</Unit>
		<Unit filename="Screen.cpp">
			<Option virtualFolder="Engine\" />
		</Unit>
		<Unit filename="Screen.h">
			<Option virtualFolder="Engine\" />
		</Unit>
		<Unit filename="SelectDestinationState.cpp">
			<Option virtualFolder="States\" />
		</Unit>
		<Unit filename="SelectDestinationState.h">
			<Option virtualFolder="States\" />
		</Unit>
		<Unit filename="SellState.cpp">
			<Option virtualFolder="States\" />
		</Unit>
		<Unit filename="SellState.h">
			<Option virtualFolder="States\" />
		</Unit>
		<Unit filename="Soldier.cpp">
			<Option virtualFolder="Xcom\Game\" />
		</Unit>
		<Unit filename="Soldier.h">
			<Option virtualFolder="Xcom\Game\" />
		</Unit>
		<Unit filename="SoldierInfoState.cpp">
			<Option virtualFolder="States\" />
		</Unit>
		<Unit filename="SoldierInfoState.h">
			<Option virtualFolder="States\" />
		</Unit>
		<Unit filename="SoldierNamePool.cpp">
			<Option virtualFolder="Xcom\Rules\" />
		</Unit>
		<Unit filename="SoldierNamePool.h">
			<Option virtualFolder="Xcom\Rules\" />
		</Unit>
		<Unit filename="SoldiersState.cpp">
			<Option virtualFolder="States\" />
		</Unit>
		<Unit filename="SoldiersState.h">
			<Option virtualFolder="States\" />
		</Unit>
		<Unit filename="Sound.cpp">
			<Option virtualFolder="Engine\" />
		</Unit>
		<Unit filename="Sound.h">
			<Option virtualFolder="Engine\" />
		</Unit>
		<Unit filename="SoundSet.cpp">
			<Option virtualFolder="Engine\" />
		</Unit>
		<Unit filename="SoundSet.h">
			<Option virtualFolder="Engine\" />
		</Unit>
		<Unit filename="StartState.cpp">
			<Option virtualFolder="States\" />
		</Unit>
		<Unit filename="StartState.h">
			<Option virtualFolder="States\" />
		</Unit>
		<Unit filename="State.cpp">
			<Option virtualFolder="Engine\" />
		</Unit>
		<Unit filename="State.h">
			<Option virtualFolder="Engine\" />
		</Unit>
		<Unit filename="StoresState.cpp">
			<Option virtualFolder="States\" />
		</Unit>
		<Unit filename="StoresState.h">
			<Option virtualFolder="States\" />
		</Unit>
		<Unit filename="Surface.cpp">
			<Option virtualFolder="Engine\" />
		</Unit>
		<Unit filename="Surface.h">
			<Option virtualFolder="Engine\" />
		</Unit>
		<Unit filename="SurfaceSet.cpp">
			<Option virtualFolder="Engine\" />
		</Unit>
		<Unit filename="SurfaceSet.h">
			<Option virtualFolder="Engine\" />
		</Unit>
		<Unit filename="Target.cpp">
			<Option virtualFolder="Xcom\Game\" />
		</Unit>
		<Unit filename="Target.h">
			<Option virtualFolder="Xcom\Game\" />
		</Unit>
		<Unit filename="TestState.cpp">
			<Option virtualFolder="States\" />
		</Unit>
		<Unit filename="TestState.h">
			<Option virtualFolder="States\" />
		</Unit>
		<Unit filename="Text.cpp">
			<Option virtualFolder="Interface\" />
		</Unit>
		<Unit filename="Text.h">
			<Option virtualFolder="Interface\" />
		</Unit>
		<Unit filename="TextButton.cpp">
			<Option virtualFolder="Interface\" />
		</Unit>
		<Unit filename="TextButton.h">
			<Option virtualFolder="Interface\" />
		</Unit>
		<Unit filename="TextEdit.cpp">
			<Option virtualFolder="Interface\" />
		</Unit>
		<Unit filename="TextEdit.h">
			<Option virtualFolder="Interface\" />
		</Unit>
		<Unit filename="TextList.cpp">
			<Option virtualFolder="Interface\" />
		</Unit>
		<Unit filename="TextList.h">
			<Option virtualFolder="Interface\" />
		</Unit>
		<Unit filename="Timer.cpp">
			<Option virtualFolder="Engine\" />
		</Unit>
		<Unit filename="Timer.h">
			<Option virtualFolder="Engine\" />
		</Unit>
		<Unit filename="Ufo.cpp">
			<Option virtualFolder="Xcom\Game\" />
		</Unit>
		<Unit filename="Ufo.h">
			<Option virtualFolder="Xcom\Game\" />
		</Unit>
		<Unit filename="UfoDetectedState.cpp">
			<Option virtualFolder="States\" />
		</Unit>
		<Unit filename="UfoDetectedState.h">
			<Option virtualFolder="States\" />
		</Unit>
		<Unit filename="Window.cpp">
			<Option virtualFolder="Interface\" />
		</Unit>
		<Unit filename="Window.h">
			<Option virtualFolder="Interface\" />
		</Unit>
		<Unit filename="XcomResourcePack.cpp">
			<Option virtualFolder="Xcom\Resource\" />
		</Unit>
		<Unit filename="XcomResourcePack.h">
			<Option virtualFolder="Xcom\Resource\" />
		</Unit>
		<Unit filename="XcomRuleset.cpp">
			<Option virtualFolder="Xcom\Rules\" />
		</Unit>
		<Unit filename="XcomRuleset.h">
			<Option virtualFolder="Xcom\Rules\" />
		</Unit>
		<Unit filename="main.cpp" />
		<Extensions>
			<code_completion />
			<debugger />
		</Extensions>
	</Project>
</CodeBlocks_project_file>
