// !$*UTF8*$!
{
	archiveVersion = 1;
	classes = {
	};
	objectVersion = 46;
	objects = {

/* Begin PBXBuildFile section */
		5E5BA7DA1974481400F8E44F /* OpenGL.framework in Frameworks */ = {isa = PBXBuildFile; fileRef = 5E5BA7D91974481400F8E44F /* OpenGL.framework */; };
		6BACF5FC19350F9700E1A981 /* Cocoa.framework in Frameworks */ = {isa = PBXBuildFile; fileRef = 6BACF5FB19350F9700E1A981 /* Cocoa.framework */; };
		6BACF61419350F9700E1A981 /* Images.xcassets in Resources */ = {isa = PBXBuildFile; fileRef = 6BACF61319350F9700E1A981 /* Images.xcassets */; };
		6BACF63119350FF800E1A981 /* SDLMain.m in Sources */ = {isa = PBXBuildFile; fileRef = 6BACF63019350FF800E1A981 /* SDLMain.m */; };
		6BB58D4D1936FADC00DF3F68 /* CHANGELOG.txt in Resources */ = {isa = PBXBuildFile; fileRef = 6BB58D4B1936FADC00DF3F68 /* CHANGELOG.txt */; };
		6BB58D4E1936FADC00DF3F68 /* README.md in Resources */ = {isa = PBXBuildFile; fileRef = 6BB58D4C1936FADC00DF3F68 /* README.md */; };
		6BB58D541936FB7500DF3F68 /* libSDL_gfx.a in Frameworks */ = {isa = PBXBuildFile; fileRef = 6BB58D4F1936FB7500DF3F68 /* libSDL_gfx.a */; };
		6BB58D551936FB7500DF3F68 /* libSDL_image.a in Frameworks */ = {isa = PBXBuildFile; fileRef = 6BB58D501936FB7500DF3F68 /* libSDL_image.a */; };
		6BB58D561936FB7500DF3F68 /* libSDL_mixer.a in Frameworks */ = {isa = PBXBuildFile; fileRef = 6BB58D511936FB7500DF3F68 /* libSDL_mixer.a */; };
		6BB58D571936FB7500DF3F68 /* libSDL.a in Frameworks */ = {isa = PBXBuildFile; fileRef = 6BB58D521936FB7500DF3F68 /* libSDL.a */; };
		6BB58D581936FB7500DF3F68 /* libyaml-cpp.a in Frameworks */ = {isa = PBXBuildFile; fileRef = 6BB58D531936FB7500DF3F68 /* libyaml-cpp.a */; };
		6BB590D71937A60800DF3F68 /* data in Resources */ = {isa = PBXBuildFile; fileRef = 6BB590D61937A60800DF3F68 /* data */; };
/* End PBXBuildFile section */

/* Begin PBXFileReference section */
		5E5BA7D91974481400F8E44F /* OpenGL.framework */ = {isa = PBXFileReference; lastKnownFileType = wrapper.framework; name = OpenGL.framework; path = System/Library/Frameworks/OpenGL.framework; sourceTree = SDKROOT; };
		6BACF5F819350F9700E1A981 /* OpenXcom.app */ = {isa = PBXFileReference; explicitFileType = wrapper.application; includeInIndex = 0; path = OpenXcom.app; sourceTree = BUILT_PRODUCTS_DIR; };
		6BACF5FB19350F9700E1A981 /* Cocoa.framework */ = {isa = PBXFileReference; lastKnownFileType = wrapper.framework; name = Cocoa.framework; path = System/Library/Frameworks/Cocoa.framework; sourceTree = SDKROOT; };
		6BACF5FE19350F9700E1A981 /* AppKit.framework */ = {isa = PBXFileReference; lastKnownFileType = wrapper.framework; name = AppKit.framework; path = System/Library/Frameworks/AppKit.framework; sourceTree = SDKROOT; };
		6BACF5FF19350F9700E1A981 /* CoreData.framework */ = {isa = PBXFileReference; lastKnownFileType = wrapper.framework; name = CoreData.framework; path = System/Library/Frameworks/CoreData.framework; sourceTree = SDKROOT; };
		6BACF60019350F9700E1A981 /* Foundation.framework */ = {isa = PBXFileReference; lastKnownFileType = wrapper.framework; name = Foundation.framework; path = System/Library/Frameworks/Foundation.framework; sourceTree = SDKROOT; };
		6BACF60319350F9700E1A981 /* OpenXcom-Info.plist */ = {isa = PBXFileReference; lastKnownFileType = text.plist.xml; path = "OpenXcom-Info.plist"; sourceTree = "<group>"; };
		6BACF60919350F9700E1A981 /* OpenXcom-Prefix.pch */ = {isa = PBXFileReference; lastKnownFileType = sourcecode.c.h; path = "OpenXcom-Prefix.pch"; sourceTree = "<group>"; };
		6BACF61319350F9700E1A981 /* Images.xcassets */ = {isa = PBXFileReference; lastKnownFileType = folder.assetcatalog; path = Images.xcassets; sourceTree = "<group>"; };
		6BACF62F19350FF800E1A981 /* SDLMain.h */ = {isa = PBXFileReference; fileEncoding = 4; lastKnownFileType = sourcecode.c.h; path = SDLMain.h; sourceTree = "<group>"; };
		6BACF63019350FF800E1A981 /* SDLMain.m */ = {isa = PBXFileReference; fileEncoding = 4; lastKnownFileType = sourcecode.c.objc; path = SDLMain.m; sourceTree = "<group>"; };
		6BB58D4B1936FADC00DF3F68 /* CHANGELOG.txt */ = {isa = PBXFileReference; fileEncoding = 4; lastKnownFileType = text; name = CHANGELOG.txt; path = ../../CHANGELOG.txt; sourceTree = "<group>"; };
		6BB58D4C1936FADC00DF3F68 /* README.md */ = {isa = PBXFileReference; fileEncoding = 4; lastKnownFileType = text; name = README.md; path = ../../README.md; sourceTree = "<group>"; };
		6BB58D4F1936FB7500DF3F68 /* libSDL_gfx.a */ = {isa = PBXFileReference; lastKnownFileType = archive.ar; name = libSDL_gfx.a; path = ../../../../../../../../../usr/local/lib/libSDL_gfx.a; sourceTree = SDKROOT; };
		6BB58D501936FB7500DF3F68 /* libSDL_image.a */ = {isa = PBXFileReference; lastKnownFileType = archive.ar; name = libSDL_image.a; path = ../../../../../../../../../usr/local/lib/libSDL_image.a; sourceTree = SDKROOT; };
		6BB58D511936FB7500DF3F68 /* libSDL_mixer.a */ = {isa = PBXFileReference; lastKnownFileType = archive.ar; name = libSDL_mixer.a; path = ../../../../../../../../../usr/local/lib/libSDL_mixer.a; sourceTree = SDKROOT; };
		6BB58D521936FB7500DF3F68 /* libSDL.a */ = {isa = PBXFileReference; lastKnownFileType = archive.ar; name = libSDL.a; path = ../../../../../../../../../usr/local/lib/libSDL.a; sourceTree = SDKROOT; };
		6BB58D531936FB7500DF3F68 /* libyaml-cpp.a */ = {isa = PBXFileReference; lastKnownFileType = archive.ar; name = "libyaml-cpp.a"; path = "../../../../../../../../../usr/local/lib/libyaml-cpp.a"; sourceTree = SDKROOT; };
		6BB590D61937A60800DF3F68 /* data */ = {isa = PBXFileReference; lastKnownFileType = folder; name = data; path = ../bin/data; sourceTree = "<group>"; };
/* End PBXFileReference section */

/* Begin PBXFrameworksBuildPhase section */
		6BACF5F519350F9700E1A981 /* Frameworks */ = {
			isa = PBXFrameworksBuildPhase;
			buildActionMask = 2147483647;
			files = (
				5E5BA7DA1974481400F8E44F /* OpenGL.framework in Frameworks */,
				6BACF5FC19350F9700E1A981 /* Cocoa.framework in Frameworks */,
				6BB58D581936FB7500DF3F68 /* libyaml-cpp.a in Frameworks */,
				6BB58D551936FB7500DF3F68 /* libSDL_image.a in Frameworks */,
				6BB58D541936FB7500DF3F68 /* libSDL_gfx.a in Frameworks */,
				6BB58D561936FB7500DF3F68 /* libSDL_mixer.a in Frameworks */,
				6BB58D571936FB7500DF3F68 /* libSDL.a in Frameworks */,
			);
			runOnlyForDeploymentPostprocessing = 0;
		};
/* End PBXFrameworksBuildPhase section */

/* Begin PBXGroup section */
		6BACF5EF19350F9700E1A981 = {
			isa = PBXGroup;
			children = (
				6BB590D61937A60800DF3F68 /* data */,
				6BACF60119350F9700E1A981 /* OpenXcom */,
				6BACF5FA19350F9700E1A981 /* Frameworks */,
				6BACF5F919350F9700E1A981 /* Products */,
			);
			sourceTree = "<group>";
		};
		6BACF5F919350F9700E1A981 /* Products */ = {
			isa = PBXGroup;
			children = (
				6BACF5F819350F9700E1A981 /* OpenXcom.app */,
			);
			name = Products;
			sourceTree = "<group>";
		};
		6BACF5FA19350F9700E1A981 /* Frameworks */ = {
			isa = PBXGroup;
			children = (
				5E5BA7D91974481400F8E44F /* OpenGL.framework */,
				6BB58D4F1936FB7500DF3F68 /* libSDL_gfx.a */,
				6BB58D501936FB7500DF3F68 /* libSDL_image.a */,
				6BB58D511936FB7500DF3F68 /* libSDL_mixer.a */,
				6BB58D521936FB7500DF3F68 /* libSDL.a */,
				6BB58D531936FB7500DF3F68 /* libyaml-cpp.a */,
				6BACF5FB19350F9700E1A981 /* Cocoa.framework */,
				6BACF5FD19350F9700E1A981 /* Other Frameworks */,
			);
			name = Frameworks;
			sourceTree = "<group>";
		};
		6BACF5FD19350F9700E1A981 /* Other Frameworks */ = {
			isa = PBXGroup;
			children = (
				6BACF5FE19350F9700E1A981 /* AppKit.framework */,
				6BACF5FF19350F9700E1A981 /* CoreData.framework */,
				6BACF60019350F9700E1A981 /* Foundation.framework */,
			);
			name = "Other Frameworks";
			sourceTree = "<group>";
		};
		6BACF60119350F9700E1A981 /* OpenXcom */ = {
			isa = PBXGroup;
			children = (
				6BACF62F19350FF800E1A981 /* SDLMain.h */,
				6BACF63019350FF800E1A981 /* SDLMain.m */,
				6BACF61319350F9700E1A981 /* Images.xcassets */,
				6BACF60219350F9700E1A981 /* Supporting Files */,
			);
			path = OpenXcom;
			sourceTree = "<group>";
		};
		6BACF60219350F9700E1A981 /* Supporting Files */ = {
			isa = PBXGroup;
			children = (
				6BB58D4B1936FADC00DF3F68 /* CHANGELOG.txt */,
				6BB58D4C1936FADC00DF3F68 /* README.md */,
				6BACF60319350F9700E1A981 /* OpenXcom-Info.plist */,
				6BACF60919350F9700E1A981 /* OpenXcom-Prefix.pch */,
			);
			name = "Supporting Files";
			sourceTree = "<group>";
		};
/* End PBXGroup section */

/* Begin PBXNativeTarget section */
		6BACF5F719350F9700E1A981 /* OpenXcom */ = {
			isa = PBXNativeTarget;
			buildConfigurationList = 6BACF62919350F9700E1A981 /* Build configuration list for PBXNativeTarget "OpenXcom" */;
			buildPhases = (
				6BACF5F419350F9700E1A981 /* Sources */,
				6BACF5F519350F9700E1A981 /* Frameworks */,
				6BACF5F619350F9700E1A981 /* Resources */,
			);
			buildRules = (
			);
			dependencies = (
			);
			name = OpenXcom;
			productName = OpenXcom;
			productReference = 6BACF5F819350F9700E1A981 /* OpenXcom.app */;
			productType = "com.apple.product-type.application";
		};
/* End PBXNativeTarget section */

/* Begin PBXProject section */
		6BACF5F019350F9700E1A981 /* Project object */ = {
			isa = PBXProject;
			attributes = {
				LastUpgradeCheck = 0510;
				ORGANIZATIONNAME = "-";
			};
			buildConfigurationList = 6BACF5F319350F9700E1A981 /* Build configuration list for PBXProject "OpenXcom" */;
			compatibilityVersion = "Xcode 3.2";
			developmentRegion = English;
			hasScannedForEncodings = 0;
			knownRegions = (
				en,
				Base,
			);
			mainGroup = 6BACF5EF19350F9700E1A981;
			productRefGroup = 6BACF5F919350F9700E1A981 /* Products */;
			projectDirPath = "";
			projectRoot = "";
			targets = (
				6BACF5F719350F9700E1A981 /* OpenXcom */,
			);
		};
/* End PBXProject section */

/* Begin PBXResourcesBuildPhase section */
		6BACF5F619350F9700E1A981 /* Resources */ = {
			isa = PBXResourcesBuildPhase;
			buildActionMask = 2147483647;
			files = (
				6BACF61419350F9700E1A981 /* Images.xcassets in Resources */,
				6BB58D4E1936FADC00DF3F68 /* README.md in Resources */,
				6BB590D71937A60800DF3F68 /* data in Resources */,
				6BB58D4D1936FADC00DF3F68 /* CHANGELOG.txt in Resources */,
			);
			runOnlyForDeploymentPostprocessing = 0;
		};
/* End PBXResourcesBuildPhase section */

/* Begin PBXSourcesBuildPhase section */
		6BACF5F419350F9700E1A981 /* Sources */ = {
			isa = PBXSourcesBuildPhase;
			buildActionMask = 2147483647;
			files = (
				6BACF63119350FF800E1A981 /* SDLMain.m in Sources */,
			);
			runOnlyForDeploymentPostprocessing = 0;
		};
/* End PBXSourcesBuildPhase section */

/* Begin XCBuildConfiguration section */
		6BACF62719350F9700E1A981 /* Debug */ = {
			isa = XCBuildConfiguration;
			buildSettings = {
				ALWAYS_SEARCH_USER_PATHS = NO;
				CLANG_CXX_LANGUAGE_STANDARD = "gnu++0x";
				CLANG_CXX_LIBRARY = "libc++";
				CLANG_ENABLE_MODULES = YES;
				CLANG_ENABLE_OBJC_ARC = NO;
				CLANG_WARN_BOOL_CONVERSION = NO;
				CLANG_WARN_CONSTANT_CONVERSION = NO;
				CLANG_WARN_DIRECT_OBJC_ISA_USAGE = YES_ERROR;
				CLANG_WARN_EMPTY_BODY = YES;
				CLANG_WARN_ENUM_CONVERSION = NO;
				CLANG_WARN_INT_CONVERSION = NO;
				CLANG_WARN_OBJC_ROOT_CLASS = YES_ERROR;
				CLANG_WARN__DUPLICATE_METHOD_MATCH = YES;
				COPY_PHASE_STRIP = NO;
				GCC_C_LANGUAGE_STANDARD = gnu99;
				GCC_DYNAMIC_NO_PIC = NO;
				GCC_ENABLE_OBJC_EXCEPTIONS = YES;
				GCC_OPTIMIZATION_LEVEL = 0;
				GCC_PREPROCESSOR_DEFINITIONS = (
					"DEBUG=1",
					"$(inherited)",
				);
				GCC_SYMBOLS_PRIVATE_EXTERN = NO;
				GCC_WARN_64_TO_32_BIT_CONVERSION = NO;
				GCC_WARN_ABOUT_RETURN_TYPE = NO;
				GCC_WARN_UNDECLARED_SELECTOR = YES;
				GCC_WARN_UNINITIALIZED_AUTOS = NO;
				GCC_WARN_UNUSED_FUNCTION = YES;
				GCC_WARN_UNUSED_VARIABLE = YES;
				HEADER_SEARCH_PATHS = (
					"$(inherited)",
					/usr/local/include,
					/usr/local/include/sdl,
					/opt/local/include/SDL,
					/opt/local/include,
				);
				LIBRARY_SEARCH_PATHS = (
					/usr/local/lib,
					/opt/local/lib,
				);
				MACOSX_DEPLOYMENT_TARGET = 10.7;
				ONLY_ACTIVE_ARCH = YES;
				SDKROOT = macosx;
			};
			name = Debug;
		};
		6BACF62819350F9700E1A981 /* Release */ = {
			isa = XCBuildConfiguration;
			buildSettings = {
				ALWAYS_SEARCH_USER_PATHS = NO;
				CLANG_CXX_LANGUAGE_STANDARD = "gnu++0x";
				CLANG_CXX_LIBRARY = "libc++";
				CLANG_ENABLE_MODULES = YES;
				CLANG_ENABLE_OBJC_ARC = NO;
				CLANG_WARN_BOOL_CONVERSION = NO;
				CLANG_WARN_CONSTANT_CONVERSION = NO;
				CLANG_WARN_DIRECT_OBJC_ISA_USAGE = YES_ERROR;
				CLANG_WARN_EMPTY_BODY = YES;
				CLANG_WARN_ENUM_CONVERSION = NO;
				CLANG_WARN_INT_CONVERSION = NO;
				CLANG_WARN_OBJC_ROOT_CLASS = YES_ERROR;
				CLANG_WARN__DUPLICATE_METHOD_MATCH = YES;
				COPY_PHASE_STRIP = YES;
				DEBUG_INFORMATION_FORMAT = "dwarf-with-dsym";
				ENABLE_NS_ASSERTIONS = NO;
				GCC_C_LANGUAGE_STANDARD = gnu99;
				GCC_ENABLE_OBJC_EXCEPTIONS = YES;
				GCC_WARN_64_TO_32_BIT_CONVERSION = NO;
				GCC_WARN_ABOUT_RETURN_TYPE = NO;
				GCC_WARN_UNDECLARED_SELECTOR = YES;
				GCC_WARN_UNINITIALIZED_AUTOS = NO;
				GCC_WARN_UNUSED_FUNCTION = YES;
				GCC_WARN_UNUSED_VARIABLE = YES;
				HEADER_SEARCH_PATHS = (
					"$(inherited)",
					/usr/local/include,
					/usr/local/include/sdl,
					/opt/local/include/SDL,
					/opt/local/include,
				);
				LIBRARY_SEARCH_PATHS = (
					/usr/local/lib,
					/opt/local/lib,
				);
				MACOSX_DEPLOYMENT_TARGET = 10.7;
				SDKROOT = macosx;
			};
			name = Release;
		};
		6BACF62A19350F9700E1A981 /* Debug */ = {
			isa = XCBuildConfiguration;
			buildSettings = {
				ASSETCATALOG_COMPILER_APPICON_NAME = AppIcon;
				COMBINE_HIDPI_IMAGES = YES;
				GCC_PRECOMPILE_PREFIX_HEADER = YES;
				GCC_PREFIX_HEADER = "OpenXcom/OpenXcom-Prefix.pch";
				INFOPLIST_FILE = "OpenXcom/OpenXcom-Info.plist";
				PRODUCT_NAME = "$(TARGET_NAME)";
				WRAPPER_EXTENSION = app;
			};
			name = Debug;
		};
		6BACF62B19350F9700E1A981 /* Release */ = {
			isa = XCBuildConfiguration;
			buildSettings = {
				ASSETCATALOG_COMPILER_APPICON_NAME = AppIcon;
				COMBINE_HIDPI_IMAGES = YES;
				GCC_PRECOMPILE_PREFIX_HEADER = YES;
				GCC_PREFIX_HEADER = "OpenXcom/OpenXcom-Prefix.pch";
				INFOPLIST_FILE = "OpenXcom/OpenXcom-Info.plist";
				PRODUCT_NAME = "$(TARGET_NAME)";
				WRAPPER_EXTENSION = app;
			};
			name = Release;
		};
/* End XCBuildConfiguration section */

/* Begin XCConfigurationList section */
		6BACF5F319350F9700E1A981 /* Build configuration list for PBXProject "OpenXcom" */ = {
			isa = XCConfigurationList;
			buildConfigurations = (
				6BACF62719350F9700E1A981 /* Debug */,
				6BACF62819350F9700E1A981 /* Release */,
			);
			defaultConfigurationIsVisible = 0;
			defaultConfigurationName = Release;
		};
		6BACF62919350F9700E1A981 /* Build configuration list for PBXNativeTarget "OpenXcom" */ = {
			isa = XCConfigurationList;
			buildConfigurations = (
				6BACF62A19350F9700E1A981 /* Debug */,
				6BACF62B19350F9700E1A981 /* Release */,
			);
			defaultConfigurationIsVisible = 0;
			defaultConfigurationName = Release;
		};
/* End XCConfigurationList section */
	};
	rootObject = 6BACF5F019350F9700E1A981 /* Project object */;
}
