<?xml version="1.0" encoding="UTF-8" standalone="yes" ?>
<CodeBlocks_project_file>
	<FileVersion major="1" minor="6" />
	<Project>
		<Option title="OpenXcom" />
		<Option pch_mode="2" />
		<Option compiler="gcc" />
		<Build>
			<Target title="Debug">
				<Option output="..\bin\Debug\OpenXcom" prefix_auto="1" extension_auto="1" />
				<Option working_dir="..\bin" />
				<Option object_output="..\obj\Debug\" />
				<Option type="0" />
				<Option compiler="gcc" />
				<Compiler>
					<Add option="-g" />
				</Compiler>
			</Target>
			<Target title="Release">
				<Option output="..\bin\Release\OpenXcom" prefix_auto="1" extension_auto="1" />
				<Option working_dir="..\bin" />
				<Option object_output="..\obj\Release\" />
				<Option type="0" />
				<Option compiler="gcc" />
				<Compiler>
					<Add option="-O2" />
				</Compiler>
				<Linker>
					<Add option="-s" />
				</Linker>
			</Target>
		</Build>
		<Compiler>
			<Add option="-Wall" />
			<Add directory="..\deps\include" />
			<Add directory="..\deps\include\SDL" />
			<Add directory="..\deps\include\yaml-cpp" />
		</Compiler>
		<Linker>
			<Add library="mingw32" />
			<Add library="SDLmain" />
			<Add library="SDL.dll" />
			<Add library="user32" />
			<Add library="gdi32" />
			<Add library="winmm" />
			<Add library="dxguid" />
			<Add library="SDL_gfx" />
			<Add library="SDL_mixer" />
			<Add library="yaml-cpp" />
			<Add directory="..\deps\lib" />
		</Linker>
		<Unit filename="Basescape\BaseInfoState.cpp" />
		<Unit filename="Basescape\BaseInfoState.h" />
		<Unit filename="Basescape\BaseView.cpp" />
		<Unit filename="Basescape\BaseView.h" />
		<Unit filename="Basescape\BasescapeErrorState.cpp" />
		<Unit filename="Basescape\BasescapeErrorState.h" />
		<Unit filename="Basescape\BasescapeState.cpp" />
		<Unit filename="Basescape\BasescapeState.h" />
		<Unit filename="Basescape\BuildFacilitiesState.cpp" />
		<Unit filename="Basescape\BuildFacilitiesState.h" />
		<Unit filename="Basescape\CraftArmorState.cpp" />
		<Unit filename="Basescape\CraftArmorState.h" />
		<Unit filename="Basescape\CraftEquipmentState.cpp" />
		<Unit filename="Basescape\CraftEquipmentState.h" />
		<Unit filename="Basescape\CraftEquipmentStateState.h" />
		<Unit filename="Basescape\CraftInfoState.cpp" />
		<Unit filename="Basescape\CraftInfoState.h" />
		<Unit filename="Basescape\CraftSoldiersState.cpp" />
		<Unit filename="Basescape\CraftSoldiersState.h" />
		<Unit filename="Basescape\CraftWeaponsState.cpp" />
		<Unit filename="Basescape\CraftWeaponsState.h" />
		<Unit filename="Basescape\CraftsState.cpp" />
		<Unit filename="Basescape\CraftsState.h" />
		<Unit filename="Basescape\DismantleFacilityState.cpp" />
		<Unit filename="Basescape\DismantleFacilityState.h" />
		<Unit filename="Basescape\ManufactureState.cpp" />
		<Unit filename="Basescape\ManufactureState.h" />
		<Unit filename="Basescape\MiniBaseView.cpp" />
		<Unit filename="Basescape\MiniBaseView.h" />
		<Unit filename="Basescape\MonthlyCostsState.cpp" />
		<Unit filename="Basescape\MonthlyCostsState.h" />
		<Unit filename="Basescape\PlaceFacilityState.cpp" />
		<Unit filename="Basescape\PlaceFacilityState.h" />
		<Unit filename="Basescape\PlaceLiftState.cpp" />
		<Unit filename="Basescape\PlaceLiftState.h" />
		<Unit filename="Basescape\PurchaseErrorState.cpp" />
		<Unit filename="Basescape\PurchaseErrorState.h" />
		<Unit filename="Basescape\PurchaseState.cpp" />
		<Unit filename="Basescape\PurchaseState.h" />
		<Unit filename="Basescape\ResearchState.cpp" />
		<Unit filename="Basescape\ResearchState.h" />
		<Unit filename="Basescape\SellState.cpp" />
		<Unit filename="Basescape\SellState.h" />
		<Unit filename="Basescape\SoldierArmorState.cpp" />
		<Unit filename="Basescape\SoldierArmorState.h" />
		<Unit filename="Basescape\SoldierInfoState.cpp" />
		<Unit filename="Basescape\SoldierInfoState.h" />
		<Unit filename="Basescape\SoldiersState.cpp" />
		<Unit filename="Basescape\SoldiersState.h" />
		<Unit filename="Basescape\StoresState.cpp" />
		<Unit filename="Basescape\StoresState.h" />
		<Unit filename="Basescape\TransferBaseState.cpp" />
		<Unit filename="Basescape\TransferBaseState.h" />
		<Unit filename="Basescape\TransferConfirmState.cpp" />
		<Unit filename="Basescape\TransferConfirmState.h" />
		<Unit filename="Basescape\TransferItemsState.cpp" />
		<Unit filename="Basescape\TransferItemsState.h" />
		<Unit filename="Basescape\TransfersState.cpp" />
		<Unit filename="Basescape\TransfersState.h" />
		<Unit filename="Battlescape\ActionMenuItem.cpp" />
		<Unit filename="Battlescape\ActionMenuItem.h" />
		<Unit filename="Battlescape\BattleState.cpp" />
		<Unit filename="Battlescape\BattleState.h" />
		<Unit filename="Battlescape\BattlescapeGenerator.cpp" />
		<Unit filename="Battlescape\BattlescapeGenerator.h" />
		<Unit filename="Battlescape\BattlescapeState.cpp" />
		<Unit filename="Battlescape\BattlescapeState.h" />
		<Unit filename="Battlescape\BriefingCrashState.cpp" />
		<Unit filename="Battlescape\BriefingCrashState.h" />
		<Unit filename="Battlescape\BulletSprite.cpp" />
		<Unit filename="Battlescape\BulletSprite.h" />
		<Unit filename="Battlescape\Explosion.cpp" />
		<Unit filename="Battlescape\Explosion.h" />
		<Unit filename="Battlescape\ExplosionBState.cpp" />
		<Unit filename="Battlescape\ExplosionBState.h" />
		<Unit filename="Battlescape\Map.cpp" />
		<Unit filename="Battlescape\Map.h" />
		<Unit filename="Battlescape\Pathfinding.cpp" />
		<Unit filename="Battlescape\Pathfinding.h" />
		<Unit filename="Battlescape\PathfindingNode.cpp" />
		<Unit filename="Battlescape\PathfindingNode.h" />
		<Unit filename="Battlescape\Position.cpp" />
		<Unit filename="Battlescape\Position.h" />
		<Unit filename="Battlescape\Projectile.cpp" />
		<Unit filename="Battlescape\Projectile.h" />
		<Unit filename="Battlescape\ProjectileFlyBState.cpp" />
		<Unit filename="Battlescape\ProjectileFlyBState.h" />
		<Unit filename="Battlescape\TerrainModifier.cpp" />
		<Unit filename="Battlescape\TerrainModifier.h" />
		<Unit filename="Battlescape\UnitFallBState.cpp" />
		<Unit filename="Battlescape\UnitFallBState.h" />
		<Unit filename="Battlescape\UnitSprite.cpp" />
		<Unit filename="Battlescape\UnitSprite.h" />
		<Unit filename="Battlescape\UnitTurnBState.cpp" />
		<Unit filename="Battlescape\UnitTurnBState.h" />
		<Unit filename="Battlescape\UnitWalkBState.cpp" />
		<Unit filename="Battlescape\UnitWalkBState.h" />
		<Unit filename="Engine\Action.cpp" />
		<Unit filename="Engine\Action.h" />
		<Unit filename="Engine\CatFile.cpp" />
		<Unit filename="Engine\CatFile.h" />
		<Unit filename="Engine\CrossPlatform.cpp" />
		<Unit filename="Engine\CrossPlatform.h" />
		<Unit filename="Engine\Exception.cpp" />
		<Unit filename="Engine\Exception.h" />
		<Unit filename="Engine\Font.cpp" />
		<Unit filename="Engine\Font.h" />
		<Unit filename="Engine\GMCat.cpp" />
		<Unit filename="Engine\GMCat.h" />
		<Unit filename="Engine\Game.cpp" />
		<Unit filename="Engine\Game.h" />
		<Unit filename="Engine\InteractiveSurface.cpp" />
		<Unit filename="Engine\InteractiveSurface.h" />
		<Unit filename="Engine\Language.cpp" />
		<Unit filename="Engine\Language.h" />
		<Unit filename="Engine\Music.cpp" />
		<Unit filename="Engine\Music.h" />
		<Unit filename="Engine\Palette.cpp" />
		<Unit filename="Engine\Palette.h" />
		<Unit filename="Engine\RNG.cpp" />
		<Unit filename="Engine\RNG.h" />
		<Unit filename="Engine\Screen.cpp" />
		<Unit filename="Engine\Screen.h" />
		<Unit filename="Engine\Sound.cpp" />
		<Unit filename="Engine\Sound.h" />
		<Unit filename="Engine\SoundSet.cpp" />
		<Unit filename="Engine\SoundSet.h" />
		<Unit filename="Engine\State.cpp" />
		<Unit filename="Engine\State.h" />
		<Unit filename="Engine\Surface.cpp" />
		<Unit filename="Engine\Surface.h" />
		<Unit filename="Engine\SurfaceSet.cpp" />
		<Unit filename="Engine\SurfaceSet.h" />
		<Unit filename="Engine\Timer.cpp" />
		<Unit filename="Engine\Timer.h" />
		<Unit filename="Geoscape\AbandonGameState.cpp" />
		<Unit filename="Geoscape\AbandonGameState.h" />
		<Unit filename="Geoscape\BaseNameState.cpp" />
		<Unit filename="Geoscape\BaseNameState.h" />
		<Unit filename="Geoscape\BuildNewBaseState.cpp" />
		<Unit filename="Geoscape\BuildNewBaseState.h" />
		<Unit filename="Geoscape\CannotRearmState.cpp" />
		<Unit filename="Geoscape\CannotRearmState.h" />
		<Unit filename="Geoscape\ConfirmDestinationState.cpp" />
		<Unit filename="Geoscape\ConfirmDestinationState.h" />
		<Unit filename="Geoscape\ConfirmLandingState.cpp" />
		<Unit filename="Geoscape\ConfirmLandingState.h" />
		<Unit filename="Geoscape\ConfirmNewBaseState.cpp" />
		<Unit filename="Geoscape\ConfirmNewBaseState.h" />
		<Unit filename="Geoscape\CraftPatrolState.cpp" />
		<Unit filename="Geoscape\CraftPatrolState.h" />
		<Unit filename="Geoscape\DogfightState.cpp" />
		<Unit filename="Geoscape\DogfightState.h" />
		<Unit filename="Geoscape\FundingState.cpp" />
		<Unit filename="Geoscape\FundingState.h" />
		<Unit filename="Geoscape\GeoscapeCraftState.cpp" />
		<Unit filename="Geoscape\GeoscapeCraftState.h" />
		<Unit filename="Geoscape\GeoscapeErrorState.cpp" />
		<Unit filename="Geoscape\GeoscapeErrorState.h" />
		<Unit filename="Geoscape\GeoscapeState.cpp" />
		<Unit filename="Geoscape\GeoscapeState.h" />
		<Unit filename="Geoscape\Globe.cpp" />
		<Unit filename="Geoscape\Globe.h" />
		<Unit filename="Geoscape\GraphsState.cpp" />
		<Unit filename="Geoscape\GraphsState.h" />
		<Unit filename="Geoscape\InterceptState.cpp" />
		<Unit filename="Geoscape\InterceptState.h" />
		<Unit filename="Geoscape\ItemsArrivingState.cpp" />
		<Unit filename="Geoscape\ItemsArrivingState.h" />
		<Unit filename="Geoscape\LowFuelState.cpp" />
		<Unit filename="Geoscape\LowFuelState.h" />
		<Unit filename="Geoscape\MonthlyReportState.cpp" />
		<Unit filename="Geoscape\MonthlyReportState.h" />
		<Unit filename="Geoscape\MultipleTargetsState.cpp" />
		<Unit filename="Geoscape\MultipleTargetsState.h" />
		<Unit filename="Geoscape\OptionsState.cpp" />
		<Unit filename="Geoscape\OptionsState.h" />
		<Unit filename="Geoscape\Polygon.cpp" />
		<Unit filename="Geoscape\Polygon.h" />
		<Unit filename="Geoscape\Polyline.cpp" />
		<Unit filename="Geoscape\Polyline.h" />
		<Unit filename="Geoscape\ProductionCompleteState.cpp" />
		<Unit filename="Geoscape\ProductionCompleteState.h" />
		<Unit filename="Geoscape\SelectDestinationState.cpp" />
		<Unit filename="Geoscape\SelectDestinationState.h" />
		<Unit filename="Geoscape\TargetInfoState.cpp" />
		<Unit filename="Geoscape\TargetInfoState.h" />
		<Unit filename="Geoscape\UfoDetectedState.cpp" />
		<Unit filename="Geoscape\UfoDetectedState.h" />
		<Unit filename="Geoscape\UfoLostState.cpp" />
		<Unit filename="Geoscape\UfoLostState.h" />
		<Unit filename="Interface\ArrowButton.cpp" />
		<Unit filename="Interface\ArrowButton.h" />
		<Unit filename="Interface\Bar.cpp" />
		<Unit filename="Interface\Bar.h" />
		<Unit filename="Interface\Cursor.cpp" />
		<Unit filename="Interface\Cursor.h" />
		<Unit filename="Interface\FpsCounter.cpp" />
		<Unit filename="Interface\FpsCounter.h" />
		<Unit filename="Interface\ImageButton.cpp" />
		<Unit filename="Interface\ImageButton.h" />
		<Unit filename="Interface\NumberText.cpp" />
		<Unit filename="Interface\NumberText.h" />
		<Unit filename="Interface\Text.cpp" />
		<Unit filename="Interface\Text.h" />
		<Unit filename="Interface\TextButton.cpp" />
		<Unit filename="Interface\TextButton.h" />
		<Unit filename="Interface\TextEdit.cpp" />
		<Unit filename="Interface\TextEdit.h" />
		<Unit filename="Interface\TextList.cpp" />
		<Unit filename="Interface\TextList.h" />
		<Unit filename="Interface\Window.cpp" />
		<Unit filename="Interface\Window.h" />
		<Unit filename="Menu\LanguageState.cpp" />
		<Unit filename="Menu\LanguageState.h" />
		<Unit filename="Menu\LoadGameState.cpp" />
		<Unit filename="Menu\LoadGameState.h" />
		<Unit filename="Menu\MainMenuState.cpp" />
		<Unit filename="Menu\MainMenuState.h" />
		<Unit filename="Menu\NewGameState.cpp" />
		<Unit filename="Menu\NewGameState.h" />
		<Unit filename="Menu\NoteState.cpp" />
		<Unit filename="Menu\NoteState.h" />
		<Unit filename="Menu\SaveGameState.cpp" />
		<Unit filename="Menu\SaveGameState.h" />
		<Unit filename="Menu\StartState.cpp" />
		<Unit filename="Menu\StartState.h" />
		<Unit filename="Menu\TestState.cpp" />
		<Unit filename="Menu\TestState.h" />
		<Unit filename="Resource\ResourcePack.cpp" />
		<Unit filename="Resource\ResourcePack.h" />
		<Unit filename="Resource\XcomResourcePack.cpp" />
		<Unit filename="Resource\XcomResourcePack.h" />
		<Unit filename="Ruleset\ArticleDefinition.cpp" />
		<Unit filename="Ruleset\ArticleDefinition.h" />
		<Unit filename="Ruleset\City.cpp" />
		<Unit filename="Ruleset\City.h" />
		<Unit filename="Ruleset\MapBlock.cpp" />
		<Unit filename="Ruleset\MapBlock.h" />
		<Unit filename="Ruleset\MapData.cpp" />
		<Unit filename="Ruleset\MapData.h" />
		<Unit filename="Ruleset\MapDataSet.cpp" />
		<Unit filename="Ruleset\MapDataSet.h" />
		<Unit filename="Ruleset\RuleAlien.cpp" />
		<Unit filename="Ruleset\RuleAlien.h" />
		<Unit filename="Ruleset\RuleArmor.cpp" />
		<Unit filename="Ruleset\RuleArmor.h" />
		<Unit filename="Ruleset\RuleBaseFacility.cpp" />
		<Unit filename="Ruleset\RuleBaseFacility.h" />
		<Unit filename="Ruleset\RuleCountry.cpp" />
		<Unit filename="Ruleset\RuleCountry.h" />
		<Unit filename="Ruleset\RuleCraft.cpp" />
		<Unit filename="Ruleset\RuleCraft.h" />
		<Unit filename="Ruleset\RuleCraftWeapon.cpp" />
		<Unit filename="Ruleset\RuleCraftWeapon.h" />
		<Unit filename="Ruleset\RuleItem.cpp" />
		<Unit filename="Ruleset\RuleItem.h" />
		<Unit filename="Ruleset\RuleRegion.cpp" />
		<Unit filename="Ruleset\RuleRegion.h" />
		<Unit filename="Ruleset\RuleSoldier.cpp" />
		<Unit filename="Ruleset\RuleSoldier.h" />
		<Unit filename="Ruleset\RuleTerrain.cpp" />
		<Unit filename="Ruleset\RuleTerrain.h" />
		<Unit filename="Ruleset\RuleUfo.cpp" />
		<Unit filename="Ruleset\RuleUfo.h" />
		<Unit filename="Ruleset\Ruleset.cpp" />
		<Unit filename="Ruleset\Ruleset.h" />
		<Unit filename="Ruleset\SoldierNamePool.cpp" />
		<Unit filename="Ruleset\SoldierNamePool.h" />
		<Unit filename="Ruleset\XcomRuleset.cpp" />
		<Unit filename="Ruleset\XcomRuleset.h" />
		<Unit filename="Savegame\Alien.cpp" />
		<Unit filename="Savegame\Alien.h" />
		<Unit filename="Savegame\Base.cpp" />
		<Unit filename="Savegame\Base.h" />
		<Unit filename="Savegame\BaseFacility.cpp" />
		<Unit filename="Savegame\BaseFacility.h" />
		<Unit filename="Savegame\BattleItem.cpp" />
		<Unit filename="Savegame\BattleItem.h" />
		<Unit filename="Savegame\BattleUnit.cpp" />
		<Unit filename="Savegame\BattleUnit.h" />
		<Unit filename="Savegame\Country.cpp" />
		<Unit filename="Savegame\Country.h" />
		<Unit filename="Savegame\Craft.cpp" />
		<Unit filename="Savegame\Craft.h" />
		<Unit filename="Savegame\CraftWeapon.cpp" />
		<Unit filename="Savegame\CraftWeapon.h" />
		<Unit filename="Savegame\GameTime.cpp" />
		<Unit filename="Savegame\GameTime.h" />
		<Unit filename="Savegame\ItemContainer.cpp" />
		<Unit filename="Savegame\ItemContainer.h" />
		<Unit filename="Savegame\MovingTarget.cpp" />
		<Unit filename="Savegame\MovingTarget.h" />
		<Unit filename="Savegame\Node.cpp" />
		<Unit filename="Savegame\Node.h" />
		<Unit filename="Savegame\NodeLink.cpp" />
		<Unit filename="Savegame\NodeLink.h" />
		<Unit filename="Savegame\Region.cpp" />
		<Unit filename="Savegame\Region.h" />
		<Unit filename="Savegame\SavedBattleGame.cpp" />
		<Unit filename="Savegame\SavedBattleGame.h" />
		<Unit filename="Savegame\SavedGame.cpp" />
		<Unit filename="Savegame\SavedGame.h" />
		<Unit filename="Savegame\Soldier.cpp" />
		<Unit filename="Savegame\Soldier.h" />
		<Unit filename="Savegame\Target.cpp" />
		<Unit filename="Savegame\Target.h" />
		<Unit filename="Savegame\Tile.cpp" />
		<Unit filename="Savegame\Tile.h" />
		<Unit filename="Savegame\Transfer.cpp" />
		<Unit filename="Savegame\Transfer.h" />
		<Unit filename="Savegame\Ufo.cpp" />
		<Unit filename="Savegame\Ufo.h" />
		<Unit filename="Savegame\UfopaediaSaved.cpp" />
		<Unit filename="Savegame\UfopaediaSaved.h" />
		<Unit filename="Savegame\Unit.cpp" />
		<Unit filename="Savegame\Unit.h" />
		<Unit filename="Savegame\Waypoint.cpp" />
		<Unit filename="Savegame\Waypoint.h" />
		<Unit filename="Ufopaedia\ArticleState.cpp" />
		<Unit filename="Ufopaedia\ArticleState.h" />
		<Unit filename="Ufopaedia\ArticleStateCraft.cpp" />
		<Unit filename="Ufopaedia\ArticleStateCraft.h" />
		<Unit filename="Ufopaedia\ArticleStateCraftWeapon.cpp" />
		<Unit filename="Ufopaedia\ArticleStateCraftWeapon.h" />
		<Unit filename="Ufopaedia\ArticleStateText.cpp" />
		<Unit filename="Ufopaedia\ArticleStateText.h" />
		<Unit filename="Ufopaedia\ArticleStateTextImage.cpp" />
		<Unit filename="Ufopaedia\ArticleStateTextImage.h" />
		<Unit filename="Ufopaedia\Ufopaedia.cpp" />
		<Unit filename="Ufopaedia\Ufopaedia.h" />
		<Unit filename="Ufopaedia\UfopaediaSelectState.cpp" />
		<Unit filename="Ufopaedia\UfopaediaSelectState.h" />
		<Unit filename="Ufopaedia\UfopaediaStartState.cpp" />
		<Unit filename="Ufopaedia\UfopaediaStartState.h" />
		<Unit filename="dirent.h" />
		<Unit filename="main.cpp" />
		<Extensions>
			<code_completion />
			<debugger />
		</Extensions>
	</Project>
</CodeBlocks_project_file>
