<?xml version="1.0" encoding="utf-8"?>
<Project ToolsVersion="4.0" xmlns="http://schemas.microsoft.com/developer/msbuild/2003">
  <ItemGroup>
    <ClCompile Include="main.cpp" />
    <ClCompile Include="Basescape\MiniBaseView.cpp">
      <Filter>Basescape</Filter>
    </ClCompile>
    <ClCompile Include="Basescape\MonthlyCostsState.cpp">
      <Filter>Basescape</Filter>
    </ClCompile>
    <ClCompile Include="Basescape\PlaceFacilityState.cpp">
      <Filter>Basescape</Filter>
    </ClCompile>
    <ClCompile Include="Basescape\PurchaseState.cpp">
      <Filter>Basescape</Filter>
    </ClCompile>
    <ClCompile Include="Basescape\ResearchState.cpp">
      <Filter>Basescape</Filter>
    </ClCompile>
    <ClCompile Include="Basescape\SellState.cpp">
      <Filter>Basescape</Filter>
    </ClCompile>
    <ClCompile Include="Basescape\SoldierInfoState.cpp">
      <Filter>Basescape</Filter>
    </ClCompile>
    <ClCompile Include="Basescape\SoldiersState.cpp">
      <Filter>Basescape</Filter>
    </ClCompile>
    <ClCompile Include="Basescape\StoresState.cpp">
      <Filter>Basescape</Filter>
    </ClCompile>
    <ClCompile Include="Basescape\BaseInfoState.cpp">
      <Filter>Basescape</Filter>
    </ClCompile>
    <ClCompile Include="Basescape\BasescapeState.cpp">
      <Filter>Basescape</Filter>
    </ClCompile>
    <ClCompile Include="Basescape\BaseView.cpp">
      <Filter>Basescape</Filter>
    </ClCompile>
    <ClCompile Include="Basescape\BuildFacilitiesState.cpp">
      <Filter>Basescape</Filter>
    </ClCompile>
    <ClCompile Include="Basescape\CraftInfoState.cpp">
      <Filter>Basescape</Filter>
    </ClCompile>
    <ClCompile Include="Basescape\CraftSoldiersState.cpp">
      <Filter>Basescape</Filter>
    </ClCompile>
    <ClCompile Include="Basescape\CraftsState.cpp">
      <Filter>Basescape</Filter>
    </ClCompile>
    <ClCompile Include="Basescape\CraftWeaponsState.cpp">
      <Filter>Basescape</Filter>
    </ClCompile>
    <ClCompile Include="Basescape\DismantleFacilityState.cpp">
      <Filter>Basescape</Filter>
    </ClCompile>
    <ClCompile Include="Engine\Screen.cpp">
      <Filter>Engine</Filter>
    </ClCompile>
    <ClCompile Include="Engine\Sound.cpp">
      <Filter>Engine</Filter>
    </ClCompile>
    <ClCompile Include="Engine\SoundSet.cpp">
      <Filter>Engine</Filter>
    </ClCompile>
    <ClCompile Include="Engine\State.cpp">
      <Filter>Engine</Filter>
    </ClCompile>
    <ClCompile Include="Engine\Surface.cpp">
      <Filter>Engine</Filter>
    </ClCompile>
    <ClCompile Include="Engine\SurfaceSet.cpp">
      <Filter>Engine</Filter>
    </ClCompile>
    <ClCompile Include="Engine\Timer.cpp">
      <Filter>Engine</Filter>
    </ClCompile>
    <ClCompile Include="Engine\Font.cpp">
      <Filter>Engine</Filter>
    </ClCompile>
    <ClCompile Include="Engine\Game.cpp">
      <Filter>Engine</Filter>
    </ClCompile>
    <ClCompile Include="Engine\InteractiveSurface.cpp">
      <Filter>Engine</Filter>
    </ClCompile>
    <ClCompile Include="Engine\Language.cpp">
      <Filter>Engine</Filter>
    </ClCompile>
    <ClCompile Include="Engine\LocalizedText.cpp">
      <Filter>Engine</Filter>
    </ClCompile>
    <ClCompile Include="Engine\Music.cpp">
      <Filter>Engine</Filter>
    </ClCompile>
    <ClCompile Include="Engine\Palette.cpp">
      <Filter>Engine</Filter>
    </ClCompile>
    <ClCompile Include="Engine\RNG.cpp">
      <Filter>Engine</Filter>
    </ClCompile>
    <ClCompile Include="Interface\TextButton.cpp">
      <Filter>Interface</Filter>
    </ClCompile>
    <ClCompile Include="Interface\TextEdit.cpp">
      <Filter>Interface</Filter>
    </ClCompile>
    <ClCompile Include="Interface\TextList.cpp">
      <Filter>Interface</Filter>
    </ClCompile>
    <ClCompile Include="Interface\Window.cpp">
      <Filter>Interface</Filter>
    </ClCompile>
    <ClCompile Include="Interface\ArrowButton.cpp">
      <Filter>Interface</Filter>
    </ClCompile>
    <ClCompile Include="Interface\Bar.cpp">
      <Filter>Interface</Filter>
    </ClCompile>
    <ClCompile Include="Interface\Cursor.cpp">
      <Filter>Interface</Filter>
    </ClCompile>
    <ClCompile Include="Interface\ImageButton.cpp">
      <Filter>Interface</Filter>
    </ClCompile>
    <ClCompile Include="Interface\Text.cpp">
      <Filter>Interface</Filter>
    </ClCompile>
    <ClCompile Include="Menu\StartState.cpp">
      <Filter>Menu</Filter>
    </ClCompile>
    <ClCompile Include="Menu\TestState.cpp">
      <Filter>Menu</Filter>
    </ClCompile>
    <ClCompile Include="Menu\LanguageState.cpp">
      <Filter>Menu</Filter>
    </ClCompile>
    <ClCompile Include="Menu\MainMenuState.cpp">
      <Filter>Menu</Filter>
    </ClCompile>
    <ClCompile Include="Menu\NewGameState.cpp">
      <Filter>Menu</Filter>
    </ClCompile>
    <ClCompile Include="Resource\XcomResourcePack.cpp">
      <Filter>Resource</Filter>
    </ClCompile>
    <ClCompile Include="Resource\ResourcePack.cpp">
      <Filter>Resource</Filter>
    </ClCompile>
    <ClCompile Include="Ruleset\Ruleset.cpp">
      <Filter>Ruleset</Filter>
    </ClCompile>
    <ClCompile Include="Ruleset\RuleUfo.cpp">
      <Filter>Ruleset</Filter>
    </ClCompile>
    <ClCompile Include="Ruleset\RuleBaseFacility.cpp">
      <Filter>Ruleset</Filter>
    </ClCompile>
    <ClCompile Include="Ruleset\RuleCraft.cpp">
      <Filter>Ruleset</Filter>
    </ClCompile>
    <ClCompile Include="Ruleset\RuleCraftWeapon.cpp">
      <Filter>Ruleset</Filter>
    </ClCompile>
    <ClCompile Include="Ruleset\RuleItem.cpp">
      <Filter>Ruleset</Filter>
    </ClCompile>
    <ClCompile Include="Savegame\SavedGame.cpp">
      <Filter>Savegame</Filter>
    </ClCompile>
    <ClCompile Include="Savegame\Soldier.cpp">
      <Filter>Savegame</Filter>
    </ClCompile>
    <ClCompile Include="Savegame\Target.cpp">
      <Filter>Savegame</Filter>
    </ClCompile>
    <ClCompile Include="Savegame\Ufo.cpp">
      <Filter>Savegame</Filter>
    </ClCompile>
    <ClCompile Include="Savegame\Waypoint.cpp">
      <Filter>Savegame</Filter>
    </ClCompile>
    <ClCompile Include="Savegame\Base.cpp">
      <Filter>Savegame</Filter>
    </ClCompile>
    <ClCompile Include="Savegame\BaseFacility.cpp">
      <Filter>Savegame</Filter>
    </ClCompile>
    <ClCompile Include="Savegame\Country.cpp">
      <Filter>Savegame</Filter>
    </ClCompile>
    <ClCompile Include="Savegame\Craft.cpp">
      <Filter>Savegame</Filter>
    </ClCompile>
    <ClCompile Include="Savegame\CraftWeapon.cpp">
      <Filter>Savegame</Filter>
    </ClCompile>
    <ClCompile Include="Savegame\GameTime.cpp">
      <Filter>Savegame</Filter>
    </ClCompile>
    <ClCompile Include="Savegame\MovingTarget.cpp">
      <Filter>Savegame</Filter>
    </ClCompile>
    <ClCompile Include="Savegame\Region.cpp">
      <Filter>Savegame</Filter>
    </ClCompile>
    <ClCompile Include="Geoscape\ConfirmDestinationState.cpp">
      <Filter>Geoscape</Filter>
    </ClCompile>
    <ClCompile Include="Geoscape\ConfirmNewBaseState.cpp">
      <Filter>Geoscape</Filter>
    </ClCompile>
    <ClCompile Include="Geoscape\CraftPatrolState.cpp">
      <Filter>Geoscape</Filter>
    </ClCompile>
    <ClCompile Include="Geoscape\DogfightState.cpp">
      <Filter>Geoscape</Filter>
    </ClCompile>
    <ClCompile Include="Geoscape\FundingState.cpp">
      <Filter>Geoscape</Filter>
    </ClCompile>
    <ClCompile Include="Geoscape\GeoscapeCraftState.cpp">
      <Filter>Geoscape</Filter>
    </ClCompile>
    <ClCompile Include="Geoscape\GeoscapeState.cpp">
      <Filter>Geoscape</Filter>
    </ClCompile>
    <ClCompile Include="Geoscape\Globe.cpp">
      <Filter>Geoscape</Filter>
    </ClCompile>
    <ClCompile Include="Geoscape\GraphsState.cpp">
      <Filter>Geoscape</Filter>
    </ClCompile>
    <ClCompile Include="Geoscape\InterceptState.cpp">
      <Filter>Geoscape</Filter>
    </ClCompile>
    <ClCompile Include="Geoscape\LowFuelState.cpp">
      <Filter>Geoscape</Filter>
    </ClCompile>
    <ClCompile Include="Geoscape\MonthlyReportState.cpp">
      <Filter>Geoscape</Filter>
    </ClCompile>
    <ClCompile Include="Geoscape\MultipleTargetsState.cpp">
      <Filter>Geoscape</Filter>
    </ClCompile>
    <ClCompile Include="Geoscape\Polygon.cpp">
      <Filter>Geoscape</Filter>
    </ClCompile>
    <ClCompile Include="Geoscape\Polyline.cpp">
      <Filter>Geoscape</Filter>
    </ClCompile>
    <ClCompile Include="Geoscape\SelectDestinationState.cpp">
      <Filter>Geoscape</Filter>
    </ClCompile>
    <ClCompile Include="Geoscape\TargetInfoState.cpp">
      <Filter>Geoscape</Filter>
    </ClCompile>
    <ClCompile Include="Geoscape\UfoDetectedState.cpp">
      <Filter>Geoscape</Filter>
    </ClCompile>
    <ClCompile Include="Geoscape\UfoLostState.cpp">
      <Filter>Geoscape</Filter>
    </ClCompile>
    <ClCompile Include="Geoscape\AbandonGameState.cpp">
      <Filter>Geoscape</Filter>
    </ClCompile>
    <ClCompile Include="Geoscape\BaseNameState.cpp">
      <Filter>Geoscape</Filter>
    </ClCompile>
    <ClCompile Include="Geoscape\BuildNewBaseState.cpp">
      <Filter>Geoscape</Filter>
    </ClCompile>
    <ClCompile Include="Basescape\PlaceLiftState.cpp">
      <Filter>Basescape</Filter>
    </ClCompile>
    <ClCompile Include="Engine\Action.cpp">
      <Filter>Engine</Filter>
    </ClCompile>
    <ClCompile Include="Engine\GMCat.cpp">
      <Filter>Engine</Filter>
    </ClCompile>
    <ClCompile Include="Engine\CatFile.cpp">
      <Filter>Engine</Filter>
    </ClCompile>
    <ClCompile Include="Battlescape\BattlescapeState.cpp">
      <Filter>Battlescape</Filter>
    </ClCompile>
    <ClCompile Include="Battlescape\Map.cpp">
      <Filter>Battlescape</Filter>
    </ClCompile>
    <ClCompile Include="Savegame\SavedBattleGame.cpp">
      <Filter>Savegame</Filter>
    </ClCompile>
    <ClCompile Include="Savegame\Tile.cpp">
      <Filter>Savegame</Filter>
    </ClCompile>
    <ClCompile Include="Savegame\Node.cpp">
      <Filter>Savegame</Filter>
    </ClCompile>
    <ClCompile Include="Ruleset\RuleTerrain.cpp">
      <Filter>Ruleset</Filter>
    </ClCompile>
    <ClCompile Include="Ruleset\MapBlock.cpp">
      <Filter>Ruleset</Filter>
    </ClCompile>
    <ClCompile Include="Savegame\BattleUnit.cpp">
      <Filter>Savegame</Filter>
    </ClCompile>
    <ClCompile Include="Interface\FpsCounter.cpp">
      <Filter>Interface</Filter>
    </ClCompile>
    <ClCompile Include="Battlescape\UnitSprite.cpp">
      <Filter>Battlescape</Filter>
    </ClCompile>
    <ClCompile Include="Battlescape\Position.cpp">
      <Filter>Battlescape</Filter>
    </ClCompile>
    <ClCompile Include="Interface\NumberText.cpp">
      <Filter>Interface</Filter>
    </ClCompile>
    <ClCompile Include="Battlescape\Pathfinding.cpp">
      <Filter>Battlescape</Filter>
    </ClCompile>
    <ClCompile Include="Battlescape\PathfindingNode.cpp">
      <Filter>Battlescape</Filter>
    </ClCompile>
    <ClCompile Include="Battlescape\PathfindingOpenSet.cpp">
      <Filter>Battlescape</Filter>
    </ClCompile>
    <ClCompile Include="Savegame\BattleItem.cpp">
      <Filter>Savegame</Filter>
    </ClCompile>
    <ClCompile Include="Geoscape\ConfirmLandingState.cpp">
      <Filter>Geoscape</Filter>
    </ClCompile>
    <ClCompile Include="Battlescape\BattlescapeGenerator.cpp">
      <Filter>Battlescape</Filter>
    </ClCompile>
    <ClCompile Include="Ruleset\RuleRegion.cpp">
      <Filter>Ruleset</Filter>
    </ClCompile>
    <ClCompile Include="Ruleset\RuleCountry.cpp">
      <Filter>Ruleset</Filter>
    </ClCompile>
    <ClCompile Include="Ruleset\City.cpp">
      <Filter>Ruleset</Filter>
    </ClCompile>
    <ClCompile Include="Ruleset\SoldierNamePool.cpp">
      <Filter>Ruleset</Filter>
    </ClCompile>
    <ClCompile Include="Menu\NoteState.cpp">
      <Filter>Menu</Filter>
    </ClCompile>
    <ClCompile Include="Ruleset\MapDataSet.cpp">
      <Filter>Ruleset</Filter>
    </ClCompile>
    <ClCompile Include="Ruleset\MapData.cpp">
      <Filter>Ruleset</Filter>
    </ClCompile>
    <ClCompile Include="Engine\Exception.cpp">
      <Filter>Engine</Filter>
    </ClCompile>
    <ClCompile Include="Savegame\ItemContainer.cpp">
      <Filter>Savegame</Filter>
    </ClCompile>
    <ClCompile Include="Battlescape\Projectile.cpp">
      <Filter>Battlescape</Filter>
    </ClCompile>
    <ClCompile Include="Savegame\Transfer.cpp">
      <Filter>Savegame</Filter>
    </ClCompile>
    <ClCompile Include="Battlescape\BattleState.cpp">
      <Filter>Battlescape</Filter>
    </ClCompile>
    <ClCompile Include="Basescape\TransfersState.cpp">
      <Filter>Basescape</Filter>
    </ClCompile>
    <ClCompile Include="Battlescape\ExplosionBState.cpp">
      <Filter>Battlescape</Filter>
    </ClCompile>
    <ClCompile Include="Battlescape\ProjectileFlyBState.cpp">
      <Filter>Battlescape</Filter>
    </ClCompile>
    <ClCompile Include="Battlescape\UnitTurnBState.cpp">
      <Filter>Battlescape</Filter>
    </ClCompile>
    <ClCompile Include="Battlescape\UnitWalkBState.cpp">
      <Filter>Battlescape</Filter>
    </ClCompile>
    <ClCompile Include="Battlescape\Explosion.cpp">
      <Filter>Battlescape</Filter>
    </ClCompile>
    <ClCompile Include="Geoscape\ItemsArrivingState.cpp">
      <Filter>Geoscape</Filter>
    </ClCompile>
    <ClCompile Include="Ruleset\RuleSoldier.cpp">
      <Filter>Ruleset</Filter>
    </ClCompile>
    <ClCompile Include="Ufopaedia\ArticleState.cpp">
      <Filter>Ufopaedia</Filter>
    </ClCompile>
    <ClCompile Include="Ufopaedia\ArticleStateText.cpp">
      <Filter>Ufopaedia</Filter>
    </ClCompile>
    <ClCompile Include="Ufopaedia\ArticleStateTextImage.cpp">
      <Filter>Ufopaedia</Filter>
    </ClCompile>
    <ClCompile Include="Ufopaedia\Ufopaedia.cpp">
      <Filter>Ufopaedia</Filter>
    </ClCompile>
    <ClCompile Include="Ufopaedia\UfopaediaSelectState.cpp">
      <Filter>Ufopaedia</Filter>
    </ClCompile>
    <ClCompile Include="Ufopaedia\UfopaediaStartState.cpp">
      <Filter>Ufopaedia</Filter>
    </ClCompile>
    <ClCompile Include="Ruleset\ArticleDefinition.cpp">
      <Filter>Ruleset</Filter>
    </ClCompile>
    <ClCompile Include="Geoscape\ProductionCompleteState.cpp">
      <Filter>Geoscape</Filter>
    </ClCompile>
    <ClCompile Include="Ufopaedia\ArticleStateCraft.cpp">
      <Filter>Ufopaedia</Filter>
    </ClCompile>
    <ClCompile Include="Ufopaedia\ArticleStateCraftWeapon.cpp">
      <Filter>Ufopaedia</Filter>
    </ClCompile>
    <ClCompile Include="Basescape\CraftEquipmentState.cpp">
      <Filter>Basescape</Filter>
    </ClCompile>
    <ClCompile Include="Basescape\CraftArmorState.cpp">
      <Filter>Basescape</Filter>
    </ClCompile>
    <ClCompile Include="Basescape\SoldierArmorState.cpp">
      <Filter>Basescape</Filter>
    </ClCompile>
    <ClCompile Include="Basescape\TransferItemsState.cpp">
      <Filter>Basescape</Filter>
    </ClCompile>
    <ClCompile Include="Basescape\TransferBaseState.cpp">
      <Filter>Basescape</Filter>
    </ClCompile>
    <ClCompile Include="Battlescape\ActionMenuItem.cpp">
      <Filter>Battlescape</Filter>
    </ClCompile>
    <ClCompile Include="Basescape\TransferConfirmState.cpp">
      <Filter>Basescape</Filter>
    </ClCompile>
    <ClCompile Include="Engine\CrossPlatform.cpp">
      <Filter>Engine</Filter>
    </ClCompile>
    <ClCompile Include="Battlescape\ActionMenuState.cpp">
      <Filter>Battlescape</Filter>
    </ClCompile>
    <ClCompile Include="Battlescape\UnitInfoState.cpp">
      <Filter>Battlescape</Filter>
    </ClCompile>
    <ClCompile Include="Battlescape\PrimeGrenadeState.cpp">
      <Filter>Battlescape</Filter>
    </ClCompile>
    <ClCompile Include="Engine\Options.cpp">
      <Filter>Engine</Filter>
    </ClCompile>
    <ClCompile Include="Ufopaedia\ArticleStateBaseFacility.cpp">
      <Filter>Ufopaedia</Filter>
    </ClCompile>
    <ClCompile Include="Ufopaedia\ArticleStateItem.cpp">
      <Filter>Ufopaedia</Filter>
    </ClCompile>
    <ClCompile Include="Ufopaedia\ArticleStateUfo.cpp">
      <Filter>Ufopaedia</Filter>
    </ClCompile>
    <ClCompile Include="Battlescape\NextTurnState.cpp">
      <Filter>Battlescape</Filter>
    </ClCompile>
    <ClCompile Include="Battlescape\InventoryState.cpp">
      <Filter>Battlescape</Filter>
    </ClCompile>
    <ClCompile Include="Ruleset\RuleInventory.cpp">
      <Filter>Ruleset</Filter>
    </ClCompile>
    <ClCompile Include="Battlescape\Inventory.cpp">
      <Filter>Battlescape</Filter>
    </ClCompile>
    <ClCompile Include="Battlescape\BattleAIState.cpp">
      <Filter>Battlescape</Filter>
    </ClCompile>
    <ClCompile Include="Battlescape\PatrolBAIState.cpp">
      <Filter>Battlescape</Filter>
    </ClCompile>
    <ClCompile Include="Battlescape\AggroBAIState.cpp">
      <Filter>Battlescape</Filter>
    </ClCompile>
    <ClCompile Include="Battlescape\WarningMessage.cpp">
      <Filter>Battlescape</Filter>
    </ClCompile>
    <ClCompile Include="Battlescape\BattlescapeMessage.cpp">
      <Filter>Battlescape</Filter>
    </ClCompile>
    <ClCompile Include="Battlescape\BattlescapeOptionsState.cpp">
      <Filter>Battlescape</Filter>
    </ClCompile>
    <ClCompile Include="Battlescape\AbortMissionState.cpp">
      <Filter>Battlescape</Filter>
    </ClCompile>
    <ClCompile Include="Battlescape\DebriefingState.cpp">
      <Filter>Battlescape</Filter>
    </ClCompile>
    <ClCompile Include="Basescape\NewResearchListState.cpp">
      <Filter>Basescape</Filter>
    </ClCompile>
    <ClCompile Include="Geoscape\NewPossibleResearchState.cpp">
      <Filter>Geoscape</Filter>
    </ClCompile>
    <ClCompile Include="Savegame\ResearchProject.cpp">
      <Filter>Savegame</Filter>
    </ClCompile>
    <ClCompile Include="Battlescape\InfoboxState.cpp">
      <Filter>Battlescape</Filter>
    </ClCompile>
    <ClCompile Include="Battlescape\TileEngine.cpp">
      <Filter>Battlescape</Filter>
    </ClCompile>
    <ClCompile Include="Battlescape\UnitDieBState.cpp">
      <Filter>Battlescape</Filter>
    </ClCompile>
    <ClCompile Include="Ufopaedia\ArticleStateArmor.cpp">
      <Filter>Ufopaedia</Filter>
    </ClCompile>
    <ClCompile Include="Battlescape\MiniMapState.cpp">
      <Filter>Battlescape</Filter>
    </ClCompile>
    <ClCompile Include="Battlescape\MiniMapView.cpp">
      <Filter>Battlescape</Filter>
    </ClCompile>
    <ClCompile Include="Savegame\Production.cpp">
      <Filter>Savegame</Filter>
    </ClCompile>
    <ClCompile Include="Battlescape\Camera.cpp">
      <Filter>Battlescape</Filter>
    </ClCompile>
    <ClCompile Include="Battlescape\MedikitState.cpp">
      <Filter>Battlescape</Filter>
    </ClCompile>
    <ClCompile Include="Battlescape\MedikitView.cpp">
      <Filter>Battlescape</Filter>
    </ClCompile>
    <ClCompile Include="Battlescape\ScannerState.cpp">
      <Filter>Battlescape</Filter>
    </ClCompile>
    <ClCompile Include="Battlescape\ScannerView.cpp">
      <Filter>Battlescape</Filter>
    </ClCompile>
    <ClCompile Include="Battlescape\PromotionsState.cpp">
      <Filter>Battlescape</Filter>
    </ClCompile>
    <ClCompile Include="Battlescape\BattlescapeGame.cpp">
      <Filter>Battlescape</Filter>
    </ClCompile>
    <ClCompile Include="Battlescape\InfoboxOKState.cpp">
      <Filter>Battlescape</Filter>
    </ClCompile>
    <ClCompile Include="Ruleset\Unit.cpp">
      <Filter>Ruleset</Filter>
    </ClCompile>
    <ClCompile Include="Ruleset\AlienDeployment.cpp">
      <Filter>Ruleset</Filter>
    </ClCompile>
    <ClCompile Include="Ruleset\AlienRace.cpp">
      <Filter>Ruleset</Filter>
    </ClCompile>
    <ClCompile Include="Ruleset\Armor.cpp">
      <Filter>Ruleset</Filter>
    </ClCompile>
    <ClCompile Include="Savegame\CraftWeaponProjectile.cpp">
      <Filter>Savegame</Filter>
    </ClCompile>
    <ClCompile Include="Menu\NewBattleState.cpp">
      <Filter>Menu</Filter>
    </ClCompile>
    <ClCompile Include="Ruleset\RuleManufacture.cpp">
      <Filter>Ruleset</Filter>
    </ClCompile>
    <ClCompile Include="Ruleset\RuleResearch.cpp">
      <Filter>Ruleset</Filter>
    </ClCompile>
    <ClCompile Include="Basescape\ManufactureStartState.cpp">
      <Filter>Basescape</Filter>
    </ClCompile>
    <ClCompile Include="Basescape\ManufactureInfoState.cpp">
      <Filter>Basescape</Filter>
    </ClCompile>
    <ClCompile Include="Basescape\NewManufactureListState.cpp">
      <Filter>Basescape</Filter>
    </ClCompile>
    <ClCompile Include="Basescape\ResearchInfoState.cpp">
      <Filter>Basescape</Filter>
    </ClCompile>
    <ClCompile Include="Basescape\ManufactureState.cpp">
      <Filter>Basescape</Filter>
    </ClCompile>
    <ClCompile Include="Savegame\TerrorSite.cpp">
      <Filter>Savegame</Filter>
    </ClCompile>
    <ClCompile Include="Geoscape\AlienTerrorState.cpp">
      <Filter>Geoscape</Filter>
    </ClCompile>
    <ClCompile Include="Geoscape\ResearchCompleteState.cpp">
      <Filter>Geoscape</Filter>
    </ClCompile>
    <ClCompile Include="Geoscape\GeoscapeOptionsState.cpp">
      <Filter>Geoscape</Filter>
    </ClCompile>
    <ClCompile Include="Battlescape\BriefingState.cpp">
      <Filter>Battlescape</Filter>
    </ClCompile>
    <ClCompile Include="Menu\OptionsState.cpp">
      <Filter>Menu</Filter>
    </ClCompile>
    <ClCompile Include="Menu\ErrorMessageState.cpp">
      <Filter>Menu</Filter>
    </ClCompile>
    <ClCompile Include="Geoscape\CraftErrorState.cpp">
      <Filter>Geoscape</Filter>
    </ClCompile>
    <ClCompile Include="Savegame\Vehicle.cpp">
      <Filter>Savegame</Filter>
    </ClCompile>
    <ClCompile Include="lodepng.cpp" />
    <ClCompile Include="Battlescape\CannotReequipState.cpp">
      <Filter>Battlescape</Filter>
    </ClCompile>
    <ClCompile Include="Ufopaedia\ArticleStateVehicle.cpp">
      <Filter>Ufopaedia</Filter>
    </ClCompile>
    <ClCompile Include="Geoscape\NewPossibleManufactureState.cpp">
      <Filter>Geoscape</Filter>
    </ClCompile>
    <ClCompile Include="Menu\LoadState.cpp">
      <Filter>Menu</Filter>
    </ClCompile>
    <ClCompile Include="Menu\SaveState.cpp">
      <Filter>Menu</Filter>
    </ClCompile>
    <ClCompile Include="Menu\SavedGameState.cpp">
      <Filter>Menu</Filter>
    </ClCompile>
    <ClCompile Include="Basescape\SelectStartFacilityState.cpp">
      <Filter>Basescape</Filter>
    </ClCompile>
    <ClCompile Include="Savegame\EquipmentLayoutItem.cpp">
      <Filter>Savegame</Filter>
    </ClCompile>
    <ClCompile Include="Basescape\PlaceStartFacilityState.cpp">
      <Filter>Basescape</Filter>
    </ClCompile>
    <ClCompile Include="Savegame\AlienBase.cpp">
      <Filter>Savegame</Filter>
    </ClCompile>
    <ClCompile Include="Savegame\AlienMission.cpp">
      <Filter>Savegame</Filter>
    </ClCompile>
    <ClCompile Include="Geoscape\AlienBaseState.cpp">
      <Filter>Geoscape</Filter>
    </ClCompile>
    <ClCompile Include="Geoscape\AllocatePsiTrainingState.cpp">
      <Filter>Geoscape</Filter>
    </ClCompile>
    <ClCompile Include="Geoscape\PsiTrainingState.cpp">
      <Filter>Geoscape</Filter>
    </ClCompile>
    <ClCompile Include="Battlescape\NoContainmentState.cpp">
      <Filter>Battlescape</Filter>
    </ClCompile>
    <ClCompile Include="Savegame\WeightedOptions.cpp">
      <Filter>Savegame</Filter>
    </ClCompile>
    <ClCompile Include="Savegame\AlienStrategy.cpp">
      <Filter>Savegame</Filter>
    </ClCompile>
    <ClCompile Include="Ruleset\UfoTrajectory.cpp">
      <Filter>Ruleset</Filter>
    </ClCompile>
    <ClCompile Include="Ruleset\RuleAlienMission.cpp">
      <Filter>Ruleset</Filter>
    </ClCompile>
    <ClCompile Include="Geoscape\BaseDefenseState.cpp">
      <Filter>Geoscape</Filter>
    </ClCompile>
    <ClCompile Include="Geoscape\VictoryState.cpp">
      <Filter>Geoscape</Filter>
    </ClCompile>
    <ClCompile Include="Geoscape\DefeatState.cpp">
      <Filter>Geoscape</Filter>
    </ClCompile>
    <ClCompile Include="Menu\DeleteGameState.cpp">
      <Filter>Menu</Filter>
    </ClCompile>
    <ClCompile Include="Geoscape\BaseDestroyedState.cpp">
      <Filter>Geoscape</Filter>
    </ClCompile>
    <ClCompile Include="Geoscape\ConfirmCydoniaState.cpp">
      <Filter>Geoscape</Filter>
    </ClCompile>
    <ClCompile Include="Battlescape\UnitFallBState.cpp">
      <Filter>Battlescape</Filter>
    </ClCompile>
    <ClCompile Include="Battlescape\UnitPanicBState.cpp">
      <Filter>Battlescape</Filter>
    </ClCompile>
    <ClCompile Include="Engine\FastLineClip.cpp">
      <Filter>Engine</Filter>
    </ClCompile>
    <ClCompile Include="Engine\Flc.cpp">
      <Filter>Engine</Filter>
    </ClCompile>
    <ClCompile Include="Menu\OptionsControlsState.cpp">
      <Filter>Menu</Filter>
    </ClCompile>
    <ClCompile Include="Engine\Zoom.cpp">
      <Filter>Engine</Filter>
    </ClCompile>
    <ClCompile Include="Engine\Zoom.cpp">
      <Filter>Engine</Filter>
    </ClCompile>
    <ClCompile Include="Engine\Scalers\hq2x.cpp">
      <Filter>Engine\Scalers</Filter>
    </ClCompile>
    <ClCompile Include="Engine\Scalers\hq3x.cpp">
      <Filter>Engine\Scalers</Filter>
    </ClCompile>
    <ClCompile Include="Engine\Scalers\hq4x.cpp">
      <Filter>Engine\Scalers</Filter>
    </ClCompile>
    <ClCompile Include="Engine\Scalers\init.cpp">
      <Filter>Engine\Scalers</Filter>
    </ClCompile>
    <ClCompile Include="Engine\Zoom.cpp">
      <Filter>Engine</Filter>
    </ClCompile>
    <ClCompile Include="Engine\Scalers\scale2x.cpp">
      <Filter>Engine\Scalers</Filter>
    </ClCompile>
    <ClCompile Include="Engine\Scalers\scale3x.cpp">
      <Filter>Engine\Scalers</Filter>
    </ClCompile>
    <ClCompile Include="Engine\Scalers\scalebit.cpp">
      <Filter>Engine\Scalers</Filter>
    </ClCompile>
    <ClCompile Include="Engine\OpenGL.cpp">
      <Filter>Engine</Filter>
    </ClCompile>
    <ClCompile Include="Interface\ToggleTextButton.cpp">
      <Filter>Interface</Filter>
    </ClCompile>
    <ClCompile Include="Menu\AdvancedOptionsState.cpp">
      <Filter>Menu</Filter>
    </ClCompile>
    <ClCompile Include="pch.cpp" />
    <ClCompile Include="Ruleset\MCDPatch.cpp">
      <Filter>Ruleset</Filter>
    </ClCompile>
    <ClCompile Include="Ruleset\ExtraSprites.cpp">
      <Filter>Ruleset</Filter>
    </ClCompile>
    <ClCompile Include="Ruleset\ExtraStrings.cpp">
      <Filter>Ruleset</Filter>
    </ClCompile>
    <ClCompile Include="Ruleset\ExtraSounds.cpp">
      <Filter>Ruleset</Filter>
    </ClCompile>
    <ClCompile Include="Savegame\SerializationHelper.cpp">
      <Filter>Savegame</Filter>
    </ClCompile>
  </ItemGroup>
  <ItemGroup>
    <ClInclude Include="resource.h" />
    <ClInclude Include="Basescape\ManufactureState.h">
      <Filter>Basescape</Filter>
    </ClInclude>
    <ClInclude Include="Basescape\MiniBaseView.h">
      <Filter>Basescape</Filter>
    </ClInclude>
    <ClInclude Include="Basescape\MonthlyCostsState.h">
      <Filter>Basescape</Filter>
    </ClInclude>
    <ClInclude Include="Basescape\PlaceFacilityState.h">
      <Filter>Basescape</Filter>
    </ClInclude>
    <ClInclude Include="Basescape\PurchaseState.h">
      <Filter>Basescape</Filter>
    </ClInclude>
    <ClInclude Include="Basescape\ResearchState.h">
      <Filter>Basescape</Filter>
    </ClInclude>
    <ClInclude Include="Basescape\SellState.h">
      <Filter>Basescape</Filter>
    </ClInclude>
    <ClInclude Include="Basescape\SoldierInfoState.h">
      <Filter>Basescape</Filter>
    </ClInclude>
    <ClInclude Include="Basescape\SoldiersState.h">
      <Filter>Basescape</Filter>
    </ClInclude>
    <ClInclude Include="Basescape\StoresState.h">
      <Filter>Basescape</Filter>
    </ClInclude>
    <ClInclude Include="Basescape\BaseInfoState.h">
      <Filter>Basescape</Filter>
    </ClInclude>
    <ClInclude Include="Basescape\BasescapeState.h">
      <Filter>Basescape</Filter>
    </ClInclude>
    <ClInclude Include="Basescape\BaseView.h">
      <Filter>Basescape</Filter>
    </ClInclude>
    <ClInclude Include="Basescape\BuildFacilitiesState.h">
      <Filter>Basescape</Filter>
    </ClInclude>
    <ClInclude Include="Basescape\CraftInfoState.h">
      <Filter>Basescape</Filter>
    </ClInclude>
    <ClInclude Include="Basescape\CraftSoldiersState.h">
      <Filter>Basescape</Filter>
    </ClInclude>
    <ClInclude Include="Basescape\CraftsState.h">
      <Filter>Basescape</Filter>
    </ClInclude>
    <ClInclude Include="Basescape\CraftWeaponsState.h">
      <Filter>Basescape</Filter>
    </ClInclude>
    <ClInclude Include="Basescape\DismantleFacilityState.h">
      <Filter>Basescape</Filter>
    </ClInclude>
    <ClInclude Include="Engine\RNG.h">
      <Filter>Engine</Filter>
    </ClInclude>
    <ClInclude Include="Engine\Screen.h">
      <Filter>Engine</Filter>
    </ClInclude>
    <ClInclude Include="Engine\Sound.h">
      <Filter>Engine</Filter>
    </ClInclude>
    <ClInclude Include="Engine\SoundSet.h">
      <Filter>Engine</Filter>
    </ClInclude>
    <ClInclude Include="Engine\State.h">
      <Filter>Engine</Filter>
    </ClInclude>
    <ClInclude Include="Engine\Surface.h">
      <Filter>Engine</Filter>
    </ClInclude>
    <ClInclude Include="Engine\SurfaceSet.h">
      <Filter>Engine</Filter>
    </ClInclude>
    <ClInclude Include="Engine\Timer.h">
      <Filter>Engine</Filter>
    </ClInclude>
    <ClInclude Include="Engine\Font.h">
      <Filter>Engine</Filter>
    </ClInclude>
    <ClInclude Include="Engine\Game.h">
      <Filter>Engine</Filter>
    </ClInclude>
    <ClInclude Include="Engine\InteractiveSurface.h">
      <Filter>Engine</Filter>
    </ClInclude>
    <ClInclude Include="Engine\Language.h">
      <Filter>Engine</Filter>
    </ClInclude>
    <ClInclude Include="Engine\LocalizedText.h">
      <Filter>Engine</Filter>
    </ClInclude>
    <ClInclude Include="Engine\Music.h">
      <Filter>Engine</Filter>
    </ClInclude>
    <ClInclude Include="Engine\Palette.h">
      <Filter>Engine</Filter>
    </ClInclude>
    <ClInclude Include="Interface\TextButton.h">
      <Filter>Interface</Filter>
    </ClInclude>
    <ClInclude Include="Interface\TextEdit.h">
      <Filter>Interface</Filter>
    </ClInclude>
    <ClInclude Include="Interface\TextList.h">
      <Filter>Interface</Filter>
    </ClInclude>
    <ClInclude Include="Interface\Window.h">
      <Filter>Interface</Filter>
    </ClInclude>
    <ClInclude Include="Interface\ArrowButton.h">
      <Filter>Interface</Filter>
    </ClInclude>
    <ClInclude Include="Interface\Bar.h">
      <Filter>Interface</Filter>
    </ClInclude>
    <ClInclude Include="Interface\Cursor.h">
      <Filter>Interface</Filter>
    </ClInclude>
    <ClInclude Include="Interface\ImageButton.h">
      <Filter>Interface</Filter>
    </ClInclude>
    <ClInclude Include="Interface\Text.h">
      <Filter>Interface</Filter>
    </ClInclude>
    <ClInclude Include="Menu\NewGameState.h">
      <Filter>Menu</Filter>
    </ClInclude>
    <ClInclude Include="Menu\StartState.h">
      <Filter>Menu</Filter>
    </ClInclude>
    <ClInclude Include="Menu\TestState.h">
      <Filter>Menu</Filter>
    </ClInclude>
    <ClInclude Include="Menu\LanguageState.h">
      <Filter>Menu</Filter>
    </ClInclude>
    <ClInclude Include="Menu\MainMenuState.h">
      <Filter>Menu</Filter>
    </ClInclude>
    <ClInclude Include="Resource\XcomResourcePack.h">
      <Filter>Resource</Filter>
    </ClInclude>
    <ClInclude Include="Resource\ResourcePack.h">
      <Filter>Resource</Filter>
    </ClInclude>
    <ClInclude Include="Ruleset\Ruleset.h">
      <Filter>Ruleset</Filter>
    </ClInclude>
    <ClInclude Include="Ruleset\RuleUfo.h">
      <Filter>Ruleset</Filter>
    </ClInclude>
    <ClInclude Include="Ruleset\RuleBaseFacility.h">
      <Filter>Ruleset</Filter>
    </ClInclude>
    <ClInclude Include="Ruleset\RuleCraft.h">
      <Filter>Ruleset</Filter>
    </ClInclude>
    <ClInclude Include="Ruleset\RuleCraftWeapon.h">
      <Filter>Ruleset</Filter>
    </ClInclude>
    <ClInclude Include="Ruleset\RuleItem.h">
      <Filter>Ruleset</Filter>
    </ClInclude>
    <ClInclude Include="Savegame\SavedGame.h">
      <Filter>Savegame</Filter>
    </ClInclude>
    <ClInclude Include="Savegame\Soldier.h">
      <Filter>Savegame</Filter>
    </ClInclude>
    <ClInclude Include="Savegame\Target.h">
      <Filter>Savegame</Filter>
    </ClInclude>
    <ClInclude Include="Savegame\Ufo.h">
      <Filter>Savegame</Filter>
    </ClInclude>
    <ClInclude Include="Savegame\Waypoint.h">
      <Filter>Savegame</Filter>
    </ClInclude>
    <ClInclude Include="Savegame\Base.h">
      <Filter>Savegame</Filter>
    </ClInclude>
    <ClInclude Include="Savegame\BaseFacility.h">
      <Filter>Savegame</Filter>
    </ClInclude>
    <ClInclude Include="Savegame\Country.h">
      <Filter>Savegame</Filter>
    </ClInclude>
    <ClInclude Include="Savegame\Craft.h">
      <Filter>Savegame</Filter>
    </ClInclude>
    <ClInclude Include="Savegame\CraftWeapon.h">
      <Filter>Savegame</Filter>
    </ClInclude>
    <ClInclude Include="Savegame\GameTime.h">
      <Filter>Savegame</Filter>
    </ClInclude>
    <ClInclude Include="Savegame\MovingTarget.h">
      <Filter>Savegame</Filter>
    </ClInclude>
    <ClInclude Include="Savegame\Region.h">
      <Filter>Savegame</Filter>
    </ClInclude>
    <ClInclude Include="Geoscape\ConfirmDestinationState.h">
      <Filter>Geoscape</Filter>
    </ClInclude>
    <ClInclude Include="Geoscape\ConfirmNewBaseState.h">
      <Filter>Geoscape</Filter>
    </ClInclude>
    <ClInclude Include="Geoscape\CraftPatrolState.h">
      <Filter>Geoscape</Filter>
    </ClInclude>
    <ClInclude Include="Geoscape\DogfightState.h">
      <Filter>Geoscape</Filter>
    </ClInclude>
    <ClInclude Include="Geoscape\FundingState.h">
      <Filter>Geoscape</Filter>
    </ClInclude>
    <ClInclude Include="Geoscape\GeoscapeCraftState.h">
      <Filter>Geoscape</Filter>
    </ClInclude>
    <ClInclude Include="Geoscape\GeoscapeState.h">
      <Filter>Geoscape</Filter>
    </ClInclude>
    <ClInclude Include="Geoscape\Globe.h">
      <Filter>Geoscape</Filter>
    </ClInclude>
    <ClInclude Include="Geoscape\GraphsState.h">
      <Filter>Geoscape</Filter>
    </ClInclude>
    <ClInclude Include="Geoscape\InterceptState.h">
      <Filter>Geoscape</Filter>
    </ClInclude>
    <ClInclude Include="Geoscape\LowFuelState.h">
      <Filter>Geoscape</Filter>
    </ClInclude>
    <ClInclude Include="Geoscape\MonthlyReportState.h">
      <Filter>Geoscape</Filter>
    </ClInclude>
    <ClInclude Include="Geoscape\MultipleTargetsState.h">
      <Filter>Geoscape</Filter>
    </ClInclude>
    <ClInclude Include="Geoscape\Polygon.h">
      <Filter>Geoscape</Filter>
    </ClInclude>
    <ClInclude Include="Geoscape\Polyline.h">
      <Filter>Geoscape</Filter>
    </ClInclude>
    <ClInclude Include="Geoscape\SelectDestinationState.h">
      <Filter>Geoscape</Filter>
    </ClInclude>
    <ClInclude Include="Geoscape\TargetInfoState.h">
      <Filter>Geoscape</Filter>
    </ClInclude>
    <ClInclude Include="Geoscape\UfoDetectedState.h">
      <Filter>Geoscape</Filter>
    </ClInclude>
    <ClInclude Include="Geoscape\UfoLostState.h">
      <Filter>Geoscape</Filter>
    </ClInclude>
    <ClInclude Include="Geoscape\AbandonGameState.h">
      <Filter>Geoscape</Filter>
    </ClInclude>
    <ClInclude Include="Geoscape\BaseNameState.h">
      <Filter>Geoscape</Filter>
    </ClInclude>
    <ClInclude Include="Geoscape\BuildNewBaseState.h">
      <Filter>Geoscape</Filter>
    </ClInclude>
    <ClInclude Include="Basescape\PlaceLiftState.h">
      <Filter>Basescape</Filter>
    </ClInclude>
    <ClInclude Include="Engine\Action.h">
      <Filter>Engine</Filter>
    </ClInclude>
    <ClInclude Include="Engine\GMCat.h">
      <Filter>Engine</Filter>
    </ClInclude>
    <ClInclude Include="Engine\CatFile.h">
      <Filter>Engine</Filter>
    </ClInclude>
    <ClInclude Include="Battlescape\BattlescapeState.h">
      <Filter>Battlescape</Filter>
    </ClInclude>
    <ClInclude Include="Battlescape\Map.h">
      <Filter>Battlescape</Filter>
    </ClInclude>
    <ClInclude Include="Savegame\SavedBattleGame.h">
      <Filter>Savegame</Filter>
    </ClInclude>
    <ClInclude Include="Savegame\Tile.h">
      <Filter>Savegame</Filter>
    </ClInclude>
    <ClInclude Include="Savegame\Node.h">
      <Filter>Savegame</Filter>
    </ClInclude>
    <ClInclude Include="Ruleset\RuleTerrain.h">
      <Filter>Ruleset</Filter>
    </ClInclude>
    <ClInclude Include="Ruleset\MapBlock.h">
      <Filter>Ruleset</Filter>
    </ClInclude>
    <ClInclude Include="Savegame\BattleUnit.h">
      <Filter>Savegame</Filter>
    </ClInclude>
    <ClInclude Include="Interface\FpsCounter.h">
      <Filter>Interface</Filter>
    </ClInclude>
    <ClInclude Include="Battlescape\UnitSprite.h">
      <Filter>Battlescape</Filter>
    </ClInclude>
    <ClInclude Include="Battlescape\Position.h">
      <Filter>Battlescape</Filter>
    </ClInclude>
    <ClInclude Include="Interface\NumberText.h">
      <Filter>Interface</Filter>
    </ClInclude>
    <ClInclude Include="Battlescape\Pathfinding.h">
      <Filter>Battlescape</Filter>
    </ClInclude>
    <ClInclude Include="Battlescape\PathfindingNode.h">
      <Filter>Battlescape</Filter>
    </ClInclude>
    <ClInclude Include="Battlescape\PathfindingOpenSet.h">
      <Filter>Battlescape</Filter>
    </ClInclude>
    <ClInclude Include="Savegame\BattleItem.h">
      <Filter>Savegame</Filter>
    </ClInclude>
    <ClInclude Include="Geoscape\ConfirmLandingState.h">
      <Filter>Geoscape</Filter>
    </ClInclude>
    <ClInclude Include="Battlescape\BattlescapeGenerator.h">
      <Filter>Battlescape</Filter>
    </ClInclude>
    <ClInclude Include="Ruleset\RuleRegion.h">
      <Filter>Ruleset</Filter>
    </ClInclude>
    <ClInclude Include="Ruleset\RuleCountry.h">
      <Filter>Ruleset</Filter>
    </ClInclude>
    <ClInclude Include="Ruleset\City.h">
      <Filter>Ruleset</Filter>
    </ClInclude>
    <ClInclude Include="Ruleset\SoldierNamePool.h">
      <Filter>Ruleset</Filter>
    </ClInclude>
    <ClInclude Include="Menu\NoteState.h">
      <Filter>Menu</Filter>
    </ClInclude>
    <ClInclude Include="Ruleset\MapDataSet.h">
      <Filter>Ruleset</Filter>
    </ClInclude>
    <ClInclude Include="Ruleset\MapData.h">
      <Filter>Ruleset</Filter>
    </ClInclude>
    <ClInclude Include="dirent.h" />
    <ClInclude Include="Engine\Exception.h">
      <Filter>Engine</Filter>
    </ClInclude>
    <ClInclude Include="Savegame\ItemContainer.h">
      <Filter>Savegame</Filter>
    </ClInclude>
    <ClInclude Include="Battlescape\Projectile.h">
      <Filter>Battlescape</Filter>
    </ClInclude>
    <ClInclude Include="Savegame\Transfer.h">
      <Filter>Savegame</Filter>
    </ClInclude>
    <ClInclude Include="Battlescape\BattleState.h">
      <Filter>Battlescape</Filter>
    </ClInclude>
    <ClInclude Include="Battlescape\ExplosionBState.h">
      <Filter>Battlescape</Filter>
    </ClInclude>
    <ClInclude Include="Battlescape\ProjectileFlyBState.h">
      <Filter>Battlescape</Filter>
    </ClInclude>
    <ClInclude Include="Battlescape\UnitTurnBState.h">
      <Filter>Battlescape</Filter>
    </ClInclude>
    <ClInclude Include="Battlescape\UnitWalkBState.h">
      <Filter>Battlescape</Filter>
    </ClInclude>
    <ClInclude Include="Battlescape\Explosion.h">
      <Filter>Battlescape</Filter>
    </ClInclude>
    <ClInclude Include="Basescape\TransfersState.h">
      <Filter>Basescape</Filter>
    </ClInclude>
    <ClInclude Include="Geoscape\ItemsArrivingState.h">
      <Filter>Geoscape</Filter>
    </ClInclude>
    <ClInclude Include="Ruleset\RuleSoldier.h">
      <Filter>Ruleset</Filter>
    </ClInclude>
    <ClInclude Include="Ufopaedia\ArticleState.h">
      <Filter>Ufopaedia</Filter>
    </ClInclude>
    <ClInclude Include="Ufopaedia\ArticleStateText.h">
      <Filter>Ufopaedia</Filter>
    </ClInclude>
    <ClInclude Include="Ufopaedia\ArticleStateTextImage.h">
      <Filter>Ufopaedia</Filter>
    </ClInclude>
    <ClInclude Include="Ufopaedia\Ufopaedia.h">
      <Filter>Ufopaedia</Filter>
    </ClInclude>
    <ClInclude Include="Ufopaedia\UfopaediaSelectState.h">
      <Filter>Ufopaedia</Filter>
    </ClInclude>
    <ClInclude Include="Ufopaedia\UfopaediaStartState.h">
      <Filter>Ufopaedia</Filter>
    </ClInclude>
    <ClInclude Include="Ruleset\ArticleDefinition.h">
      <Filter>Ruleset</Filter>
    </ClInclude>
    <ClInclude Include="Geoscape\ProductionCompleteState.h">
      <Filter>Geoscape</Filter>
    </ClInclude>
    <ClInclude Include="Ufopaedia\ArticleStateCraft.h">
      <Filter>Ufopaedia</Filter>
    </ClInclude>
    <ClInclude Include="Ufopaedia\ArticleStateCraftWeapon.h">
      <Filter>Ufopaedia</Filter>
    </ClInclude>
    <ClInclude Include="Basescape\CraftEquipmentState.h">
      <Filter>Basescape</Filter>
    </ClInclude>
    <ClInclude Include="Basescape\CraftArmorState.h">
      <Filter>Basescape</Filter>
    </ClInclude>
    <ClInclude Include="Basescape\SoldierArmorState.h">
      <Filter>Basescape</Filter>
    </ClInclude>
    <ClInclude Include="Basescape\TransferItemsState.h">
      <Filter>Basescape</Filter>
    </ClInclude>
    <ClInclude Include="Basescape\TransferBaseState.h">
      <Filter>Basescape</Filter>
    </ClInclude>
    <ClInclude Include="Battlescape\ActionMenuItem.h">
      <Filter>Battlescape</Filter>
    </ClInclude>
    <ClInclude Include="Basescape\TransferConfirmState.h">
      <Filter>Basescape</Filter>
    </ClInclude>
    <ClInclude Include="Engine\CrossPlatform.h">
      <Filter>Engine</Filter>
    </ClInclude>
    <ClInclude Include="Battlescape\ActionMenuState.h">
      <Filter>Battlescape</Filter>
    </ClInclude>
    <ClInclude Include="Battlescape\UnitInfoState.h">
      <Filter>Battlescape</Filter>
    </ClInclude>
    <ClInclude Include="Battlescape\PrimeGrenadeState.h">
      <Filter>Battlescape</Filter>
    </ClInclude>
    <ClInclude Include="Engine\Options.h">
      <Filter>Engine</Filter>
    </ClInclude>
    <ClInclude Include="Ufopaedia\ArticleStateBaseFacility.h">
      <Filter>Ufopaedia</Filter>
    </ClInclude>
    <ClInclude Include="Ufopaedia\ArticleStateItem.h">
      <Filter>Ufopaedia</Filter>
    </ClInclude>
    <ClInclude Include="Ufopaedia\ArticleStateUfo.h">
      <Filter>Ufopaedia</Filter>
    </ClInclude>
    <ClInclude Include="Battlescape\NextTurnState.h">
      <Filter>Battlescape</Filter>
    </ClInclude>
    <ClInclude Include="Battlescape\InventoryState.h">
      <Filter>Battlescape</Filter>
    </ClInclude>
    <ClInclude Include="Ruleset\RuleInventory.h">
      <Filter>Ruleset</Filter>
    </ClInclude>
    <ClInclude Include="Battlescape\Inventory.h">
      <Filter>Battlescape</Filter>
    </ClInclude>
    <ClInclude Include="Battlescape\BattleAIState.h">
      <Filter>Battlescape</Filter>
    </ClInclude>
    <ClInclude Include="Battlescape\PatrolBAIState.h">
      <Filter>Battlescape</Filter>
    </ClInclude>
    <ClInclude Include="Battlescape\AggroBAIState.h">
      <Filter>Battlescape</Filter>
    </ClInclude>
    <ClInclude Include="Battlescape\WarningMessage.h">
      <Filter>Battlescape</Filter>
    </ClInclude>
    <ClInclude Include="Battlescape\BattlescapeMessage.h">
      <Filter>Battlescape</Filter>
    </ClInclude>
    <ClInclude Include="Battlescape\BattlescapeOptionsState.h">
      <Filter>Battlescape</Filter>
    </ClInclude>
    <ClInclude Include="Battlescape\AbortMissionState.h">
      <Filter>Battlescape</Filter>
    </ClInclude>
    <ClInclude Include="Battlescape\DebriefingState.h">
      <Filter>Battlescape</Filter>
    </ClInclude>
    <ClInclude Include="Basescape\NewResearchListState.h">
      <Filter>Basescape</Filter>
    </ClInclude>
    <ClInclude Include="Geoscape\NewPossibleResearchState.h">
      <Filter>Geoscape</Filter>
    </ClInclude>
    <ClInclude Include="Savegame\ResearchProject.h">
      <Filter>Savegame</Filter>
    </ClInclude>
    <ClInclude Include="Battlescape\InfoboxState.h">
      <Filter>Battlescape</Filter>
    </ClInclude>
    <ClInclude Include="Battlescape\TileEngine.h">
      <Filter>Battlescape</Filter>
    </ClInclude>
    <ClInclude Include="Battlescape\UnitDieBState.h">
      <Filter>Battlescape</Filter>
    </ClInclude>
    <ClInclude Include="Ufopaedia\ArticleStateArmor.h">
      <Filter>Ufopaedia</Filter>
    </ClInclude>
    <ClInclude Include="Battlescape\MiniMapState.h">
      <Filter>Battlescape</Filter>
    </ClInclude>
    <ClInclude Include="Battlescape\MiniMapView.h">
      <Filter>Battlescape</Filter>
    </ClInclude>
    <ClInclude Include="Savegame\Production.h">
      <Filter>Savegame</Filter>
    </ClInclude>
    <ClInclude Include="Battlescape\Camera.h">
      <Filter>Battlescape</Filter>
    </ClInclude>
    <ClInclude Include="Battlescape\MedikitState.h">
      <Filter>Battlescape</Filter>
    </ClInclude>
    <ClInclude Include="Battlescape\MedikitView.h">
      <Filter>Battlescape</Filter>
    </ClInclude>
    <ClInclude Include="Battlescape\ScannerState.h">
      <Filter>Battlescape</Filter>
    </ClInclude>
    <ClInclude Include="Battlescape\ScannerView.h">
      <Filter>Battlescape</Filter>
    </ClInclude>
    <ClInclude Include="Battlescape\PromotionsState.h">
      <Filter>Battlescape</Filter>
    </ClInclude>
    <ClInclude Include="Battlescape\BattlescapeGame.h">
      <Filter>Battlescape</Filter>
    </ClInclude>
    <ClInclude Include="Battlescape\InfoboxOKState.h">
      <Filter>Battlescape</Filter>
    </ClInclude>
    <ClInclude Include="Ruleset\Unit.h">
      <Filter>Ruleset</Filter>
    </ClInclude>
    <ClInclude Include="Ruleset\AlienDeployment.h">
      <Filter>Ruleset</Filter>
    </ClInclude>
    <ClInclude Include="Ruleset\AlienRace.h">
      <Filter>Ruleset</Filter>
    </ClInclude>
    <ClInclude Include="Ruleset\Armor.h">
      <Filter>Ruleset</Filter>
    </ClInclude>
    <ClInclude Include="Savegame\CraftWeaponProjectile.h">
      <Filter>Savegame</Filter>
    </ClInclude>
    <ClInclude Include="Menu\NewBattleState.h">
      <Filter>Menu</Filter>
    </ClInclude>
    <ClInclude Include="Ruleset\RuleManufacture.h">
      <Filter>Ruleset</Filter>
    </ClInclude>
    <ClInclude Include="Ruleset\RuleResearch.h">
      <Filter>Ruleset</Filter>
    </ClInclude>
    <ClInclude Include="Basescape\ManufactureStartState.h">
      <Filter>Basescape</Filter>
    </ClInclude>
    <ClInclude Include="Basescape\ManufactureInfoState.h">
      <Filter>Basescape</Filter>
    </ClInclude>
    <ClInclude Include="Basescape\ResearchInfoState.h">
      <Filter>Basescape</Filter>
    </ClInclude>
    <ClInclude Include="Basescape\NewManufactureListState.h">
      <Filter>Basescape</Filter>
    </ClInclude>
    <ClInclude Include="Savegame\TerrorSite.h">
      <Filter>Savegame</Filter>
    </ClInclude>
    <ClInclude Include="Geoscape\AlienTerrorState.h">
      <Filter>Geoscape</Filter>
    </ClInclude>
    <ClInclude Include="Geoscape\ResearchCompleteState.h">
      <Filter>Geoscape</Filter>
    </ClInclude>
    <ClInclude Include="Geoscape\GeoscapeOptionsState.h">
      <Filter>Geoscape</Filter>
    </ClInclude>
    <ClInclude Include="Battlescape\BriefingState.h">
      <Filter>Battlescape</Filter>
    </ClInclude>
    <ClInclude Include="Menu\OptionsState.h">
      <Filter>Menu</Filter>
    </ClInclude>
    <ClInclude Include="Menu\ErrorMessageState.h">
      <Filter>Menu</Filter>
    </ClInclude>
    <ClInclude Include="Geoscape\CraftErrorState.h">
      <Filter>Geoscape</Filter>
    </ClInclude>
    <ClInclude Include="Savegame\Vehicle.h">
      <Filter>Savegame</Filter>
    </ClInclude>
    <ClInclude Include="lodepng.h" />
    <ClInclude Include="Battlescape\CannotReequipState.h">
      <Filter>Battlescape</Filter>
    </ClInclude>
    <ClInclude Include="Ufopaedia\ArticleStateVehicle.h">
      <Filter>Ufopaedia</Filter>
    </ClInclude>
    <ClInclude Include="Geoscape\NewPossibleManufactureState.h">
      <Filter>Geoscape</Filter>
    </ClInclude>
    <ClInclude Include="Menu\LoadState.h">
      <Filter>Menu</Filter>
    </ClInclude>
    <ClInclude Include="Menu\SaveState.h">
      <Filter>Menu</Filter>
    </ClInclude>
    <ClInclude Include="Menu\SavedGameState.h">
      <Filter>Menu</Filter>
    </ClInclude>
    <ClInclude Include="Engine\Logger.h">
      <Filter>Engine</Filter>
    </ClInclude>
    <ClInclude Include="Basescape\SelectStartFacilityState.h">
      <Filter>Basescape</Filter>
    </ClInclude>
    <ClInclude Include="Basescape\PlaceStartFacilityState.h">
      <Filter>Basescape</Filter>
    </ClInclude>
    <ClInclude Include="Savegame\AlienBase.h">
      <Filter>Savegame</Filter>
    </ClInclude>
    <ClInclude Include="Savegame\AlienMission.h">
      <Filter>Savegame</Filter>
    </ClInclude>
    <ClInclude Include="Geoscape\AlienBaseState.h">
      <Filter>Geoscape</Filter>
    </ClInclude>
    <ClInclude Include="Savegame\EquipmentLayoutItem.h">
      <Filter>Savegame</Filter>
    </ClInclude>
    <ClInclude Include="Geoscape\AllocatePsiTrainingState.h">
      <Filter>Geoscape</Filter>
    </ClInclude>
    <ClInclude Include="Geoscape\PsiTrainingState.h">
      <Filter>Geoscape</Filter>
    </ClInclude>
    <ClInclude Include="Battlescape\NoContainmentState.h">
      <Filter>Battlescape</Filter>
    </ClInclude>
    <ClInclude Include="Savegame\WeightedOptions.h">
      <Filter>Savegame</Filter>
    </ClInclude>
    <ClInclude Include="Savegame\AlienStrategy.h">
      <Filter>Savegame</Filter>
    </ClInclude>
    <ClInclude Include="Ruleset\UfoTrajectory.h">
      <Filter>Ruleset</Filter>
    </ClInclude>
    <ClInclude Include="Ruleset\RuleAlienMission.h">
      <Filter>Ruleset</Filter>
    </ClInclude>
    <ClInclude Include="Geoscape\BaseDefenseState.h">
      <Filter>Geoscape</Filter>
    </ClInclude>
    <ClInclude Include="Geoscape\VictoryState.h">
      <Filter>Geoscape</Filter>
    </ClInclude>
    <ClInclude Include="Geoscape\DefeatState.h">
      <Filter>Geoscape</Filter>
    </ClInclude>
    <ClInclude Include="Menu\DeleteGameState.h">
      <Filter>Menu</Filter>
    </ClInclude>
    <ClInclude Include="Geoscape\ConfirmCydoniaState.h">
      <Filter>Geoscape</Filter>
    </ClInclude>
    <ClInclude Include="Geoscape\BaseDestroyedState.h">
      <Filter>Geoscape</Filter>
    </ClInclude>
    <ClInclude Include="Battlescape\UnitFallBState.h">
      <Filter>Battlescape</Filter>
    </ClInclude>
    <ClInclude Include="Battlescape\UnitPanicBState.h">
      <Filter>Battlescape</Filter>
    </ClInclude>
    <ClInclude Include="Engine\FastLineClip.h">
      <Filter>Engine</Filter>
    </ClInclude>
    <ClInclude Include="Engine\Flc.h">
      <Filter>Engine</Filter>
    </ClInclude>
    <ClInclude Include="Menu\OptionsControlsState.h">
      <Filter>Menu</Filter>
    </ClInclude>
    <ClInclude Include="Engine\Zoom.h">
      <Filter>Engine</Filter>
    </ClInclude>
    <ClInclude Include="Engine\Zoom.h">
      <Filter>Engine</Filter>
    </ClInclude>
    <ClInclude Include="Engine\Scalers\scalebit.h">
      <Filter>Engine\Scalers</Filter>
    </ClInclude>
    <ClInclude Include="Engine\Scalers\scale2x.h">
      <Filter>Engine\Scalers</Filter>
    </ClInclude>
    <ClInclude Include="Engine\Scalers\scale3x.h">
      <Filter>Engine\Scalers</Filter>
    </ClInclude>
    <ClInclude Include="Engine\Scalers\common.h">
      <Filter>Engine\Scalers</Filter>
    </ClInclude>
    <ClInclude Include="Engine\Scalers\hqx.h">
      <Filter>Engine\Scalers</Filter>
    </ClInclude>
    <ClInclude Include="Engine\Zoom.h">
      <Filter>Engine</Filter>
    </ClInclude>
    <ClInclude Include="Savegame\SerializationHelper.h">
      <Filter>Savegame</Filter>
    </ClInclude>
    <ClInclude Include="Engine\OpenGL.h">
      <Filter>Engine</Filter>
    </ClInclude>
    <ClInclude Include="Interface\ToggleTextButton.h">
      <Filter>Interface</Filter>
    </ClInclude>
    <ClInclude Include="aresame.h" />
    <ClInclude Include="Menu\AdvancedOptionsState.h">
      <Filter>Menu</Filter>
    </ClInclude>
    <ClInclude Include="pch.h" />
    <ClInclude Include="Engine\ShaderDraw.h">
      <Filter>Engine</Filter>
    </ClInclude>
    <ClInclude Include="Engine\ShaderDrawHelper.h">
      <Filter>Engine</Filter>
    </ClInclude>
    <ClInclude Include="Engine\ShaderMove.h">
      <Filter>Engine</Filter>
    </ClInclude>
    <ClInclude Include="Engine\ShaderRepeat.h">
      <Filter>Engine</Filter>
    </ClInclude>
    <ClInclude Include="Engine\ShaderRotate.h">
      <Filter>Engine</Filter>
    </ClInclude>
    <ClInclude Include="Engine\FixedFloat.h">
      <Filter>Engine</Filter>
    </ClInclude>
    <ClInclude Include="Engine\GraphSubset.h">
      <Filter>Engine</Filter>
    </ClInclude>
    <ClInclude Include="version.h" />
    <ClInclude Include="Ruleset\MCDPatch.h">
      <Filter>Ruleset</Filter>
    </ClInclude>
    <ClInclude Include="Ruleset\ExtraSprites.h">
      <Filter>Ruleset</Filter>
    </ClInclude>
    <ClInclude Include="Ruleset\ExtraStrings.h">
      <Filter>Ruleset</Filter>
    </ClInclude>
    <ClInclude Include="Ruleset\ExtraSounds.h">
      <Filter>Ruleset</Filter>
    </ClInclude>
  </ItemGroup>
  <ItemGroup>
    <ResourceCompile Include="OpenXcom.rc" />
  </ItemGroup>
  <ItemGroup>
    <Filter Include="Geoscape">
      <UniqueIdentifier>{f0521223-4515-4155-bf25-5f00373167d5}</UniqueIdentifier>
    </Filter>
    <Filter Include="Engine">
      <UniqueIdentifier>{8fafa8d9-0283-4082-9361-01ebd937e3bb}</UniqueIdentifier>
    </Filter>
    <Filter Include="Interface">
      <UniqueIdentifier>{e996bc13-2f6a-4a8b-bdd9-7a8621048cea}</UniqueIdentifier>
    </Filter>
    <Filter Include="Basescape">
      <UniqueIdentifier>{cc069fa8-f772-4dae-be38-87bcd1013fdd}</UniqueIdentifier>
    </Filter>
    <Filter Include="Battlescape">
      <UniqueIdentifier>{f7e493ce-c074-420c-8b38-40d81b2d0509}</UniqueIdentifier>
    </Filter>
    <Filter Include="Ruleset">
      <UniqueIdentifier>{946d193f-60c1-4c59-ad7e-3e17bad77397}</UniqueIdentifier>
    </Filter>
    <Filter Include="Resource">
      <UniqueIdentifier>{ea5b1e9f-9ff1-457d-9a15-5af8773ccb50}</UniqueIdentifier>
    </Filter>
    <Filter Include="Savegame">
      <UniqueIdentifier>{3b64dd6e-f151-4246-a211-0c6fec5766c5}</UniqueIdentifier>
    </Filter>
    <Filter Include="Menu">
      <UniqueIdentifier>{4218da2f-b393-45b2-a55f-da7fa4d91fe4}</UniqueIdentifier>
    </Filter>
    <Filter Include="Ufopaedia">
      <UniqueIdentifier>{41135935-090f-4179-a64d-0efbd66b5f5c}</UniqueIdentifier>
    </Filter>
    <Filter Include="Engine\Scalers">
      <UniqueIdentifier>{fef61e76-5d44-4389-a40c-12da6e590e2c}</UniqueIdentifier>
    </Filter>
  </ItemGroup>
  <ItemGroup>
    <None Include="..\media\openxcom.ico" />
  </ItemGroup>
</Project>