<?xml version="1.0" encoding="UTF-8"?>
<Scheme
   version = "1.1">
   <BuildAction
      parallelizeBuildables = "NO"
      buildImplicitDependencies = "YES">
      <BuildActionEntries>
         <BuildActionEntry
            buildForTesting = "NO"
            buildForRunning = "YES"
            buildForProfiling = "NO"
            buildForArchiving = "NO"
            buildForAnalyzing = "NO">
            <BuildableReference
               BuildableIdentifier = "primary"
               BlueprintIdentifier = "6BD38C4112A06757001A550C"
               BuildableName = "OpenXcom.app"
               BlueprintName = "OpenXcom"
               ReferencedContainer = "container:OpenXcom.xcodeproj">
            </BuildableReference>
         </BuildActionEntry>
      </BuildActionEntries>
   </BuildAction>
   <TestAction
      buildConfiguration = "Release">
      <Testables>
      </Testables>
   </TestAction>
   <LaunchAction
      selectedDebuggerIdentifier = ""
      selectedLauncherIdentifier = "Xcode.IDEFoundation.Launcher.PosixSpawn"
      loadSymbolsForSpecifiedModules = "NO"
      displayScaleIsEnabled = "NO"
      displayScale = "1.00"
      launchStyle = "0"
      useCustomWorkingDirectory = "NO"
      buildConfiguration = "Release">
      <BuildableProductRunnable>
         <BuildableReference
            BuildableIdentifier = "primary"
            BlueprintIdentifier = "6BD38C4112A06757001A550C"
            BuildableName = "OpenXcom.app"
            BlueprintName = "OpenXcom"
            ReferencedContainer = "container:OpenXcom.xcodeproj">
         </BuildableReference>
      </BuildableProductRunnable>
      <CommandLineArguments>
         <CommandLineArgument
            argument = "-width 1600"
            isEnabled = "YES">
         </CommandLineArgument>
         <CommandLineArgument
            argument = "-height 1000"
            isEnabled = "YES">
         </CommandLineArgument>
         <CommandLineArgument
            argument = "-fullscreen"
            isEnabled = "NO">
         </CommandLineArgument>
      </CommandLineArguments>
      <AdditionalOptions>
      </AdditionalOptions>
   </LaunchAction>
   <ProfileAction
      displayScaleIsEnabled = "NO"
      displayScale = "1.00"
      shouldUseLaunchSchemeArgsEnv = "YES"
      useCustomWorkingDirectory = "NO"
      buildConfiguration = "Release">
      <MacroExpansion>
         <BuildableReference
            BuildableIdentifier = "primary"
            BlueprintIdentifier = "6BD38C4112A06757001A550C"
            BuildableName = "OpenXcom.app"
            BlueprintName = "OpenXcom"
            ReferencedContainer = "container:OpenXcom.xcodeproj">
         </BuildableReference>
      </MacroExpansion>
      <CommandLineArguments>
         <CommandLineArgument
            argument = "-width 1600"
            isEnabled = "YES">
         </CommandLineArgument>
         <CommandLineArgument
            argument = "-height 1000"
            isEnabled = "YES">
         </CommandLineArgument>
         <CommandLineArgument
            argument = "-fullscreen"
            isEnabled = "NO">
         </CommandLineArgument>
      </CommandLineArguments>
   </ProfileAction>
   <ArchiveAction
      buildConfiguration = "Release">
   </ArchiveAction>
</Scheme>
